// !$*UTF8*$!
{
	archiveVersion = 1;
	classes = {
	};
	objectVersion = 46;
	objects = {

/* Begin PBXBuildFile section */
		0207DA581B56EA530066E2B4 /* Images.xcassets in Resources */ = {isa = PBXBuildFile; fileRef = 0207DA571B56EA530066E2B4 /* Images.xcassets */; };
		039C50FEF9644F359EC4CA84 /* libz.dylib in Frameworks */ = {isa = PBXBuildFile; fileRef = 0A92A16652C747B9A3629733 /* libz.dylib */; settings = {ATTRIBUTES = (Weak, ); }; };
		05DCC29072DB48DB93AFF2BD /* Security.framework in Frameworks */ = {isa = PBXBuildFile; fileRef = BBDA214780C644A686F239AE /* Security.framework */; settings = {ATTRIBUTES = (Weak, ); }; };
		1331F42743554374B50A00B4 /* FBSDKShareKit.framework in Frameworks */ = {isa = PBXBuildFile; fileRef = 8874A5DD4E7A4645A3FAA95E /* FBSDKShareKit.framework */; };
		1578F06278314E8E9F14C104 /* GCDWebServerMultiPartFormRequest.m in Sources */ = {isa = PBXBuildFile; fileRef = B9117AD5471C4C269F0E5DEC /* GCDWebServerMultiPartFormRequest.m */; };
		1D3623260D0F684500981E51 /* AppDelegate.m in Sources */ = {isa = PBXBuildFile; fileRef = 1D3623250D0F684500981E51 /* AppDelegate.m */; };
		1D3D29F138234DDFB17FEF27 /* GoogleSignIn.framework in Frameworks */ = {isa = PBXBuildFile; fileRef = 4BE86ACBBAB24318AD742EC7 /* GoogleSignIn.framework */; };
		1D60589B0D05DD56006BFB54 /* main.m in Sources */ = {isa = PBXBuildFile; fileRef = 29B97316FDCFA39411CA2CEA /* main.m */; };
		2320F701551D46A6802D488E /* GCDWebServerDataRequest.m in Sources */ = {isa = PBXBuildFile; fileRef = B7E5C8D7E9D84F54BB22145C /* GCDWebServerDataRequest.m */; };
		2726ACE75099440D8D6A27BD /* TwitterConnect.m in Sources */ = {isa = PBXBuildFile; fileRef = 17FBC4BB4BA2479CA21FBABB /* TwitterConnect.m */; };
		2B5E53F80CA74B049775B50E /* SafariServices.framework in Frameworks */ = {isa = PBXBuildFile; fileRef = E1BFC35D1BB243E98CC5AB1A /* SafariServices.framework */; settings = {ATTRIBUTES = (Weak, ); }; };
		2BD643FDBEA34FB9A9708A63 /* CDVStatusBar.m in Sources */ = {isa = PBXBuildFile; fileRef = AE937BE3AEBB4B6C9BA3A38A /* CDVStatusBar.m */; };
		2F5EBA4337804B32961BD2C9 /* GCDWebServerFunctions.m in Sources */ = {isa = PBXBuildFile; fileRef = 983E9F3C18EC4EA7B99AC643 /* GCDWebServerFunctions.m */; };
		301BF552109A68D80062928A /* libCordova.a in Frameworks */ = {isa = PBXBuildFile; fileRef = 301BF535109A57CC0062928A /* libCordova.a */; };
		302D95F114D2391D003F00A1 /* MainViewController.m in Sources */ = {isa = PBXBuildFile; fileRef = 302D95EF14D2391D003F00A1 /* MainViewController.m */; };
		302D95F214D2391D003F00A1 /* MainViewController.xib in Resources */ = {isa = PBXBuildFile; fileRef = 302D95F014D2391D003F00A1 /* MainViewController.xib */; };
		36E92A34EE014AB987AD3CA9 /* GoogleUtilities.framework in Frameworks */ = {isa = PBXBuildFile; fileRef = 7014E9D900C24FB0A73FF4FD /* GoogleUtilities.framework */; };
		3EC6A191F08944B7A7585715 /* GCDWebServerFileRequest.m in Sources */ = {isa = PBXBuildFile; fileRef = 970441018A8348B887C8BFF0 /* GCDWebServerFileRequest.m */; };
		417B8FF68A194971A7A45F61 /* GCDWebServerURLEncodedFormRequest.m in Sources */ = {isa = PBXBuildFile; fileRef = 8244742E734246B0990C99B5 /* GCDWebServerURLEncodedFormRequest.m */; };
		4F56A3A546E44BB3B4A28313 /* CoreText.framework in Frameworks */ = {isa = PBXBuildFile; fileRef = 4FBB997970A34D54B88C4601 /* CoreText.framework */; settings = {ATTRIBUTES = (Weak, ); }; };
		511D9BBE22FD44ACA0D741EA /* QuartzCore.framework in Frameworks */ = {isa = PBXBuildFile; fileRef = CAF12605224C4B2B82F67689 /* QuartzCore.framework */; };
		56E803635DE24B768853E45B /* CDVIonicKeyboard.m in Sources */ = {isa = PBXBuildFile; fileRef = 089B90ED834C4AAF939FBFBC /* CDVIonicKeyboard.m */; };
		5870773FD6184D6B9709336D /* ListTimelineViewController.m in Sources */ = {isa = PBXBuildFile; fileRef = 0F01287273D24617B3109DEC /* ListTimelineViewController.m */; };
		5A8BAE71C513484AB9CA68CB /* CDVWKWebViewUIDelegate.m in Sources */ = {isa = PBXBuildFile; fileRef = 54EBD2E59CFA4402B77FA51F /* CDVWKWebViewUIDelegate.m */; };
		5A92E05FF6BD485CA0288A00 /* libz.tbd in Frameworks */ = {isa = PBXBuildFile; fileRef = 2733E6EEE72B4530A299E65A /* libz.tbd */; settings = {ATTRIBUTES = (Weak, ); }; };
		66F4B88078A14F0990B798A4 /* SystemConfiguration.framework in Frameworks */ = {isa = PBXBuildFile; fileRef = 3C95B5A5CE7B4CDF9ECC80D7 /* SystemConfiguration.framework */; settings = {ATTRIBUTES = (Weak, ); }; };
		6AFF5BF91D6E424B00AB3073 /* CDVLaunchScreen.storyboard in Resources */ = {isa = PBXBuildFile; fileRef = 6AFF5BF81D6E424B00AB3073 /* CDVLaunchScreen.storyboard */; };
		6B22AEF56505492EAC1C3C68 /* GoogleNetworkingUtilities.framework in Frameworks */ = {isa = PBXBuildFile; fileRef = 93C6569584AC46BCA4588D24 /* GoogleNetworkingUtilities.framework */; };
		6CBE626AA549410499DC7EBA /* TwitterKit.framework in Frameworks */ = {isa = PBXBuildFile; fileRef = CBCBBE6F46A14DD7BBE1B881 /* TwitterKit.framework */; };
		879E1DB8C86A404881637476 /* GCDWebServerResponse.m in Sources */ = {isa = PBXBuildFile; fileRef = 3833E067867941809AB14307 /* GCDWebServerResponse.m */; };
		8B9E0359CC1F45729B4E06FD /* TwitterKitResources.bundle in Resources */ = {isa = PBXBuildFile; fileRef = B35C8D59538948558A328E3B /* TwitterKitResources.bundle */; };
		8F0C373F8EB54EC9AC9328B6 /* GoogleAuthUtilities.framework in Frameworks */ = {isa = PBXBuildFile; fileRef = 2F4D888CE7D546F8A139E10E /* GoogleAuthUtilities.framework */; };
		99ECAFB58AFF40ECB5DFDAF5 /* GoogleAppUtilities.framework in Frameworks */ = {isa = PBXBuildFile; fileRef = 0B8ADFF1B5254BA3B35554B6 /* GoogleAppUtilities.framework */; };
		9D95E68DD74A499B86BDC3FE /* GCDWebServerFileResponse.m in Sources */ = {isa = PBXBuildFile; fileRef = 5172FB1C2D0B4ECCAFA5497B /* GCDWebServerFileResponse.m */; };
		AA8C13CA3A754CFEA4730783 /* GCDWebServerRequest.m in Sources */ = {isa = PBXBuildFile; fileRef = 77CC5AE7CBC748A789E5AF20 /* GCDWebServerRequest.m */; };
		AEF1324300FF4D5984BD1473 /* FacebookConnectPlugin.m in Sources */ = {isa = PBXBuildFile; fileRef = AC6E8634425943DA8DCD1366 /* FacebookConnectPlugin.m */; };
		B32C712066FF4A179AE02171 /* GCDWebServerStreamedResponse.m in Sources */ = {isa = PBXBuildFile; fileRef = DA1B8AC63BEA47EFAD32A3DD /* GCDWebServerStreamedResponse.m */; };
		B58F6A1C72A64D1AB9E8A095 /* WebKit.framework in Frameworks */ = {isa = PBXBuildFile; fileRef = 88A379D48BC042EC98E90CF5 /* WebKit.framework */; settings = {ATTRIBUTES = (Weak, ); }; };
		B6D7F1CCCC4046E2BE2BEA37 /* GCDWebServerDataResponse.m in Sources */ = {isa = PBXBuildFile; fileRef = EE146ABDB28A42CBB6710503 /* GCDWebServerDataResponse.m */; };
		BD537B566927429FBB1CABCE /* TwitterCore.framework in Frameworks */ = {isa = PBXBuildFile; fileRef = 5037EDE6C1274423B6B82D91 /* TwitterCore.framework */; };
		BFB94DEF2D314ADDA3CAB9BA /* AddressBook.framework in Frameworks */ = {isa = PBXBuildFile; fileRef = 9D845FACE3BC4A38B75C675B /* AddressBook.framework */; settings = {ATTRIBUTES = (Weak, ); }; };
		C288503DFCCE463DB41FAB9E /* CDVWKWebViewEngine.m in Sources */ = {isa = PBXBuildFile; fileRef = CEC9AB7E6A714C14AE7E017B /* CDVWKWebViewEngine.m */; };
		C6975B8284154C7797EFAABF /* GooglePlus.m in Sources */ = {isa = PBXBuildFile; fileRef = D4F508EB42E24867AA66F19E /* GooglePlus.m */; };
		CC0C9FD6F6D24F5E976AD5E9 /* Accounts.framework in Frameworks */ = {isa = PBXBuildFile; fileRef = 0222FEE7D6EC4FAF9D822418 /* Accounts.framework */; };
		CF14181F8EE04322BE6C5763 /* Bolts.framework in Frameworks */ = {isa = PBXBuildFile; fileRef = 23C572A86A0B4FF4A43AFEB1 /* Bolts.framework */; };
		D577FCA7ADE54FE997F00C7C /* FBSDKCoreKit.framework in Frameworks */ = {isa = PBXBuildFile; fileRef = F1471BF5E6134BAFBD194DFB /* FBSDKCoreKit.framework */; };
		D8800E1181614A33AD324895 /* GCDWebServerErrorResponse.m in Sources */ = {isa = PBXBuildFile; fileRef = AE20D1BEC4F24DAB8C849D1F /* GCDWebServerErrorResponse.m */; };
		DAF8CD35C6B741C9B3583778 /* FBSDKLoginKit.framework in Frameworks */ = {isa = PBXBuildFile; fileRef = 445D1349A7B64BC3A90577C4 /* FBSDKLoginKit.framework */; };
		DB9A87C8BF3D49E69719B1E7 /* Fabric.framework in Frameworks */ = {isa = PBXBuildFile; fileRef = C856348BAFFD4C678DE44FD9 /* Fabric.framework */; };
		E1A5AE9183354E568F1A9DE2 /* CDVViewController+SplashScreen.m in Sources */ = {isa = PBXBuildFile; fileRef = 5355F02DE8FB496DB055EA2D /* CDVViewController+SplashScreen.m */; };
		E2AB0B90432949F5A43E76BA /* CDVDevice.m in Sources */ = {isa = PBXBuildFile; fileRef = 06D5B37F5368428E9A6E0DB8 /* CDVDevice.m */; };
		E63CAAFF1BA44264BCCC78CC /* CDVSplashScreen.m in Sources */ = {isa = PBXBuildFile; fileRef = 08DB11EDE0324C9C886EFFD8 /* CDVSplashScreen.m */; };
		E85262E12C8A457CAA86219C /* Social.framework in Frameworks */ = {isa = PBXBuildFile; fileRef = 3FFEDE08AB2D41FF841EA391 /* Social.framework */; };
		EECBD6ACCD764BBDB99454F6 /* GCDWebServer.m in Sources */ = {isa = PBXBuildFile; fileRef = FB068AEA0F124D3BAE47F8E1 /* GCDWebServer.m */; };
		F24FFF55A77448F0B1DB5625 /* GoogleSymbolUtilities.framework in Frameworks */ = {isa = PBXBuildFile; fileRef = 08E93359FA934197B7E262A0 /* GoogleSymbolUtilities.framework */; };
		F34AA44DF9254FB3A6FB5B63 /* CDVInAppBrowser.m in Sources */ = {isa = PBXBuildFile; fileRef = 46C007F48B5C473195384077 /* CDVInAppBrowser.m */; };
		F7C1CCB240D5471E8E040763 /* GCDWebServerConnection.m in Sources */ = {isa = PBXBuildFile; fileRef = 99C2233045C9413D8915AFA7 /* GCDWebServerConnection.m */; };
		F97C8BC373B34BA785C2A465 /* CoreData.framework in Frameworks */ = {isa = PBXBuildFile; fileRef = 5FBFB30F3D764EAEADCB9C48 /* CoreData.framework */; };
		FCC618E97D0F42079BF6A1B9 /* CDVWKProcessPoolFactory.m in Sources */ = {isa = PBXBuildFile; fileRef = 7E39944625704CCB85651468 /* CDVWKProcessPoolFactory.m */; };
/* End PBXBuildFile section */

/* Begin PBXContainerItemProxy section */
		301BF534109A57CC0062928A /* PBXContainerItemProxy */ = {
			isa = PBXContainerItemProxy;
			containerPortal = 301BF52D109A57CC0062928A /* CordovaLib/CordovaLib.xcodeproj */;
			proxyType = 2;
			remoteGlobalIDString = D2AAC07E0554694100DB518D;
			remoteInfo = CordovaLib;
		};
		301BF550109A68C00062928A /* PBXContainerItemProxy */ = {
			isa = PBXContainerItemProxy;
			containerPortal = 301BF52D109A57CC0062928A /* CordovaLib/CordovaLib.xcodeproj */;
			proxyType = 1;
			remoteGlobalIDString = D2AAC07D0554694100DB518D;
			remoteInfo = CordovaLib;
		};
		A1179E1421A61BAF00A06A09 /* PBXContainerItemProxy */ = {
			isa = PBXContainerItemProxy;
			containerPortal = 301BF52D109A57CC0062928A /* CordovaLib/CordovaLib.xcodeproj */;
			proxyType = 2;
			remoteGlobalIDString = C0C01EB21E3911D50056E6CB;
			remoteInfo = Cordova;
		};
/* End PBXContainerItemProxy section */

/* Begin PBXFileReference section */
		0207DA571B56EA530066E2B4 /* Images.xcassets */ = {isa = PBXFileReference; lastKnownFileType = folder.assetcatalog; name = Images.xcassets; path = Isiko/Images.xcassets; sourceTree = SOURCE_ROOT; };
		0222FEE7D6EC4FAF9D822418 /* Accounts.framework */ = {isa = PBXFileReference; explicitFileType = undefined; fileEncoding = 9; includeInIndex = 0; lastKnownFileType = wrapper.framework; name = Accounts.framework; path = System/Library/Frameworks/Accounts.framework; sourceTree = SDKROOT; };
		0286CCE23CE34CC89CC6DA6C /* CDVDevice.h */ = {isa = PBXFileReference; explicitFileType = undefined; fileEncoding = 4; includeInIndex = 0; lastKnownFileType = sourcecode.c.h; name = CDVDevice.h; path = "cordova-plugin-device/CDVDevice.h"; sourceTree = "<group>"; };
		06075D6D4ADF401B8710816A /* ListTimelineViewController.h */ = {isa = PBXFileReference; explicitFileType = undefined; fileEncoding = 4; includeInIndex = 0; lastKnownFileType = sourcecode.c.h; name = ListTimelineViewController.h; path = "twitter-connect-plugin/ListTimelineViewController.h"; sourceTree = "<group>"; };
		06D5B37F5368428E9A6E0DB8 /* CDVDevice.m */ = {isa = PBXFileReference; explicitFileType = undefined; fileEncoding = 4; includeInIndex = 0; lastKnownFileType = sourcecode.c.objc; name = CDVDevice.m; path = "cordova-plugin-device/CDVDevice.m"; sourceTree = "<group>"; };
		089B90ED834C4AAF939FBFBC /* CDVIonicKeyboard.m */ = {isa = PBXFileReference; explicitFileType = undefined; fileEncoding = 4; includeInIndex = 0; lastKnownFileType = sourcecode.c.objc; name = CDVIonicKeyboard.m; path = "cordova-plugin-ionic-keyboard/CDVIonicKeyboard.m"; sourceTree = "<group>"; };
		08DB11EDE0324C9C886EFFD8 /* CDVSplashScreen.m */ = {isa = PBXFileReference; explicitFileType = undefined; fileEncoding = 4; includeInIndex = 0; lastKnownFileType = sourcecode.c.objc; name = CDVSplashScreen.m; path = "cordova-plugin-splashscreen/CDVSplashScreen.m"; sourceTree = "<group>"; };
		08E93359FA934197B7E262A0 /* GoogleSymbolUtilities.framework */ = {isa = PBXFileReference; explicitFileType = undefined; fileEncoding = 9; includeInIndex = 0; lastKnownFileType = wrapper.framework; name = GoogleSymbolUtilities.framework; path = "Isiko/Plugins/cordova-plugin-googleplus/GoogleSymbolUtilities.framework"; sourceTree = "<group>"; };
		09ECC2A946844B4698297450 /* TwitterConnect.h */ = {isa = PBXFileReference; explicitFileType = undefined; fileEncoding = 4; includeInIndex = 0; lastKnownFileType = sourcecode.c.h; name = TwitterConnect.h; path = "twitter-connect-plugin/TwitterConnect.h"; sourceTree = "<group>"; };
		0A92A16652C747B9A3629733 /* libz.dylib */ = {isa = PBXFileReference; explicitFileType = undefined; fileEncoding = 9; includeInIndex = 0; lastKnownFileType = "compiled.mach-o.dylib"; name = libz.dylib; path = usr/lib/libz.dylib; sourceTree = SDKROOT; };
		0B8ADFF1B5254BA3B35554B6 /* GoogleAppUtilities.framework */ = {isa = PBXFileReference; explicitFileType = undefined; fileEncoding = 9; includeInIndex = 0; lastKnownFileType = wrapper.framework; name = GoogleAppUtilities.framework; path = "Isiko/Plugins/cordova-plugin-googleplus/GoogleAppUtilities.framework"; sourceTree = "<group>"; };
		0F01287273D24617B3109DEC /* ListTimelineViewController.m */ = {isa = PBXFileReference; explicitFileType = undefined; fileEncoding = 4; includeInIndex = 0; lastKnownFileType = sourcecode.c.objc; name = ListTimelineViewController.m; path = "twitter-connect-plugin/ListTimelineViewController.m"; sourceTree = "<group>"; };
		13BAFFE04D8C4031B0A59E8E /* GCDWebServerConnection.h */ = {isa = PBXFileReference; explicitFileType = undefined; fileEncoding = 4; includeInIndex = 0; lastKnownFileType = sourcecode.c.h; name = GCDWebServerConnection.h; path = "cordova-plugin-ionic-webview/GCDWebServerConnection.h"; sourceTree = "<group>"; };
		17FBC4BB4BA2479CA21FBABB /* TwitterConnect.m */ = {isa = PBXFileReference; explicitFileType = undefined; fileEncoding = 4; includeInIndex = 0; lastKnownFileType = sourcecode.c.objc; name = TwitterConnect.m; path = "twitter-connect-plugin/TwitterConnect.m"; sourceTree = "<group>"; };
		1D3623240D0F684500981E51 /* AppDelegate.h */ = {isa = PBXFileReference; fileEncoding = 4; lastKnownFileType = sourcecode.c.h; path = AppDelegate.h; sourceTree = "<group>"; };
		1D3623250D0F684500981E51 /* AppDelegate.m */ = {isa = PBXFileReference; fileEncoding = 4; lastKnownFileType = sourcecode.c.objc; path = AppDelegate.m; sourceTree = "<group>"; };
		1D6058910D05DD3D006BFB54 /* Isiko.app */ = {isa = PBXFileReference; explicitFileType = wrapper.application; includeInIndex = 0; path = Isiko.app; sourceTree = BUILT_PRODUCTS_DIR; };
		22C3318F1DBD430DBAD23213 /* GCDWebServerResponse.h */ = {isa = PBXFileReference; explicitFileType = undefined; fileEncoding = 4; includeInIndex = 0; lastKnownFileType = sourcecode.c.h; name = GCDWebServerResponse.h; path = "cordova-plugin-ionic-webview/GCDWebServerResponse.h"; sourceTree = "<group>"; };
		23C572A86A0B4FF4A43AFEB1 /* Bolts.framework */ = {isa = PBXFileReference; explicitFileType = undefined; fileEncoding = 9; includeInIndex = 0; lastKnownFileType = wrapper.framework; name = Bolts.framework; path = "Isiko/Plugins/cordova-plugin-facebook4/Bolts.framework"; sourceTree = "<group>"; };
		2733E6EEE72B4530A299E65A /* libz.tbd */ = {isa = PBXFileReference; explicitFileType = undefined; fileEncoding = 9; includeInIndex = 0; lastKnownFileType = "sourcecode.text-based-dylib-definition"; name = libz.tbd; path = usr/lib/libz.tbd; sourceTree = SDKROOT; };
		29B97316FDCFA39411CA2CEA /* main.m */ = {isa = PBXFileReference; fileEncoding = 4; lastKnownFileType = sourcecode.c.objc; path = main.m; sourceTree = "<group>"; };
		2F4D888CE7D546F8A139E10E /* GoogleAuthUtilities.framework */ = {isa = PBXFileReference; explicitFileType = undefined; fileEncoding = 9; includeInIndex = 0; lastKnownFileType = wrapper.framework; name = GoogleAuthUtilities.framework; path = "Isiko/Plugins/cordova-plugin-googleplus/GoogleAuthUtilities.framework"; sourceTree = "<group>"; };
		301BF52D109A57CC0062928A /* CordovaLib/CordovaLib.xcodeproj */ = {isa = PBXFileReference; lastKnownFileType = "wrapper.pb-project"; path = CordovaLib/CordovaLib.xcodeproj; sourceTree = "<group>"; };
		301BF56E109A69640062928A /* www */ = {isa = PBXFileReference; lastKnownFileType = folder; path = www; sourceTree = SOURCE_ROOT; };
		302D95EE14D2391D003F00A1 /* MainViewController.h */ = {isa = PBXFileReference; fileEncoding = 4; lastKnownFileType = sourcecode.c.h; path = MainViewController.h; sourceTree = "<group>"; };
		302D95EF14D2391D003F00A1 /* MainViewController.m */ = {isa = PBXFileReference; fileEncoding = 4; lastKnownFileType = sourcecode.c.objc; path = MainViewController.m; sourceTree = "<group>"; };
		302D95F014D2391D003F00A1 /* MainViewController.xib */ = {isa = PBXFileReference; fileEncoding = 4; lastKnownFileType = file.xib; path = MainViewController.xib; sourceTree = "<group>"; };
		3047A50F1AB8059700498E2A /* build-debug.xcconfig */ = {isa = PBXFileReference; fileEncoding = 4; lastKnownFileType = text.xcconfig; name = "build-debug.xcconfig"; path = "cordova/build-debug.xcconfig"; sourceTree = SOURCE_ROOT; };
		3047A5101AB8059700498E2A /* build-release.xcconfig */ = {isa = PBXFileReference; fileEncoding = 4; lastKnownFileType = text.xcconfig; name = "build-release.xcconfig"; path = "cordova/build-release.xcconfig"; sourceTree = SOURCE_ROOT; };
		3047A5111AB8059700498E2A /* build.xcconfig */ = {isa = PBXFileReference; fileEncoding = 4; lastKnownFileType = text.xcconfig; name = build.xcconfig; path = cordova/build.xcconfig; sourceTree = SOURCE_ROOT; };
		32CA4F630368D1EE00C91783 /* Isiko-Prefix.pch */ = {isa = PBXFileReference; fileEncoding = 4; lastKnownFileType = sourcecode.c.h; path = "Isiko-Prefix.pch"; sourceTree = "<group>"; };
		3833E067867941809AB14307 /* GCDWebServerResponse.m */ = {isa = PBXFileReference; explicitFileType = undefined; fileEncoding = 4; includeInIndex = 0; lastKnownFileType = sourcecode.c.objc; name = GCDWebServerResponse.m; path = "cordova-plugin-ionic-webview/GCDWebServerResponse.m"; sourceTree = "<group>"; };
		394F1275BBAA4F83BEA74FCB /* CDVWKProcessPoolFactory.h */ = {isa = PBXFileReference; explicitFileType = undefined; fileEncoding = 4; includeInIndex = 0; lastKnownFileType = sourcecode.c.h; name = CDVWKProcessPoolFactory.h; path = "cordova-plugin-ionic-webview/CDVWKProcessPoolFactory.h"; sourceTree = "<group>"; };
		3C95B5A5CE7B4CDF9ECC80D7 /* SystemConfiguration.framework */ = {isa = PBXFileReference; explicitFileType = undefined; fileEncoding = 9; includeInIndex = 0; lastKnownFileType = wrapper.framework; name = SystemConfiguration.framework; path = System/Library/Frameworks/SystemConfiguration.framework; sourceTree = SDKROOT; };
		3FFEDE08AB2D41FF841EA391 /* Social.framework */ = {isa = PBXFileReference; explicitFileType = undefined; fileEncoding = 9; includeInIndex = 0; lastKnownFileType = wrapper.framework; name = Social.framework; path = System/Library/Frameworks/Social.framework; sourceTree = SDKROOT; };
		4000CC5593B647ACA8A59161 /* GCDWebServerErrorResponse.h */ = {isa = PBXFileReference; explicitFileType = undefined; fileEncoding = 4; includeInIndex = 0; lastKnownFileType = sourcecode.c.h; name = GCDWebServerErrorResponse.h; path = "cordova-plugin-ionic-webview/GCDWebServerErrorResponse.h"; sourceTree = "<group>"; };
		4038474E1D7A451EB4DBA385 /* CDVViewController+SplashScreen.h */ = {isa = PBXFileReference; explicitFileType = undefined; fileEncoding = 4; includeInIndex = 0; lastKnownFileType = sourcecode.c.h; name = "CDVViewController+SplashScreen.h"; path = "cordova-plugin-splashscreen/CDVViewController+SplashScreen.h"; sourceTree = "<group>"; };
		445D1349A7B64BC3A90577C4 /* FBSDKLoginKit.framework */ = {isa = PBXFileReference; explicitFileType = undefined; fileEncoding = 9; includeInIndex = 0; lastKnownFileType = wrapper.framework; name = FBSDKLoginKit.framework; path = "Isiko/Plugins/cordova-plugin-facebook4/FBSDKLoginKit.framework"; sourceTree = "<group>"; };
		46C007F48B5C473195384077 /* CDVInAppBrowser.m */ = {isa = PBXFileReference; explicitFileType = undefined; fileEncoding = 4; includeInIndex = 0; lastKnownFileType = sourcecode.c.objc; name = CDVInAppBrowser.m; path = "cordova-plugin-inappbrowser/CDVInAppBrowser.m"; sourceTree = "<group>"; };
		4BE86ACBBAB24318AD742EC7 /* GoogleSignIn.framework */ = {isa = PBXFileReference; explicitFileType = undefined; fileEncoding = 9; includeInIndex = 0; lastKnownFileType = wrapper.framework; name = GoogleSignIn.framework; path = "Isiko/Plugins/cordova-plugin-googleplus/GoogleSignIn.framework"; sourceTree = "<group>"; };
		4FBB997970A34D54B88C4601 /* CoreText.framework */ = {isa = PBXFileReference; explicitFileType = undefined; fileEncoding = 9; includeInIndex = 0; lastKnownFileType = wrapper.framework; name = CoreText.framework; path = System/Library/Frameworks/CoreText.framework; sourceTree = SDKROOT; };
		5037EDE6C1274423B6B82D91 /* TwitterCore.framework */ = {isa = PBXFileReference; explicitFileType = undefined; fileEncoding = 9; includeInIndex = 0; lastKnownFileType = wrapper.framework; name = TwitterCore.framework; path = "Isiko/Plugins/twitter-connect-plugin/TwitterCore.framework"; sourceTree = "<group>"; };
		5172FB1C2D0B4ECCAFA5497B /* GCDWebServerFileResponse.m */ = {isa = PBXFileReference; explicitFileType = undefined; fileEncoding = 4; includeInIndex = 0; lastKnownFileType = sourcecode.c.objc; name = GCDWebServerFileResponse.m; path = "cordova-plugin-ionic-webview/GCDWebServerFileResponse.m"; sourceTree = "<group>"; };
		5355F02DE8FB496DB055EA2D /* CDVViewController+SplashScreen.m */ = {isa = PBXFileReference; explicitFileType = undefined; fileEncoding = 4; includeInIndex = 0; lastKnownFileType = sourcecode.c.objc; name = "CDVViewController+SplashScreen.m"; path = "cordova-plugin-splashscreen/CDVViewController+SplashScreen.m"; sourceTree = "<group>"; };
		54EBD2E59CFA4402B77FA51F /* CDVWKWebViewUIDelegate.m */ = {isa = PBXFileReference; explicitFileType = undefined; fileEncoding = 4; includeInIndex = 0; lastKnownFileType = sourcecode.c.objc; name = CDVWKWebViewUIDelegate.m; path = "cordova-plugin-ionic-webview/CDVWKWebViewUIDelegate.m"; sourceTree = "<group>"; };
		5FBFB30F3D764EAEADCB9C48 /* CoreData.framework */ = {isa = PBXFileReference; explicitFileType = undefined; fileEncoding = 9; includeInIndex = 0; lastKnownFileType = wrapper.framework; name = CoreData.framework; path = System/Library/Frameworks/CoreData.framework; sourceTree = SDKROOT; };
		69108C1828E5496CBF8EEEDF /* GCDWebServer.h */ = {isa = PBXFileReference; explicitFileType = undefined; fileEncoding = 4; includeInIndex = 0; lastKnownFileType = sourcecode.c.h; name = GCDWebServer.h; path = "cordova-plugin-ionic-webview/GCDWebServer.h"; sourceTree = "<group>"; };
		69A4CCB29C9C4D76AB89AE30 /* GCDWebServerPrivate.h */ = {isa = PBXFileReference; explicitFileType = undefined; fileEncoding = 4; includeInIndex = 0; lastKnownFileType = sourcecode.c.h; name = GCDWebServerPrivate.h; path = "cordova-plugin-ionic-webview/GCDWebServerPrivate.h"; sourceTree = "<group>"; };
		6AFF5BF81D6E424B00AB3073 /* CDVLaunchScreen.storyboard */ = {isa = PBXFileReference; fileEncoding = 4; lastKnownFileType = file.storyboard; name = CDVLaunchScreen.storyboard; path = Isiko/CDVLaunchScreen.storyboard; sourceTree = SOURCE_ROOT; };
		6CBD9EDE9CAE4B20A38CB8A9 /* GCDWebServerMultiPartFormRequest.h */ = {isa = PBXFileReference; explicitFileType = undefined; fileEncoding = 4; includeInIndex = 0; lastKnownFileType = sourcecode.c.h; name = GCDWebServerMultiPartFormRequest.h; path = "cordova-plugin-ionic-webview/GCDWebServerMultiPartFormRequest.h"; sourceTree = "<group>"; };
		6D23F8E2752445D2981CDF19 /* GCDWebServerStreamedResponse.h */ = {isa = PBXFileReference; explicitFileType = undefined; fileEncoding = 4; includeInIndex = 0; lastKnownFileType = sourcecode.c.h; name = GCDWebServerStreamedResponse.h; path = "cordova-plugin-ionic-webview/GCDWebServerStreamedResponse.h"; sourceTree = "<group>"; };
		6FB199270F2D4749BD6BDC47 /* GCDWebServerDataResponse.h */ = {isa = PBXFileReference; explicitFileType = undefined; fileEncoding = 4; includeInIndex = 0; lastKnownFileType = sourcecode.c.h; name = GCDWebServerDataResponse.h; path = "cordova-plugin-ionic-webview/GCDWebServerDataResponse.h"; sourceTree = "<group>"; };
		7014E9D900C24FB0A73FF4FD /* GoogleUtilities.framework */ = {isa = PBXFileReference; explicitFileType = undefined; fileEncoding = 9; includeInIndex = 0; lastKnownFileType = wrapper.framework; name = GoogleUtilities.framework; path = "Isiko/Plugins/cordova-plugin-googleplus/GoogleUtilities.framework"; sourceTree = "<group>"; };
		77CC5AE7CBC748A789E5AF20 /* GCDWebServerRequest.m */ = {isa = PBXFileReference; explicitFileType = undefined; fileEncoding = 4; includeInIndex = 0; lastKnownFileType = sourcecode.c.objc; name = GCDWebServerRequest.m; path = "cordova-plugin-ionic-webview/GCDWebServerRequest.m"; sourceTree = "<group>"; };
		79A5B552C0B64E87B97124E9 /* GCDWebServerDataRequest.h */ = {isa = PBXFileReference; explicitFileType = undefined; fileEncoding = 4; includeInIndex = 0; lastKnownFileType = sourcecode.c.h; name = GCDWebServerDataRequest.h; path = "cordova-plugin-ionic-webview/GCDWebServerDataRequest.h"; sourceTree = "<group>"; };
		7E39944625704CCB85651468 /* CDVWKProcessPoolFactory.m */ = {isa = PBXFileReference; explicitFileType = undefined; fileEncoding = 4; includeInIndex = 0; lastKnownFileType = sourcecode.c.objc; name = CDVWKProcessPoolFactory.m; path = "cordova-plugin-ionic-webview/CDVWKProcessPoolFactory.m"; sourceTree = "<group>"; };
		8007A01BDE3F4B2F92BFDD17 /* GCDWebServerFileRequest.h */ = {isa = PBXFileReference; explicitFileType = undefined; fileEncoding = 4; includeInIndex = 0; lastKnownFileType = sourcecode.c.h; name = GCDWebServerFileRequest.h; path = "cordova-plugin-ionic-webview/GCDWebServerFileRequest.h"; sourceTree = "<group>"; };
		8244742E734246B0990C99B5 /* GCDWebServerURLEncodedFormRequest.m */ = {isa = PBXFileReference; explicitFileType = undefined; fileEncoding = 4; includeInIndex = 0; lastKnownFileType = sourcecode.c.objc; name = GCDWebServerURLEncodedFormRequest.m; path = "cordova-plugin-ionic-webview/GCDWebServerURLEncodedFormRequest.m"; sourceTree = "<group>"; };
		83F5BAD228484A0F90A0B07F /* GooglePlus.h */ = {isa = PBXFileReference; explicitFileType = undefined; fileEncoding = 4; includeInIndex = 0; lastKnownFileType = sourcecode.c.h; name = GooglePlus.h; path = "cordova-plugin-googleplus/GooglePlus.h"; sourceTree = "<group>"; };
		879596133E294791AAE6A72A /* CDVInAppBrowser.h */ = {isa = PBXFileReference; explicitFileType = undefined; fileEncoding = 4; includeInIndex = 0; lastKnownFileType = sourcecode.c.h; name = CDVInAppBrowser.h; path = "cordova-plugin-inappbrowser/CDVInAppBrowser.h"; sourceTree = "<group>"; };
		8874A5DD4E7A4645A3FAA95E /* FBSDKShareKit.framework */ = {isa = PBXFileReference; explicitFileType = undefined; fileEncoding = 9; includeInIndex = 0; lastKnownFileType = wrapper.framework; name = FBSDKShareKit.framework; path = "Isiko/Plugins/cordova-plugin-facebook4/FBSDKShareKit.framework"; sourceTree = "<group>"; };
		88A379D48BC042EC98E90CF5 /* WebKit.framework */ = {isa = PBXFileReference; explicitFileType = undefined; fileEncoding = 9; includeInIndex = 0; lastKnownFileType = wrapper.framework; name = WebKit.framework; path = System/Library/Frameworks/WebKit.framework; sourceTree = SDKROOT; };
		88AF7DA69D474339A5065CDE /* CDVStatusBar.h */ = {isa = PBXFileReference; explicitFileType = undefined; fileEncoding = 4; includeInIndex = 0; lastKnownFileType = sourcecode.c.h; name = CDVStatusBar.h; path = "cordova-plugin-statusbar/CDVStatusBar.h"; sourceTree = "<group>"; };
		8CE577389D2C4E1EBEF2A1B5 /* CDVIonicKeyboard.h */ = {isa = PBXFileReference; explicitFileType = undefined; fileEncoding = 4; includeInIndex = 0; lastKnownFileType = sourcecode.c.h; name = CDVIonicKeyboard.h; path = "cordova-plugin-ionic-keyboard/CDVIonicKeyboard.h"; sourceTree = "<group>"; };
		8D1107310486CEB800E47090 /* Isiko-Info.plist */ = {isa = PBXFileReference; fileEncoding = 4; lastKnownFileType = text.plist.xml; name = "Isiko-Info.plist"; path = "Isiko/Isiko-Info.plist"; plistStructureDefinitionIdentifier = "com.apple.xcode.plist.structure-definition.iphone.info-plist"; sourceTree = SOURCE_ROOT; };
		93C6569584AC46BCA4588D24 /* GoogleNetworkingUtilities.framework */ = {isa = PBXFileReference; explicitFileType = undefined; fileEncoding = 9; includeInIndex = 0; lastKnownFileType = wrapper.framework; name = GoogleNetworkingUtilities.framework; path = "Isiko/Plugins/cordova-plugin-googleplus/GoogleNetworkingUtilities.framework"; sourceTree = "<group>"; };
		970441018A8348B887C8BFF0 /* GCDWebServerFileRequest.m */ = {isa = PBXFileReference; explicitFileType = undefined; fileEncoding = 4; includeInIndex = 0; lastKnownFileType = sourcecode.c.objc; name = GCDWebServerFileRequest.m; path = "cordova-plugin-ionic-webview/GCDWebServerFileRequest.m"; sourceTree = "<group>"; };
		981E8643D2B54BC89C5511E7 /* GCDWebServerFileResponse.h */ = {isa = PBXFileReference; explicitFileType = undefined; fileEncoding = 4; includeInIndex = 0; lastKnownFileType = sourcecode.c.h; name = GCDWebServerFileResponse.h; path = "cordova-plugin-ionic-webview/GCDWebServerFileResponse.h"; sourceTree = "<group>"; };
		983E9F3C18EC4EA7B99AC643 /* GCDWebServerFunctions.m */ = {isa = PBXFileReference; explicitFileType = undefined; fileEncoding = 4; includeInIndex = 0; lastKnownFileType = sourcecode.c.objc; name = GCDWebServerFunctions.m; path = "cordova-plugin-ionic-webview/GCDWebServerFunctions.m"; sourceTree = "<group>"; };
		99C2233045C9413D8915AFA7 /* GCDWebServerConnection.m */ = {isa = PBXFileReference; explicitFileType = undefined; fileEncoding = 4; includeInIndex = 0; lastKnownFileType = sourcecode.c.objc; name = GCDWebServerConnection.m; path = "cordova-plugin-ionic-webview/GCDWebServerConnection.m"; sourceTree = "<group>"; };
		9D845FACE3BC4A38B75C675B /* AddressBook.framework */ = {isa = PBXFileReference; explicitFileType = undefined; fileEncoding = 9; includeInIndex = 0; lastKnownFileType = wrapper.framework; name = AddressBook.framework; path = System/Library/Frameworks/AddressBook.framework; sourceTree = SDKROOT; };
		9ED92156C68F4EBDB6127D86 /* CDVWKWebViewUIDelegate.h */ = {isa = PBXFileReference; explicitFileType = undefined; fileEncoding = 4; includeInIndex = 0; lastKnownFileType = sourcecode.c.h; name = CDVWKWebViewUIDelegate.h; path = "cordova-plugin-ionic-webview/CDVWKWebViewUIDelegate.h"; sourceTree = "<group>"; };
		AA06F0941B7A45D398D2DB87 /* GCDWebServerHTTPStatusCodes.h */ = {isa = PBXFileReference; explicitFileType = undefined; fileEncoding = 4; includeInIndex = 0; lastKnownFileType = sourcecode.c.h; name = GCDWebServerHTTPStatusCodes.h; path = "cordova-plugin-ionic-webview/GCDWebServerHTTPStatusCodes.h"; sourceTree = "<group>"; };
		AC6E8634425943DA8DCD1366 /* FacebookConnectPlugin.m */ = {isa = PBXFileReference; explicitFileType = undefined; fileEncoding = 4; includeInIndex = 0; lastKnownFileType = sourcecode.c.objc; name = FacebookConnectPlugin.m; path = "cordova-plugin-facebook4/FacebookConnectPlugin.m"; sourceTree = "<group>"; };
		AD82D247DD2A4E59AE6933FC /* GCDWebServerURLEncodedFormRequest.h */ = {isa = PBXFileReference; explicitFileType = undefined; fileEncoding = 4; includeInIndex = 0; lastKnownFileType = sourcecode.c.h; name = GCDWebServerURLEncodedFormRequest.h; path = "cordova-plugin-ionic-webview/GCDWebServerURLEncodedFormRequest.h"; sourceTree = "<group>"; };
		AE20D1BEC4F24DAB8C849D1F /* GCDWebServerErrorResponse.m */ = {isa = PBXFileReference; explicitFileType = undefined; fileEncoding = 4; includeInIndex = 0; lastKnownFileType = sourcecode.c.objc; name = GCDWebServerErrorResponse.m; path = "cordova-plugin-ionic-webview/GCDWebServerErrorResponse.m"; sourceTree = "<group>"; };
		AE937BE3AEBB4B6C9BA3A38A /* CDVStatusBar.m */ = {isa = PBXFileReference; explicitFileType = undefined; fileEncoding = 4; includeInIndex = 0; lastKnownFileType = sourcecode.c.objc; name = CDVStatusBar.m; path = "cordova-plugin-statusbar/CDVStatusBar.m"; sourceTree = "<group>"; };
		B35C8D59538948558A328E3B /* TwitterKitResources.bundle */ = {isa = PBXFileReference; explicitFileType = undefined; fileEncoding = 9; includeInIndex = 0; lastKnownFileType = "wrapper.plug-in"; path = TwitterKitResources.bundle; sourceTree = "<group>"; };
		B7E5C8D7E9D84F54BB22145C /* GCDWebServerDataRequest.m */ = {isa = PBXFileReference; explicitFileType = undefined; fileEncoding = 4; includeInIndex = 0; lastKnownFileType = sourcecode.c.objc; name = GCDWebServerDataRequest.m; path = "cordova-plugin-ionic-webview/GCDWebServerDataRequest.m"; sourceTree = "<group>"; };
		B9117AD5471C4C269F0E5DEC /* GCDWebServerMultiPartFormRequest.m */ = {isa = PBXFileReference; explicitFileType = undefined; fileEncoding = 4; includeInIndex = 0; lastKnownFileType = sourcecode.c.objc; name = GCDWebServerMultiPartFormRequest.m; path = "cordova-plugin-ionic-webview/GCDWebServerMultiPartFormRequest.m"; sourceTree = "<group>"; };
		B9F744A94E6D4A0FA589C65D /* GCDWebServerRequest.h */ = {isa = PBXFileReference; explicitFileType = undefined; fileEncoding = 4; includeInIndex = 0; lastKnownFileType = sourcecode.c.h; name = GCDWebServerRequest.h; path = "cordova-plugin-ionic-webview/GCDWebServerRequest.h"; sourceTree = "<group>"; };
		BBDA214780C644A686F239AE /* Security.framework */ = {isa = PBXFileReference; explicitFileType = undefined; fileEncoding = 9; includeInIndex = 0; lastKnownFileType = wrapper.framework; name = Security.framework; path = System/Library/Frameworks/Security.framework; sourceTree = SDKROOT; };
		C032FBD883004FBEA4BE0A62 /* GCDWebServerFunctions.h */ = {isa = PBXFileReference; explicitFileType = undefined; fileEncoding = 4; includeInIndex = 0; lastKnownFileType = sourcecode.c.h; name = GCDWebServerFunctions.h; path = "cordova-plugin-ionic-webview/GCDWebServerFunctions.h"; sourceTree = "<group>"; };
		C856348BAFFD4C678DE44FD9 /* Fabric.framework */ = {isa = PBXFileReference; explicitFileType = undefined; fileEncoding = 9; includeInIndex = 0; lastKnownFileType = wrapper.framework; name = Fabric.framework; path = "Isiko/Plugins/twitter-connect-plugin/Fabric.framework"; sourceTree = "<group>"; };
		CAF12605224C4B2B82F67689 /* QuartzCore.framework */ = {isa = PBXFileReference; explicitFileType = undefined; fileEncoding = 9; includeInIndex = 0; lastKnownFileType = wrapper.framework; name = QuartzCore.framework; path = System/Library/Frameworks/QuartzCore.framework; sourceTree = SDKROOT; };
		CBCBBE6F46A14DD7BBE1B881 /* TwitterKit.framework */ = {isa = PBXFileReference; explicitFileType = undefined; fileEncoding = 9; includeInIndex = 0; lastKnownFileType = wrapper.framework; name = TwitterKit.framework; path = "Isiko/Plugins/twitter-connect-plugin/TwitterKit.framework"; sourceTree = "<group>"; };
		CEC9AB7E6A714C14AE7E017B /* CDVWKWebViewEngine.m */ = {isa = PBXFileReference; explicitFileType = undefined; fileEncoding = 4; includeInIndex = 0; lastKnownFileType = sourcecode.c.objc; name = CDVWKWebViewEngine.m; path = "cordova-plugin-ionic-webview/CDVWKWebViewEngine.m"; sourceTree = "<group>"; };
		D4F508EB42E24867AA66F19E /* GooglePlus.m */ = {isa = PBXFileReference; explicitFileType = undefined; fileEncoding = 4; includeInIndex = 0; lastKnownFileType = sourcecode.c.objc; name = GooglePlus.m; path = "cordova-plugin-googleplus/GooglePlus.m"; sourceTree = "<group>"; };
		D928C6772ADA44DB8BE93760 /* CDVWKWebViewEngine.h */ = {isa = PBXFileReference; explicitFileType = undefined; fileEncoding = 4; includeInIndex = 0; lastKnownFileType = sourcecode.c.h; name = CDVWKWebViewEngine.h; path = "cordova-plugin-ionic-webview/CDVWKWebViewEngine.h"; sourceTree = "<group>"; };
		D92A96E167194A419BD02ADF /* CDVSplashScreen.h */ = {isa = PBXFileReference; explicitFileType = undefined; fileEncoding = 4; includeInIndex = 0; lastKnownFileType = sourcecode.c.h; name = CDVSplashScreen.h; path = "cordova-plugin-splashscreen/CDVSplashScreen.h"; sourceTree = "<group>"; };
		DA1B8AC63BEA47EFAD32A3DD /* GCDWebServerStreamedResponse.m */ = {isa = PBXFileReference; explicitFileType = undefined; fileEncoding = 4; includeInIndex = 0; lastKnownFileType = sourcecode.c.objc; name = GCDWebServerStreamedResponse.m; path = "cordova-plugin-ionic-webview/GCDWebServerStreamedResponse.m"; sourceTree = "<group>"; };
		E1BFC35D1BB243E98CC5AB1A /* SafariServices.framework */ = {isa = PBXFileReference; explicitFileType = undefined; fileEncoding = 9; includeInIndex = 0; lastKnownFileType = wrapper.framework; name = SafariServices.framework; path = System/Library/Frameworks/SafariServices.framework; sourceTree = SDKROOT; };
		EB87FDF31871DA8E0020F90C /* www */ = {isa = PBXFileReference; lastKnownFileType = folder; name = www; path = ../../www; sourceTree = "<group>"; };
		EB87FDF41871DAF40020F90C /* config.xml */ = {isa = PBXFileReference; lastKnownFileType = text.xml; name = config.xml; path = ../../config.xml; sourceTree = "<group>"; };
		ED33DF2A687741AEAF9F8254 /* Bridging-Header.h */ = {isa = PBXFileReference; fileEncoding = 4; lastKnownFileType = sourcecode.c.h; path = "Bridging-Header.h"; sourceTree = "<group>"; };
		EE146ABDB28A42CBB6710503 /* GCDWebServerDataResponse.m */ = {isa = PBXFileReference; explicitFileType = undefined; fileEncoding = 4; includeInIndex = 0; lastKnownFileType = sourcecode.c.objc; name = GCDWebServerDataResponse.m; path = "cordova-plugin-ionic-webview/GCDWebServerDataResponse.m"; sourceTree = "<group>"; };
		F1471BF5E6134BAFBD194DFB /* FBSDKCoreKit.framework */ = {isa = PBXFileReference; explicitFileType = undefined; fileEncoding = 9; includeInIndex = 0; lastKnownFileType = wrapper.framework; name = FBSDKCoreKit.framework; path = "Isiko/Plugins/cordova-plugin-facebook4/FBSDKCoreKit.framework"; sourceTree = "<group>"; };
		F558785271EB4232BD5FDD9A /* FacebookConnectPlugin.h */ = {isa = PBXFileReference; explicitFileType = undefined; fileEncoding = 4; includeInIndex = 0; lastKnownFileType = sourcecode.c.h; name = FacebookConnectPlugin.h; path = "cordova-plugin-facebook4/FacebookConnectPlugin.h"; sourceTree = "<group>"; };
		F840E1F0165FE0F500CFE078 /* config.xml */ = {isa = PBXFileReference; lastKnownFileType = text.xml; name = config.xml; path = Isiko/config.xml; sourceTree = "<group>"; };
		FB068AEA0F124D3BAE47F8E1 /* GCDWebServer.m */ = {isa = PBXFileReference; explicitFileType = undefined; fileEncoding = 4; includeInIndex = 0; lastKnownFileType = sourcecode.c.objc; name = GCDWebServer.m; path = "cordova-plugin-ionic-webview/GCDWebServer.m"; sourceTree = "<group>"; };
/* End PBXFileReference section */

/* Begin PBXFrameworksBuildPhase section */
		1D60588F0D05DD3D006BFB54 /* Frameworks */ = {
			isa = PBXFrameworksBuildPhase;
			buildActionMask = 2147483647;
			files = (
				301BF552109A68D80062928A /* libCordova.a in Frameworks */,
				CF14181F8EE04322BE6C5763 /* Bolts.framework in Frameworks */,
				D577FCA7ADE54FE997F00C7C /* FBSDKCoreKit.framework in Frameworks */,
				DAF8CD35C6B741C9B3583778 /* FBSDKLoginKit.framework in Frameworks */,
				1331F42743554374B50A00B4 /* FBSDKShareKit.framework in Frameworks */,
				99ECAFB58AFF40ECB5DFDAF5 /* GoogleAppUtilities.framework in Frameworks */,
				8F0C373F8EB54EC9AC9328B6 /* GoogleAuthUtilities.framework in Frameworks */,
				6B22AEF56505492EAC1C3C68 /* GoogleNetworkingUtilities.framework in Frameworks */,
				1D3D29F138234DDFB17FEF27 /* GoogleSignIn.framework in Frameworks */,
				F24FFF55A77448F0B1DB5625 /* GoogleSymbolUtilities.framework in Frameworks */,
				36E92A34EE014AB987AD3CA9 /* GoogleUtilities.framework in Frameworks */,
				BFB94DEF2D314ADDA3CAB9BA /* AddressBook.framework in Frameworks */,
				4F56A3A546E44BB3B4A28313 /* CoreText.framework in Frameworks */,
				2B5E53F80CA74B049775B50E /* SafariServices.framework in Frameworks */,
				05DCC29072DB48DB93AFF2BD /* Security.framework in Frameworks */,
				66F4B88078A14F0990B798A4 /* SystemConfiguration.framework in Frameworks */,
				5A92E05FF6BD485CA0288A00 /* libz.tbd in Frameworks */,
				039C50FEF9644F359EC4CA84 /* libz.dylib in Frameworks */,
				B58F6A1C72A64D1AB9E8A095 /* WebKit.framework in Frameworks */,
				DB9A87C8BF3D49E69719B1E7 /* Fabric.framework in Frameworks */,
				6CBE626AA549410499DC7EBA /* TwitterKit.framework in Frameworks */,
				BD537B566927429FBB1CABCE /* TwitterCore.framework in Frameworks */,
				511D9BBE22FD44ACA0D741EA /* QuartzCore.framework in Frameworks */,
				CC0C9FD6F6D24F5E976AD5E9 /* Accounts.framework in Frameworks */,
				E85262E12C8A457CAA86219C /* Social.framework in Frameworks */,
				F97C8BC373B34BA785C2A465 /* CoreData.framework in Frameworks */,
			);
			runOnlyForDeploymentPostprocessing = 0;
		};
/* End PBXFrameworksBuildPhase section */

/* Begin PBXGroup section */
		080E96DDFE201D6D7F000001 /* Classes */ = {
			isa = PBXGroup;
			children = (
				302D95EE14D2391D003F00A1 /* MainViewController.h */,
				302D95EF14D2391D003F00A1 /* MainViewController.m */,
				302D95F014D2391D003F00A1 /* MainViewController.xib */,
				1D3623240D0F684500981E51 /* AppDelegate.h */,
				1D3623250D0F684500981E51 /* AppDelegate.m */,
			);
			name = Classes;
			path = Isiko/Classes;
			sourceTree = SOURCE_ROOT;
		};
		19C28FACFE9D520D11CA2CBB /* Products */ = {
			isa = PBXGroup;
			children = (
				1D6058910D05DD3D006BFB54 /* Isiko.app */,
			);
			name = Products;
			sourceTree = "<group>";
		};
		29B97314FDCFA39411CA2CEA /* CustomTemplate */ = {
			isa = PBXGroup;
			children = (
				EB87FDF41871DAF40020F90C /* config.xml */,
				EB87FDF31871DA8E0020F90C /* www */,
				EB87FDF11871DA420020F90C /* Staging */,
				301BF52D109A57CC0062928A /* CordovaLib/CordovaLib.xcodeproj */,
				080E96DDFE201D6D7F000001 /* Classes */,
				307C750510C5A3420062BCA9 /* Plugins */,
				29B97315FDCFA39411CA2CEA /* Other Sources */,
				29B97317FDCFA39411CA2CEA /* Resources */,
				29B97323FDCFA39411CA2CEA /* Frameworks */,
				19C28FACFE9D520D11CA2CBB /* Products */,
			);
			name = CustomTemplate;
			sourceTree = "<group>";
		};
		29B97315FDCFA39411CA2CEA /* Other Sources */ = {
			isa = PBXGroup;
			children = (
				32CA4F630368D1EE00C91783 /* Isiko-Prefix.pch */,
				29B97316FDCFA39411CA2CEA /* main.m */,
				ED33DF2A687741AEAF9F8254 /* Bridging-Header.h */,
			);
			name = "Other Sources";
			path = Isiko;
			sourceTree = "<group>";
		};
		29B97317FDCFA39411CA2CEA /* Resources */ = {
			isa = PBXGroup;
			children = (
				0207DA571B56EA530066E2B4 /* Images.xcassets */,
				3047A50E1AB8057F00498E2A /* config */,
				8D1107310486CEB800E47090 /* Isiko-Info.plist */,
				6AFF5BF81D6E424B00AB3073 /* CDVLaunchScreen.storyboard */,
				B35C8D59538948558A328E3B /* TwitterKitResources.bundle */,
			);
			name = Resources;
			path = Isiko/Resources;
			sourceTree = "<group>";
		};
		29B97323FDCFA39411CA2CEA /* Frameworks */ = {
			isa = PBXGroup;
			children = (
				23C572A86A0B4FF4A43AFEB1 /* Bolts.framework */,
				F1471BF5E6134BAFBD194DFB /* FBSDKCoreKit.framework */,
				445D1349A7B64BC3A90577C4 /* FBSDKLoginKit.framework */,
				8874A5DD4E7A4645A3FAA95E /* FBSDKShareKit.framework */,
				0B8ADFF1B5254BA3B35554B6 /* GoogleAppUtilities.framework */,
				2F4D888CE7D546F8A139E10E /* GoogleAuthUtilities.framework */,
				93C6569584AC46BCA4588D24 /* GoogleNetworkingUtilities.framework */,
				4BE86ACBBAB24318AD742EC7 /* GoogleSignIn.framework */,
				08E93359FA934197B7E262A0 /* GoogleSymbolUtilities.framework */,
				7014E9D900C24FB0A73FF4FD /* GoogleUtilities.framework */,
				9D845FACE3BC4A38B75C675B /* AddressBook.framework */,
				4FBB997970A34D54B88C4601 /* CoreText.framework */,
				E1BFC35D1BB243E98CC5AB1A /* SafariServices.framework */,
				BBDA214780C644A686F239AE /* Security.framework */,
				3C95B5A5CE7B4CDF9ECC80D7 /* SystemConfiguration.framework */,
				2733E6EEE72B4530A299E65A /* libz.tbd */,
				0A92A16652C747B9A3629733 /* libz.dylib */,
				88A379D48BC042EC98E90CF5 /* WebKit.framework */,
				C856348BAFFD4C678DE44FD9 /* Fabric.framework */,
				CBCBBE6F46A14DD7BBE1B881 /* TwitterKit.framework */,
				5037EDE6C1274423B6B82D91 /* TwitterCore.framework */,
				CAF12605224C4B2B82F67689 /* QuartzCore.framework */,
				0222FEE7D6EC4FAF9D822418 /* Accounts.framework */,
				3FFEDE08AB2D41FF841EA391 /* Social.framework */,
				5FBFB30F3D764EAEADCB9C48 /* CoreData.framework */,
			);
			name = Frameworks;
			sourceTree = "<group>";
		};
		301BF52E109A57CC0062928A /* Products */ = {
			isa = PBXGroup;
			children = (
				301BF535109A57CC0062928A /* libCordova.a */,
				A1179E1521A61BAF00A06A09 /* Cordova.framework */,
			);
			name = Products;
			sourceTree = "<group>";
		};
		3047A50E1AB8057F00498E2A /* config */ = {
			isa = PBXGroup;
			children = (
				3047A50F1AB8059700498E2A /* build-debug.xcconfig */,
				3047A5101AB8059700498E2A /* build-release.xcconfig */,
				3047A5111AB8059700498E2A /* build.xcconfig */,
			);
			name = config;
			sourceTree = "<group>";
		};
		307C750510C5A3420062BCA9 /* Plugins */ = {
			isa = PBXGroup;
			children = (
				06D5B37F5368428E9A6E0DB8 /* CDVDevice.m */,
				0286CCE23CE34CC89CC6DA6C /* CDVDevice.h */,
				AC6E8634425943DA8DCD1366 /* FacebookConnectPlugin.m */,
				F558785271EB4232BD5FDD9A /* FacebookConnectPlugin.h */,
				D4F508EB42E24867AA66F19E /* GooglePlus.m */,
				83F5BAD228484A0F90A0B07F /* GooglePlus.h */,
				46C007F48B5C473195384077 /* CDVInAppBrowser.m */,
				879596133E294791AAE6A72A /* CDVInAppBrowser.h */,
				089B90ED834C4AAF939FBFBC /* CDVIonicKeyboard.m */,
				8CE577389D2C4E1EBEF2A1B5 /* CDVIonicKeyboard.h */,
				CEC9AB7E6A714C14AE7E017B /* CDVWKWebViewEngine.m */,
				54EBD2E59CFA4402B77FA51F /* CDVWKWebViewUIDelegate.m */,
				7E39944625704CCB85651468 /* CDVWKProcessPoolFactory.m */,
				FB068AEA0F124D3BAE47F8E1 /* GCDWebServer.m */,
				99C2233045C9413D8915AFA7 /* GCDWebServerConnection.m */,
				983E9F3C18EC4EA7B99AC643 /* GCDWebServerFunctions.m */,
				77CC5AE7CBC748A789E5AF20 /* GCDWebServerRequest.m */,
				3833E067867941809AB14307 /* GCDWebServerResponse.m */,
				B7E5C8D7E9D84F54BB22145C /* GCDWebServerDataRequest.m */,
				970441018A8348B887C8BFF0 /* GCDWebServerFileRequest.m */,
				B9117AD5471C4C269F0E5DEC /* GCDWebServerMultiPartFormRequest.m */,
				8244742E734246B0990C99B5 /* GCDWebServerURLEncodedFormRequest.m */,
				EE146ABDB28A42CBB6710503 /* GCDWebServerDataResponse.m */,
				AE20D1BEC4F24DAB8C849D1F /* GCDWebServerErrorResponse.m */,
				5172FB1C2D0B4ECCAFA5497B /* GCDWebServerFileResponse.m */,
				DA1B8AC63BEA47EFAD32A3DD /* GCDWebServerStreamedResponse.m */,
				D928C6772ADA44DB8BE93760 /* CDVWKWebViewEngine.h */,
				9ED92156C68F4EBDB6127D86 /* CDVWKWebViewUIDelegate.h */,
				394F1275BBAA4F83BEA74FCB /* CDVWKProcessPoolFactory.h */,
				69108C1828E5496CBF8EEEDF /* GCDWebServer.h */,
				13BAFFE04D8C4031B0A59E8E /* GCDWebServerConnection.h */,
				C032FBD883004FBEA4BE0A62 /* GCDWebServerFunctions.h */,
				AA06F0941B7A45D398D2DB87 /* GCDWebServerHTTPStatusCodes.h */,
				69A4CCB29C9C4D76AB89AE30 /* GCDWebServerPrivate.h */,
				B9F744A94E6D4A0FA589C65D /* GCDWebServerRequest.h */,
				22C3318F1DBD430DBAD23213 /* GCDWebServerResponse.h */,
				79A5B552C0B64E87B97124E9 /* GCDWebServerDataRequest.h */,
				8007A01BDE3F4B2F92BFDD17 /* GCDWebServerFileRequest.h */,
				6CBD9EDE9CAE4B20A38CB8A9 /* GCDWebServerMultiPartFormRequest.h */,
				AD82D247DD2A4E59AE6933FC /* GCDWebServerURLEncodedFormRequest.h */,
				6FB199270F2D4749BD6BDC47 /* GCDWebServerDataResponse.h */,
				4000CC5593B647ACA8A59161 /* GCDWebServerErrorResponse.h */,
				981E8643D2B54BC89C5511E7 /* GCDWebServerFileResponse.h */,
				6D23F8E2752445D2981CDF19 /* GCDWebServerStreamedResponse.h */,
				08DB11EDE0324C9C886EFFD8 /* CDVSplashScreen.m */,
				5355F02DE8FB496DB055EA2D /* CDVViewController+SplashScreen.m */,
				D92A96E167194A419BD02ADF /* CDVSplashScreen.h */,
				4038474E1D7A451EB4DBA385 /* CDVViewController+SplashScreen.h */,
				AE937BE3AEBB4B6C9BA3A38A /* CDVStatusBar.m */,
				88AF7DA69D474339A5065CDE /* CDVStatusBar.h */,
				17FBC4BB4BA2479CA21FBABB /* TwitterConnect.m */,
				0F01287273D24617B3109DEC /* ListTimelineViewController.m */,
				09ECC2A946844B4698297450 /* TwitterConnect.h */,
				06075D6D4ADF401B8710816A /* ListTimelineViewController.h */,
			);
			name = Plugins;
			path = Isiko/Plugins;
			sourceTree = SOURCE_ROOT;
		};
		EB87FDF11871DA420020F90C /* Staging */ = {
			isa = PBXGroup;
			children = (
				F840E1F0165FE0F500CFE078 /* config.xml */,
				301BF56E109A69640062928A /* www */,
			);
			name = Staging;
			sourceTree = "<group>";
		};
/* End PBXGroup section */

/* Begin PBXNativeTarget section */
		1D6058900D05DD3D006BFB54 /* Isiko */ = {
			isa = PBXNativeTarget;
			buildConfigurationList = 1D6058960D05DD3E006BFB54 /* Build configuration list for PBXNativeTarget "Isiko" */;
			buildPhases = (
				304B58A110DAC018002A0835 /* Copy www directory */,
				1D60588D0D05DD3D006BFB54 /* Resources */,
				1D60588E0D05DD3D006BFB54 /* Sources */,
				1D60588F0D05DD3D006BFB54 /* Frameworks */,
			);
			buildRules = (
			);
			dependencies = (
				301BF551109A68C00062928A /* PBXTargetDependency */,
			);
			name = Isiko;
			productName = Isiko;
			productReference = 1D6058910D05DD3D006BFB54 /* Isiko.app */;
			productType = "com.apple.product-type.application";
		};
/* End PBXNativeTarget section */

/* Begin PBXProject section */
		29B97313FDCFA39411CA2CEA /* Project object */ = {
			isa = PBXProject;
			attributes = {
				LastUpgradeCheck = 510;
				TargetAttributes = {
					1D6058900D05DD3D006BFB54 = {
						DevelopmentTeam = 6GUP54HK9V;
					};
				};
			};
			buildConfigurationList = C01FCF4E08A954540054247B /* Build configuration list for PBXProject "Isiko" */;
			compatibilityVersion = "Xcode 3.2";
			developmentRegion = English;
			hasScannedForEncodings = 1;
			knownRegions = (
				en,
			);
			mainGroup = 29B97314FDCFA39411CA2CEA /* CustomTemplate */;
			projectDirPath = "";
			projectReferences = (
				{
					ProductGroup = 301BF52E109A57CC0062928A /* Products */;
					ProjectRef = 301BF52D109A57CC0062928A /* CordovaLib/CordovaLib.xcodeproj */;
				},
			);
			projectRoot = "";
			targets = (
				1D6058900D05DD3D006BFB54 /* Isiko */,
			);
		};
/* End PBXProject section */

/* Begin PBXReferenceProxy section */
		301BF535109A57CC0062928A /* libCordova.a */ = {
			isa = PBXReferenceProxy;
			fileType = archive.ar;
			path = libCordova.a;
			remoteRef = 301BF534109A57CC0062928A /* PBXContainerItemProxy */;
			sourceTree = BUILT_PRODUCTS_DIR;
		};
		A1179E1521A61BAF00A06A09 /* Cordova.framework */ = {
			isa = PBXReferenceProxy;
			fileType = wrapper.framework;
			path = Cordova.framework;
			remoteRef = A1179E1421A61BAF00A06A09 /* PBXContainerItemProxy */;
			sourceTree = BUILT_PRODUCTS_DIR;
		};
/* End PBXReferenceProxy section */

/* Begin PBXResourcesBuildPhase section */
		1D60588D0D05DD3D006BFB54 /* Resources */ = {
			isa = PBXResourcesBuildPhase;
			buildActionMask = 2147483647;
			files = (
				302D95F214D2391D003F00A1 /* MainViewController.xib in Resources */,
				0207DA581B56EA530066E2B4 /* Images.xcassets in Resources */,
				6AFF5BF91D6E424B00AB3073 /* CDVLaunchScreen.storyboard in Resources */,
				8B9E0359CC1F45729B4E06FD /* TwitterKitResources.bundle in Resources */,
			);
			runOnlyForDeploymentPostprocessing = 0;
		};
/* End PBXResourcesBuildPhase section */

/* Begin PBXShellScriptBuildPhase section */
		304B58A110DAC018002A0835 /* Copy www directory */ = {
			isa = PBXShellScriptBuildPhase;
			buildActionMask = 2147483647;
			files = (
			);
			inputPaths = (
			);
			name = "Copy www directory";
			outputPaths = (
			);
			runOnlyForDeploymentPostprocessing = 0;
			shellPath = /bin/sh;
			shellScript = "NODEJS_PATH=/usr/local/bin; NVM_NODE_PATH=~/.nvm/versions/node/`nvm version 2>/dev/null`/bin; N_NODE_PATH=`find /usr/local/n/versions/node/* -maxdepth 0 -type d 2>/dev/null | tail -1`/bin; XCODE_NODE_PATH=`xcode-select --print-path`/usr/share/xcs/Node/bin; PATH=$NODEJS_PATH:$NVM_NODE_PATH:$N_NODE_PATH:$XCODE_NODE_PATH:$PATH && node cordova/lib/copy-www-build-step.js";
			showEnvVarsInLog = 0;
		};
/* End PBXShellScriptBuildPhase section */

/* Begin PBXSourcesBuildPhase section */
		1D60588E0D05DD3D006BFB54 /* Sources */ = {
			isa = PBXSourcesBuildPhase;
			buildActionMask = 2147483647;
			files = (
				1D60589B0D05DD56006BFB54 /* main.m in Sources */,
				1D3623260D0F684500981E51 /* AppDelegate.m in Sources */,
				302D95F114D2391D003F00A1 /* MainViewController.m in Sources */,
				E2AB0B90432949F5A43E76BA /* CDVDevice.m in Sources */,
				AEF1324300FF4D5984BD1473 /* FacebookConnectPlugin.m in Sources */,
				C6975B8284154C7797EFAABF /* GooglePlus.m in Sources */,
				F34AA44DF9254FB3A6FB5B63 /* CDVInAppBrowser.m in Sources */,
				56E803635DE24B768853E45B /* CDVIonicKeyboard.m in Sources */,
				C288503DFCCE463DB41FAB9E /* CDVWKWebViewEngine.m in Sources */,
				5A8BAE71C513484AB9CA68CB /* CDVWKWebViewUIDelegate.m in Sources */,
				FCC618E97D0F42079BF6A1B9 /* CDVWKProcessPoolFactory.m in Sources */,
				EECBD6ACCD764BBDB99454F6 /* GCDWebServer.m in Sources */,
				F7C1CCB240D5471E8E040763 /* GCDWebServerConnection.m in Sources */,
				2F5EBA4337804B32961BD2C9 /* GCDWebServerFunctions.m in Sources */,
				AA8C13CA3A754CFEA4730783 /* GCDWebServerRequest.m in Sources */,
				879E1DB8C86A404881637476 /* GCDWebServerResponse.m in Sources */,
				2320F701551D46A6802D488E /* GCDWebServerDataRequest.m in Sources */,
				3EC6A191F08944B7A7585715 /* GCDWebServerFileRequest.m in Sources */,
				1578F06278314E8E9F14C104 /* GCDWebServerMultiPartFormRequest.m in Sources */,
				417B8FF68A194971A7A45F61 /* GCDWebServerURLEncodedFormRequest.m in Sources */,
				B6D7F1CCCC4046E2BE2BEA37 /* GCDWebServerDataResponse.m in Sources */,
				D8800E1181614A33AD324895 /* GCDWebServerErrorResponse.m in Sources */,
				9D95E68DD74A499B86BDC3FE /* GCDWebServerFileResponse.m in Sources */,
				B32C712066FF4A179AE02171 /* GCDWebServerStreamedResponse.m in Sources */,
				E63CAAFF1BA44264BCCC78CC /* CDVSplashScreen.m in Sources */,
				E1A5AE9183354E568F1A9DE2 /* CDVViewController+SplashScreen.m in Sources */,
				2BD643FDBEA34FB9A9708A63 /* CDVStatusBar.m in Sources */,
				2726ACE75099440D8D6A27BD /* TwitterConnect.m in Sources */,
				5870773FD6184D6B9709336D /* ListTimelineViewController.m in Sources */,
			);
			runOnlyForDeploymentPostprocessing = 0;
		};
/* End PBXSourcesBuildPhase section */

/* Begin PBXTargetDependency section */
		301BF551109A68C00062928A /* PBXTargetDependency */ = {
			isa = PBXTargetDependency;
			name = CordovaLib;
			targetProxy = 301BF550109A68C00062928A /* PBXContainerItemProxy */;
		};
/* End PBXTargetDependency section */

/* Begin XCBuildConfiguration section */
		1D6058940D05DD3E006BFB54 /* Debug */ = {
			isa = XCBuildConfiguration;
			baseConfigurationReference = 3047A50F1AB8059700498E2A /* build-debug.xcconfig */;
			buildSettings = {
				ALWAYS_SEARCH_USER_PATHS = NO;
				ASSETCATALOG_COMPILER_APPICON_NAME = AppIcon;
				ASSETCATALOG_COMPILER_LAUNCHIMAGE_NAME = LaunchImage;
				CLANG_ENABLE_MODULES = YES;
				CLANG_ENABLE_OBJC_ARC = YES;
				COPY_PHASE_STRIP = NO;
				DEVELOPMENT_TEAM = 6GUP54HK9V;
				FRAMEWORK_SEARCH_PATHS = (
					"$(inherited)",
					"\"Isiko/Plugins/cordova-plugin-facebook4\"",
					"\"Isiko/Plugins/cordova-plugin-facebook4\"",
					"\"Isiko/Plugins/cordova-plugin-facebook4\"",
					"\"Isiko/Plugins/cordova-plugin-facebook4\"",
					"\"Isiko/Plugins/cordova-plugin-googleplus\"",
					"\"Isiko/Plugins/cordova-plugin-googleplus\"",
					"\"Isiko/Plugins/cordova-plugin-googleplus\"",
					"\"Isiko/Plugins/cordova-plugin-googleplus\"",
					"\"Isiko/Plugins/cordova-plugin-googleplus\"",
					"\"Isiko/Plugins/cordova-plugin-googleplus\"",
					"\"Isiko/Plugins/twitter-connect-plugin\"",
					"\"Isiko/Plugins/twitter-connect-plugin\"",
					"\"Isiko/Plugins/twitter-connect-plugin\"",
				);
				GCC_DYNAMIC_NO_PIC = NO;
				GCC_OPTIMIZATION_LEVEL = 0;
				GCC_PRECOMPILE_PREFIX_HEADER = YES;
				GCC_PREFIX_HEADER = "Isiko/Isiko-Prefix.pch";
				GCC_THUMB_SUPPORT = NO;
				GCC_VERSION = "";
				INFOPLIST_FILE = "Isiko/Isiko-Info.plist";
				IPHONEOS_DEPLOYMENT_TARGET = 9.0;
				LD_RUNPATH_SEARCH_PATHS = "@executable_path/Frameworks";
				PRODUCT_BUNDLE_IDENTIFIER = isiko.io;
				PRODUCT_NAME = Isiko;
				TARGETED_DEVICE_FAMILY = "1,2";
			};
			name = Debug;
		};
		1D6058950D05DD3E006BFB54 /* Release */ = {
			isa = XCBuildConfiguration;
			baseConfigurationReference = 3047A5101AB8059700498E2A /* build-release.xcconfig */;
			buildSettings = {
				ALWAYS_SEARCH_USER_PATHS = NO;
				ASSETCATALOG_COMPILER_APPICON_NAME = AppIcon;
				ASSETCATALOG_COMPILER_LAUNCHIMAGE_NAME = LaunchImage;
				CLANG_ENABLE_MODULES = YES;
				CLANG_ENABLE_OBJC_ARC = YES;
				COPY_PHASE_STRIP = YES;
				DEVELOPMENT_TEAM = 6GUP54HK9V;
				FRAMEWORK_SEARCH_PATHS = (
					"$(inherited)",
					"\"Isiko/Plugins/cordova-plugin-facebook4\"",
					"\"Isiko/Plugins/cordova-plugin-facebook4\"",
					"\"Isiko/Plugins/cordova-plugin-facebook4\"",
					"\"Isiko/Plugins/cordova-plugin-facebook4\"",
					"\"Isiko/Plugins/cordova-plugin-googleplus\"",
					"\"Isiko/Plugins/cordova-plugin-googleplus\"",
					"\"Isiko/Plugins/cordova-plugin-googleplus\"",
					"\"Isiko/Plugins/cordova-plugin-googleplus\"",
					"\"Isiko/Plugins/cordova-plugin-googleplus\"",
					"\"Isiko/Plugins/cordova-plugin-googleplus\"",
					"\"Isiko/Plugins/twitter-connect-plugin\"",
					"\"Isiko/Plugins/twitter-connect-plugin\"",
					"\"Isiko/Plugins/twitter-connect-plugin\"",
				);
				GCC_PRECOMPILE_PREFIX_HEADER = YES;
				GCC_PREFIX_HEADER = "Isiko/Isiko-Prefix.pch";
				GCC_THUMB_SUPPORT = NO;
				GCC_VERSION = "";
				INFOPLIST_FILE = "Isiko/Isiko-Info.plist";
				IPHONEOS_DEPLOYMENT_TARGET = 9.0;
				LD_RUNPATH_SEARCH_PATHS = "@executable_path/Frameworks";
				PRODUCT_BUNDLE_IDENTIFIER = isiko.io;
				PRODUCT_NAME = Isiko;
				TARGETED_DEVICE_FAMILY = "1,2";
			};
			name = Release;
		};
		C01FCF4F08A954540054247B /* Debug */ = {
			isa = XCBuildConfiguration;
			baseConfigurationReference = 3047A5111AB8059700498E2A /* build.xcconfig */;
			buildSettings = {
				CLANG_ENABLE_MODULES = YES;
				CLANG_ENABLE_OBJC_ARC = YES;
				CLANG_WARN_BOOL_CONVERSION = YES;
				CLANG_WARN_CONSTANT_CONVERSION = YES;
				CLANG_WARN_EMPTY_BODY = YES;
				CLANG_WARN_ENUM_CONVERSION = YES;
				CLANG_WARN_INT_CONVERSION = YES;
				CLANG_WARN__DUPLICATE_METHOD_MATCH = YES;
				GCC_C_LANGUAGE_STANDARD = c99;
				GCC_THUMB_SUPPORT = NO;
				GCC_VERSION = "";
				GCC_WARN_ABOUT_RETURN_TYPE = YES;
				GCC_WARN_UNDECLARED_SELECTOR = YES;
				GCC_WARN_UNINITIALIZED_AUTOS = YES;
				GCC_WARN_UNUSED_FUNCTION = YES;
				GCC_WARN_UNUSED_VARIABLE = YES;
				ONLY_ACTIVE_ARCH = YES;
				SDKROOT = iphoneos;
				SKIP_INSTALL = NO;
			};
			name = Debug;
		};
		C01FCF5008A954540054247B /* Release */ = {
			isa = XCBuildConfiguration;
			baseConfigurationReference = 3047A5111AB8059700498E2A /* build.xcconfig */;
			buildSettings = {
				CLANG_ENABLE_MODULES = YES;
				CLANG_ENABLE_OBJC_ARC = YES;
				CLANG_WARN_BOOL_CONVERSION = YES;
				CLANG_WARN_CONSTANT_CONVERSION = YES;
				CLANG_WARN_EMPTY_BODY = YES;
				CLANG_WARN_ENUM_CONVERSION = YES;
				CLANG_WARN_INT_CONVERSION = YES;
				CLANG_WARN__DUPLICATE_METHOD_MATCH = YES;
				GCC_C_LANGUAGE_STANDARD = c99;
				GCC_THUMB_SUPPORT = NO;
				GCC_VERSION = "";
				GCC_WARN_ABOUT_RETURN_TYPE = YES;
				GCC_WARN_UNDECLARED_SELECTOR = YES;
				GCC_WARN_UNINITIALIZED_AUTOS = YES;
				GCC_WARN_UNUSED_FUNCTION = YES;
				GCC_WARN_UNUSED_VARIABLE = YES;
				SDKROOT = iphoneos;
				SKIP_INSTALL = NO;
			};
			name = Release;
		};
/* End XCBuildConfiguration section */

/* Begin XCConfigurationList section */
		1D6058960D05DD3E006BFB54 /* Build configuration list for PBXNativeTarget "Isiko" */ = {
			isa = XCConfigurationList;
			buildConfigurations = (
				1D6058940D05DD3E006BFB54 /* Debug */,
				1D6058950D05DD3E006BFB54 /* Release */,
			);
			defaultConfigurationIsVisible = 0;
			defaultConfigurationName = Release;
		};
		C01FCF4E08A954540054247B /* Build configuration list for PBXProject "Isiko" */ = {
			isa = XCConfigurationList;
			buildConfigurations = (
				C01FCF4F08A954540054247B /* Debug */,
				C01FCF5008A954540054247B /* Release */,
			);
			defaultConfigurationIsVisible = 0;
			defaultConfigurationName = Release;
		};
/* End XCConfigurationList section */
	};
	rootObject = 29B97313FDCFA39411CA2CEA /* Project object */;
}
