// !$*UTF8*$!
{
	archiveVersion = 1;
	classes = {
	};
	objectVersion = 46;
	objects = {
/* Begin PBXBuildFile section */
		0207DA581B56EA530066E2B4 /* Images.xcassets in Resources */ = {isa = PBXBuildFile; fileRef = 0207DA571B56EA530066E2B4 /* Images.xcassets */; };
		1D3623260D0F684500981E51 /* AppDelegate.m in Sources */ = {isa = PBXBuildFile; fileRef = 1D3623250D0F684500981E51 /* AppDelegate.m */; };
		1D60589B0D05DD56006BFB54 /* main.m in Sources */ = {isa = PBXBuildFile; fileRef = 29B97316FDCFA39411CA2CEA /* main.m */; };
		301BF552109A68D80062928A /* libCordova.a in Frameworks */ = {isa = PBXBuildFile; fileRef = 301BF535109A57CC0062928A /* libCordova.a */; };
		302D95F114D2391D003F00A1 /* MainViewController.m in Sources */ = {isa = PBXBuildFile; fileRef = 302D95EF14D2391D003F00A1 /* MainViewController.m */; };
		302D95F214D2391D003F00A1 /* MainViewController.xib in Resources */ = {isa = PBXBuildFile; fileRef = 302D95F014D2391D003F00A1 /* MainViewController.xib */; };
		3047A5121AB8059700498E2A /* build-debug.xcconfig in Resources */ = {isa = PBXBuildFile; fileRef = 3047A50F1AB8059700498E2A /* build-debug.xcconfig */; };
		3047A5131AB8059700498E2A /* build-release.xcconfig in Resources */ = {isa = PBXBuildFile; fileRef = 3047A5101AB8059700498E2A /* build-release.xcconfig */; };
		3047A5141AB8059700498E2A /* build.xcconfig in Resources */ = {isa = PBXBuildFile; fileRef = 3047A5111AB8059700498E2A /* build.xcconfig */; };
		6AFF5BF91D6E424B00AB3073 /* CDVLaunchScreen.storyboard in Resources */ = {isa = PBXBuildFile; fileRef = 6AFF5BF81D6E424B00AB3073 /* CDVLaunchScreen.storyboard */; };
		84C5E665444941689B26DDD5 /* CDVDevice.m in Sources */ = {isa = PBXBuildFile; fileRef = 3561E2DDF8664B4AB020448E /* CDVDevice.m */; };
		8F219EE321A04C20BC28539D /* FacebookConnectPlugin.m in Sources */ = {isa = PBXBuildFile; fileRef = 29D5A6C7877143CD8822B6A9 /* FacebookConnectPlugin.m */; };
		6316E4FDB5ED460981ADE092 /* Bolts.framework in Frameworks */ = {isa = PBXBuildFile; fileRef = C333DEDD987A42238C8B2B53 /* Bolts.framework */; };
		2D5B0C7C9E9A4D8FB4D56002 /* FBSDKCoreKit.framework in Frameworks */ = {isa = PBXBuildFile; fileRef = E55AE4B18E964F24B94FD98D /* FBSDKCoreKit.framework */; };
		3F066E1D7B97426C8C48DBAA /* FBSDKLoginKit.framework in Frameworks */ = {isa = PBXBuildFile; fileRef = 012CFDC614EA4E948FE74889 /* FBSDKLoginKit.framework */; };
		1F9C40FF07E2444E9ED6821A /* FBSDKShareKit.framework in Frameworks */ = {isa = PBXBuildFile; fileRef = 3B6A768248AB438A80F04C06 /* FBSDKShareKit.framework */; };
		61FDB36637AC4C288BEAE5C5 /* GooglePlus.m in Sources */ = {isa = PBXBuildFile; fileRef = A7587BDB2FF945919A5EDD7C /* GooglePlus.m */; };
		852CE618446B4C30A941DEEC /* GoogleAppUtilities.framework in Frameworks */ = {isa = PBXBuildFile; fileRef = 0167582F974347B792DBC6B8 /* GoogleAppUtilities.framework */; };
		506AFEFBF135470186C940E6 /* GoogleAuthUtilities.framework in Frameworks */ = {isa = PBXBuildFile; fileRef = 16E1CBC999BB4476A629AB4A /* GoogleAuthUtilities.framework */; };
		37F743F67B58418487C169EF /* GoogleNetworkingUtilities.framework in Frameworks */ = {isa = PBXBuildFile; fileRef = C9350A67ECDC42B9B6ABF001 /* GoogleNetworkingUtilities.framework */; };
		F4584D372DCC41DFBAE0A2CE /* GoogleSignIn.framework in Frameworks */ = {isa = PBXBuildFile; fileRef = 5DA5455A38B24798A8020C92 /* GoogleSignIn.framework */; };
		8BD9EFEEA30E4611A79D5CE4 /* GoogleSymbolUtilities.framework in Frameworks */ = {isa = PBXBuildFile; fileRef = 9801B446092A4ABE8E506105 /* GoogleSymbolUtilities.framework */; };
		171F728C1D9F421098547C1B /* GoogleUtilities.framework in Frameworks */ = {isa = PBXBuildFile; fileRef = 75BBD9AADD154B23A75132BD /* GoogleUtilities.framework */; };
		25659A16ACD540B190F71663 /* AddressBook.framework in Frameworks */ = {isa = PBXBuildFile; fileRef = 1DA1EC607D0C41938A0821DA /* AddressBook.framework */; settings = {ATTRIBUTES = (Weak, ); }; };
		7FC595A5B9BA4E5590FF1526 /* CoreText.framework in Frameworks */ = {isa = PBXBuildFile; fileRef = 4C5A032B6A0A490FB83AD278 /* CoreText.framework */; settings = {ATTRIBUTES = (Weak, ); }; };
		7DBF2B2A5D304ACAAD2F5FF4 /* SafariServices.framework in Frameworks */ = {isa = PBXBuildFile; fileRef = FD6CEF0CEBA9488B8C6CDEF6 /* SafariServices.framework */; settings = {ATTRIBUTES = (Weak, ); }; };
		DE9C08CFFD184E6CAE61C174 /* Security.framework in Frameworks */ = {isa = PBXBuildFile; fileRef = 9D823950810848309C5541AE /* Security.framework */; settings = {ATTRIBUTES = (Weak, ); }; };
		D36133CA7672452299F96343 /* SystemConfiguration.framework in Frameworks */ = {isa = PBXBuildFile; fileRef = CEB418C1DA74420B8BD9BBCE /* SystemConfiguration.framework */; settings = {ATTRIBUTES = (Weak, ); }; };
		FE39BE02E3254F578A25D923 /* libz.tbd in Frameworks */ = {isa = PBXBuildFile; fileRef = EB38CA0496A348AFA766CD3B /* libz.tbd */; settings = {ATTRIBUTES = (Weak, ); }; };
		40F8138AD4A445C79778A247 /* libz.dylib in Frameworks */ = {isa = PBXBuildFile; fileRef = DD89EED6BF274D2FBC818C2B /* libz.dylib */; settings = {ATTRIBUTES = (Weak, ); }; };
		1FD3788BCA0947399ED78788 /* CDVInAppBrowser.m in Sources */ = {isa = PBXBuildFile; fileRef = D1F61E39AD1D4ACBA4E0D89B /* CDVInAppBrowser.m */; };
		072E7D65E73A4A488E6EB1B8 /* CDVIonicKeyboard.m in Sources */ = {isa = PBXBuildFile; fileRef = 6FC632E1253E47A2BD63D3F3 /* CDVIonicKeyboard.m */; };
		CFF3CDEFCA334F0B851CDD39 /* CDVWKWebViewEngine.m in Sources */ = {isa = PBXBuildFile; fileRef = 9389E22B7CE04AC8B2016502 /* CDVWKWebViewEngine.m */; };
		1244C4E10E824CF4A95A4D50 /* CDVWKWebViewUIDelegate.m in Sources */ = {isa = PBXBuildFile; fileRef = 2E04979C7D36400AB0FB16B0 /* CDVWKWebViewUIDelegate.m */; };
		805B68C84BAD44FAA9D8553E /* CDVWKProcessPoolFactory.m in Sources */ = {isa = PBXBuildFile; fileRef = AB0F57328D3545AD8A77C0BD /* CDVWKProcessPoolFactory.m */; };
		6132E6EF863745479D9C2FAD /* GCDWebServer.m in Sources */ = {isa = PBXBuildFile; fileRef = 4226BF2581784EE6B794A29F /* GCDWebServer.m */; };
		CE50C216F9EF44418966A453 /* GCDWebServerConnection.m in Sources */ = {isa = PBXBuildFile; fileRef = C12BD172AEF24CCC80268C72 /* GCDWebServerConnection.m */; };
		6AC29BD4A93B4F7980D3A9C5 /* GCDWebServerFunctions.m in Sources */ = {isa = PBXBuildFile; fileRef = A17A352D85EE4856A55A3E27 /* GCDWebServerFunctions.m */; };
		C1D2B1D6ABFD404D83A8DAC1 /* GCDWebServerRequest.m in Sources */ = {isa = PBXBuildFile; fileRef = 3A683DA82A4A4E579232E4A1 /* GCDWebServerRequest.m */; };
		21DD6B412BC54447BA43D49C /* GCDWebServerResponse.m in Sources */ = {isa = PBXBuildFile; fileRef = 4F47A58291484BB9934ADE11 /* GCDWebServerResponse.m */; };
		61BCF122D82F4CE2ACAF5F22 /* GCDWebServerDataRequest.m in Sources */ = {isa = PBXBuildFile; fileRef = A85DDDC1A63E4C6982D47504 /* GCDWebServerDataRequest.m */; };
		AE462C35DB5849DAB647543A /* GCDWebServerFileRequest.m in Sources */ = {isa = PBXBuildFile; fileRef = 388A6A37B13547B2B0DA547B /* GCDWebServerFileRequest.m */; };
		06266A890608459AB66BEBCF /* GCDWebServerMultiPartFormRequest.m in Sources */ = {isa = PBXBuildFile; fileRef = DFEF127D1F2D409390D0E089 /* GCDWebServerMultiPartFormRequest.m */; };
		316E5D1FA0434301A1C57B93 /* GCDWebServerURLEncodedFormRequest.m in Sources */ = {isa = PBXBuildFile; fileRef = CADDF407476F4BC896199D71 /* GCDWebServerURLEncodedFormRequest.m */; };
		F1CFF861CCB6492E9354EBD1 /* GCDWebServerDataResponse.m in Sources */ = {isa = PBXBuildFile; fileRef = 4B8B04A025B34DEABDCABC90 /* GCDWebServerDataResponse.m */; };
		C3508187624D4356858F545A /* GCDWebServerErrorResponse.m in Sources */ = {isa = PBXBuildFile; fileRef = 2F0F46FC825B4FBBABC1DB70 /* GCDWebServerErrorResponse.m */; };
		7DA87F47E2A84CC79E6D39CC /* GCDWebServerFileResponse.m in Sources */ = {isa = PBXBuildFile; fileRef = C328DEF461324EED978C6735 /* GCDWebServerFileResponse.m */; };
		25B8A243E32C4E1B9E9F977F /* GCDWebServerStreamedResponse.m in Sources */ = {isa = PBXBuildFile; fileRef = 621CD7E440494131A1BFDFFD /* GCDWebServerStreamedResponse.m */; };
		2E8C57CEF6D4457E8E894C88 /* WebKit.framework in Frameworks */ = {isa = PBXBuildFile; fileRef = 3F37157D154F4F08935AC1DA /* WebKit.framework */; settings = {ATTRIBUTES = (Weak, ); }; };
		1FB9E65E403D48E487CA7AD2 /* NativeAudio.m in Sources */ = {isa = PBXBuildFile; fileRef = 693422689FF543D2B5401DB0 /* NativeAudio.m */; };
		43B8E71391C54DEB9E3E5B26 /* NativeAudioAsset.m in Sources */ = {isa = PBXBuildFile; fileRef = D8B1376D950A4984A3C1F444 /* NativeAudioAsset.m */; };
		CE4E4D4AF5F44B03A982E661 /* Foundation.framework in Frameworks */ = {isa = PBXBuildFile; fileRef = 6986C6A49CB24D688110CCEE /* Foundation.framework */; };
		68AFAA5573374418B2312A6F /* AVFoundation.framework in Frameworks */ = {isa = PBXBuildFile; fileRef = EB08010DB4934F659B7181B5 /* AVFoundation.framework */; };
		B09BBE88FFBD4CFBAAC7D40E /* AudioToolbox.framework in Frameworks */ = {isa = PBXBuildFile; fileRef = B54130AFEA2C47799C91325D /* AudioToolbox.framework */; };
		8758824F51FC4B7CB29BAE07 /* CDVSplashScreen.m in Sources */ = {isa = PBXBuildFile; fileRef = FE36A228581A431F8D970043 /* CDVSplashScreen.m */; };
		4CC01F7C0857459A804DB4FE /* CDVViewController+SplashScreen.m in Sources */ = {isa = PBXBuildFile; fileRef = E362685C79574A89BB54D0D3 /* CDVViewController+SplashScreen.m */; };
		BCC51095D8F74E1C92CE5FD2 /* CDVStatusBar.m in Sources */ = {isa = PBXBuildFile; fileRef = 70527285F6DA4A7CBCB3ADD6 /* CDVStatusBar.m */; };
		7C08466F320D493D8CC7BA93 /* TwitterConnect.m in Sources */ = {isa = PBXBuildFile; fileRef = 6236ACB76ECF48A3B50E38F3 /* TwitterConnect.m */; };
		5D001197D33E4714A5B036CF /* ListTimelineViewController.m in Sources */ = {isa = PBXBuildFile; fileRef = FB464E1E27B444FAB7500A7E /* ListTimelineViewController.m */; };
		81ACAD385CA447AF8762D3B6 /* TwitterKitResources.bundle in Resources */ = {isa = PBXBuildFile; fileRef = DCEF8F974A0448969AF22549 /* TwitterKitResources.bundle */; };
		8A670823C8BC4B63A15017AE /* Fabric.framework in Frameworks */ = {isa = PBXBuildFile; fileRef = 15E3C09BF34D4DF6839B4D7A /* Fabric.framework */; };
		F0C387D708C84A65AA34C750 /* TwitterKit.framework in Frameworks */ = {isa = PBXBuildFile; fileRef = 291F4D3FE4C14FAAAF90690A /* TwitterKit.framework */; };
		B3CAAA51866C42A589D858FF /* TwitterCore.framework in Frameworks */ = {isa = PBXBuildFile; fileRef = A03DBFF5B9DA4D5B8A7C921A /* TwitterCore.framework */; };
		9ED6B23A2F38427E87C8F1CD /* QuartzCore.framework in Frameworks */ = {isa = PBXBuildFile; fileRef = B21E145C147C460496F9DE32 /* QuartzCore.framework */; };
		8CD1B2334F4C42F795BDCDB3 /* Accounts.framework in Frameworks */ = {isa = PBXBuildFile; fileRef = 089E82A9299A4682AB7050E7 /* Accounts.framework */; };
		2CC5F9BFECE6437CAFEC5714 /* Social.framework in Frameworks */ = {isa = PBXBuildFile; fileRef = E5CD8E75536D41D3BE256374 /* Social.framework */; };
		4C5994848E954B11953D8EF6 /* CoreData.framework in Frameworks */ = {isa = PBXBuildFile; fileRef = 822FB34EE778416CB9F30713 /* CoreData.framework */; };
/* End PBXBuildFile section */

/* Begin PBXContainerItemProxy section */
		301BF534109A57CC0062928A /* PBXContainerItemProxy */ = {
			isa = PBXContainerItemProxy;
			containerPortal = 301BF52D109A57CC0062928A /* CordovaLib.xcodeproj */;
			proxyType = 2;
			remoteGlobalIDString = D2AAC07E0554694100DB518D;
			remoteInfo = CordovaLib;
		};
		301BF550109A68C00062928A /* PBXContainerItemProxy */ = {
			isa = PBXContainerItemProxy;
			containerPortal = 301BF52D109A57CC0062928A /* CordovaLib.xcodeproj */;
			proxyType = 1;
			remoteGlobalIDString = D2AAC07D0554694100DB518D;
			remoteInfo = CordovaLib;
		};
/* End PBXContainerItemProxy section */

/* Begin PBXFileReference section */
		0207DA571B56EA530066E2B4 /* Images.xcassets */ = {isa = PBXFileReference; lastKnownFileType = folder.assetcatalog; name = Images.xcassets; path = "Isiko/Images.xcassets"; sourceTree = SOURCE_ROOT; };
		1D3623240D0F684500981E51 /* AppDelegate.h */ = {isa = PBXFileReference; fileEncoding = 4; lastKnownFileType = sourcecode.c.h; path = AppDelegate.h; sourceTree = "<group>"; };
		1D3623250D0F684500981E51 /* AppDelegate.m */ = {isa = PBXFileReference; fileEncoding = 4; lastKnownFileType = sourcecode.c.objc; path = AppDelegate.m; sourceTree = "<group>"; };
		1D6058910D05DD3D006BFB54 /* Isiko.app */ = {isa = PBXFileReference; explicitFileType = wrapper.application; includeInIndex = 0; path = "Isiko.app"; sourceTree = BUILT_PRODUCTS_DIR; };
		29B97316FDCFA39411CA2CEA /* main.m */ = {isa = PBXFileReference; fileEncoding = 4; lastKnownFileType = sourcecode.c.objc; path = main.m; sourceTree = "<group>"; };
		301BF52D109A57CC0062928A /* CordovaLib.xcodeproj */ = {isa = PBXFileReference; lastKnownFileType = "wrapper.pb-project"; path = CordovaLib/CordovaLib.xcodeproj; sourceTree = "<group>"; };
		301BF56E109A69640062928A /* www */ = {isa = PBXFileReference; lastKnownFileType = folder; path = www; sourceTree = SOURCE_ROOT; };
		302D95EE14D2391D003F00A1 /* MainViewController.h */ = {isa = PBXFileReference; fileEncoding = 4; lastKnownFileType = sourcecode.c.h; path = MainViewController.h; sourceTree = "<group>"; };
		302D95EF14D2391D003F00A1 /* MainViewController.m */ = {isa = PBXFileReference; fileEncoding = 4; lastKnownFileType = sourcecode.c.objc; path = MainViewController.m; sourceTree = "<group>"; };
		302D95F014D2391D003F00A1 /* MainViewController.xib */ = {isa = PBXFileReference; fileEncoding = 4; lastKnownFileType = file.xib; path = MainViewController.xib; sourceTree = "<group>"; };
		3047A50F1AB8059700498E2A /* build-debug.xcconfig */ = {isa = PBXFileReference; fileEncoding = 4; lastKnownFileType = text.xcconfig; name = "build-debug.xcconfig"; path = cordova/build-debug.xcconfig; sourceTree = SOURCE_ROOT; };
		3047A5101AB8059700498E2A /* build-release.xcconfig */ = {isa = PBXFileReference; fileEncoding = 4; lastKnownFileType = text.xcconfig; name = "build-release.xcconfig"; path = cordova/build-release.xcconfig; sourceTree = SOURCE_ROOT; };
		3047A5111AB8059700498E2A /* build.xcconfig */ = {isa = PBXFileReference; fileEncoding = 4; lastKnownFileType = text.xcconfig; name = build.xcconfig; path = cordova/build.xcconfig; sourceTree = SOURCE_ROOT; };
		32CA4F630368D1EE00C91783 /* Isiko-Prefix.pch */ = {isa = PBXFileReference; fileEncoding = 4; lastKnownFileType = sourcecode.c.h; path = "Isiko-Prefix.pch"; sourceTree = "<group>"; };
		6AFF5BF81D6E424B00AB3073 /* CDVLaunchScreen.storyboard */ = {isa = PBXFileReference; fileEncoding = 4; lastKnownFileType = file.storyboard; name = CDVLaunchScreen.storyboard; path = "Isiko/CDVLaunchScreen.storyboard"; sourceTree = SOURCE_ROOT; };
		8D1107310486CEB800E47090 /* Isiko-Info.plist */ = {isa = PBXFileReference; fileEncoding = 4; lastKnownFileType = text.plist.xml; name = "Isiko-Info.plist"; path = "Isiko/Isiko-Info.plist"; plistStructureDefinitionIdentifier = "com.apple.xcode.plist.structure-definition.iphone.info-plist"; sourceTree = SOURCE_ROOT; };
		EB87FDF31871DA8E0020F90C /* www */ = {isa = PBXFileReference; lastKnownFileType = folder; name = www; path = ../../www; sourceTree = "<group>"; };
		EB87FDF41871DAF40020F90C /* config.xml */ = {isa = PBXFileReference; lastKnownFileType = text.xml; name = config.xml; path = ../../config.xml; sourceTree = "<group>"; };
		F840E1F0165FE0F500CFE078 /* config.xml */ = {isa = PBXFileReference; lastKnownFileType = text.xml; name = config.xml; path = "Isiko/config.xml"; sourceTree = "<group>"; };
		ED33DF2A687741AEAF9F8254 /* Bridging-Header.h */ = {isa = PBXFileReference; fileEncoding = 4; lastKnownFileType = sourcecode.c.h; name = "Bridging-Header.h"; path = "Bridging-Header.h"; sourceTree = "<group>"; };
		3561E2DDF8664B4AB020448E /* CDVDevice.m */ = {isa = PBXFileReference; name = "CDVDevice.m"; path = "cordova-plugin-device/CDVDevice.m"; sourceTree = "<group>"; fileEncoding = 4; lastKnownFileType = sourcecode.c.objc; explicitFileType = undefined; includeInIndex = 0; };
		0514DBCAD78B4D9781A68099 /* CDVDevice.h */ = {isa = PBXFileReference; name = "CDVDevice.h"; path = "cordova-plugin-device/CDVDevice.h"; sourceTree = "<group>"; fileEncoding = 4; lastKnownFileType = sourcecode.c.h; explicitFileType = undefined; includeInIndex = 0; };
		29D5A6C7877143CD8822B6A9 /* FacebookConnectPlugin.m */ = {isa = PBXFileReference; name = "FacebookConnectPlugin.m"; path = "cordova-plugin-facebook4/FacebookConnectPlugin.m"; sourceTree = "<group>"; fileEncoding = 4; lastKnownFileType = sourcecode.c.objc; explicitFileType = undefined; includeInIndex = 0; };
		97A57920CE684002AABBC1F3 /* FacebookConnectPlugin.h */ = {isa = PBXFileReference; name = "FacebookConnectPlugin.h"; path = "cordova-plugin-facebook4/FacebookConnectPlugin.h"; sourceTree = "<group>"; fileEncoding = 4; lastKnownFileType = sourcecode.c.h; explicitFileType = undefined; includeInIndex = 0; };
		C333DEDD987A42238C8B2B53 /* Bolts.framework */ = {isa = PBXFileReference; name = "Bolts.framework"; path = "Isiko/Plugins/cordova-plugin-facebook4/Bolts.framework"; sourceTree = "<group>"; fileEncoding = undefined; lastKnownFileType = wrapper.framework; explicitFileType = undefined; includeInIndex = 0; };
		E55AE4B18E964F24B94FD98D /* FBSDKCoreKit.framework */ = {isa = PBXFileReference; name = "FBSDKCoreKit.framework"; path = "Isiko/Plugins/cordova-plugin-facebook4/FBSDKCoreKit.framework"; sourceTree = "<group>"; fileEncoding = undefined; lastKnownFileType = wrapper.framework; explicitFileType = undefined; includeInIndex = 0; };
		012CFDC614EA4E948FE74889 /* FBSDKLoginKit.framework */ = {isa = PBXFileReference; name = "FBSDKLoginKit.framework"; path = "Isiko/Plugins/cordova-plugin-facebook4/FBSDKLoginKit.framework"; sourceTree = "<group>"; fileEncoding = undefined; lastKnownFileType = wrapper.framework; explicitFileType = undefined; includeInIndex = 0; };
		3B6A768248AB438A80F04C06 /* FBSDKShareKit.framework */ = {isa = PBXFileReference; name = "FBSDKShareKit.framework"; path = "Isiko/Plugins/cordova-plugin-facebook4/FBSDKShareKit.framework"; sourceTree = "<group>"; fileEncoding = undefined; lastKnownFileType = wrapper.framework; explicitFileType = undefined; includeInIndex = 0; };
		A7587BDB2FF945919A5EDD7C /* GooglePlus.m */ = {isa = PBXFileReference; name = "GooglePlus.m"; path = "cordova-plugin-googleplus/GooglePlus.m"; sourceTree = "<group>"; fileEncoding = 4; lastKnownFileType = sourcecode.c.objc; explicitFileType = undefined; includeInIndex = 0; };
		9F0CC8B6961749B7A164C902 /* GooglePlus.h */ = {isa = PBXFileReference; name = "GooglePlus.h"; path = "cordova-plugin-googleplus/GooglePlus.h"; sourceTree = "<group>"; fileEncoding = 4; lastKnownFileType = sourcecode.c.h; explicitFileType = undefined; includeInIndex = 0; };
		0167582F974347B792DBC6B8 /* GoogleAppUtilities.framework */ = {isa = PBXFileReference; name = "GoogleAppUtilities.framework"; path = "Isiko/Plugins/cordova-plugin-googleplus/GoogleAppUtilities.framework"; sourceTree = "<group>"; fileEncoding = undefined; lastKnownFileType = wrapper.framework; explicitFileType = undefined; includeInIndex = 0; };
		16E1CBC999BB4476A629AB4A /* GoogleAuthUtilities.framework */ = {isa = PBXFileReference; name = "GoogleAuthUtilities.framework"; path = "Isiko/Plugins/cordova-plugin-googleplus/GoogleAuthUtilities.framework"; sourceTree = "<group>"; fileEncoding = undefined; lastKnownFileType = wrapper.framework; explicitFileType = undefined; includeInIndex = 0; };
		C9350A67ECDC42B9B6ABF001 /* GoogleNetworkingUtilities.framework */ = {isa = PBXFileReference; name = "GoogleNetworkingUtilities.framework"; path = "Isiko/Plugins/cordova-plugin-googleplus/GoogleNetworkingUtilities.framework"; sourceTree = "<group>"; fileEncoding = undefined; lastKnownFileType = wrapper.framework; explicitFileType = undefined; includeInIndex = 0; };
		5DA5455A38B24798A8020C92 /* GoogleSignIn.framework */ = {isa = PBXFileReference; name = "GoogleSignIn.framework"; path = "Isiko/Plugins/cordova-plugin-googleplus/GoogleSignIn.framework"; sourceTree = "<group>"; fileEncoding = undefined; lastKnownFileType = wrapper.framework; explicitFileType = undefined; includeInIndex = 0; };
		9801B446092A4ABE8E506105 /* GoogleSymbolUtilities.framework */ = {isa = PBXFileReference; name = "GoogleSymbolUtilities.framework"; path = "Isiko/Plugins/cordova-plugin-googleplus/GoogleSymbolUtilities.framework"; sourceTree = "<group>"; fileEncoding = undefined; lastKnownFileType = wrapper.framework; explicitFileType = undefined; includeInIndex = 0; };
		75BBD9AADD154B23A75132BD /* GoogleUtilities.framework */ = {isa = PBXFileReference; name = "GoogleUtilities.framework"; path = "Isiko/Plugins/cordova-plugin-googleplus/GoogleUtilities.framework"; sourceTree = "<group>"; fileEncoding = undefined; lastKnownFileType = wrapper.framework; explicitFileType = undefined; includeInIndex = 0; };
		1DA1EC607D0C41938A0821DA /* AddressBook.framework */ = {isa = PBXFileReference; name = "AddressBook.framework"; path = "System/Library/Frameworks/AddressBook.framework"; sourceTree = SDKROOT; fileEncoding = undefined; lastKnownFileType = wrapper.framework; explicitFileType = undefined; includeInIndex = 0; };
		4C5A032B6A0A490FB83AD278 /* CoreText.framework */ = {isa = PBXFileReference; name = "CoreText.framework"; path = "System/Library/Frameworks/CoreText.framework"; sourceTree = SDKROOT; fileEncoding = undefined; lastKnownFileType = wrapper.framework; explicitFileType = undefined; includeInIndex = 0; };
		FD6CEF0CEBA9488B8C6CDEF6 /* SafariServices.framework */ = {isa = PBXFileReference; name = "SafariServices.framework"; path = "System/Library/Frameworks/SafariServices.framework"; sourceTree = SDKROOT; fileEncoding = undefined; lastKnownFileType = wrapper.framework; explicitFileType = undefined; includeInIndex = 0; };
		9D823950810848309C5541AE /* Security.framework */ = {isa = PBXFileReference; name = "Security.framework"; path = "System/Library/Frameworks/Security.framework"; sourceTree = SDKROOT; fileEncoding = undefined; lastKnownFileType = wrapper.framework; explicitFileType = undefined; includeInIndex = 0; };
		CEB418C1DA74420B8BD9BBCE /* SystemConfiguration.framework */ = {isa = PBXFileReference; name = "SystemConfiguration.framework"; path = "System/Library/Frameworks/SystemConfiguration.framework"; sourceTree = SDKROOT; fileEncoding = undefined; lastKnownFileType = wrapper.framework; explicitFileType = undefined; includeInIndex = 0; };
		EB38CA0496A348AFA766CD3B /* libz.tbd */ = {isa = PBXFileReference; name = "libz.tbd"; path = "usr/lib/libz.tbd"; sourceTree = SDKROOT; fileEncoding = undefined; lastKnownFileType = sourcecode.text-based-dylib-definition; explicitFileType = undefined; includeInIndex = 0; };
		DD89EED6BF274D2FBC818C2B /* libz.dylib */ = {isa = PBXFileReference; name = "libz.dylib"; path = "usr/lib/libz.dylib"; sourceTree = SDKROOT; fileEncoding = undefined; lastKnownFileType = compiled.mach-o.dylib; explicitFileType = undefined; includeInIndex = 0; };
		D1F61E39AD1D4ACBA4E0D89B /* CDVInAppBrowser.m */ = {isa = PBXFileReference; name = "CDVInAppBrowser.m"; path = "cordova-plugin-inappbrowser/CDVInAppBrowser.m"; sourceTree = "<group>"; fileEncoding = 4; lastKnownFileType = sourcecode.c.objc; explicitFileType = undefined; includeInIndex = 0; };
		39BF40ACF796436BA62F5CC6 /* CDVInAppBrowser.h */ = {isa = PBXFileReference; name = "CDVInAppBrowser.h"; path = "cordova-plugin-inappbrowser/CDVInAppBrowser.h"; sourceTree = "<group>"; fileEncoding = 4; lastKnownFileType = sourcecode.c.h; explicitFileType = undefined; includeInIndex = 0; };
		6FC632E1253E47A2BD63D3F3 /* CDVIonicKeyboard.m */ = {isa = PBXFileReference; name = "CDVIonicKeyboard.m"; path = "cordova-plugin-ionic-keyboard/CDVIonicKeyboard.m"; sourceTree = "<group>"; fileEncoding = 4; lastKnownFileType = sourcecode.c.objc; explicitFileType = undefined; includeInIndex = 0; };
		54F91EB560C54386B39B3322 /* CDVIonicKeyboard.h */ = {isa = PBXFileReference; name = "CDVIonicKeyboard.h"; path = "cordova-plugin-ionic-keyboard/CDVIonicKeyboard.h"; sourceTree = "<group>"; fileEncoding = 4; lastKnownFileType = sourcecode.c.h; explicitFileType = undefined; includeInIndex = 0; };
		9389E22B7CE04AC8B2016502 /* CDVWKWebViewEngine.m */ = {isa = PBXFileReference; name = "CDVWKWebViewEngine.m"; path = "cordova-plugin-ionic-webview/CDVWKWebViewEngine.m"; sourceTree = "<group>"; fileEncoding = 4; lastKnownFileType = sourcecode.c.objc; explicitFileType = undefined; includeInIndex = 0; };
		2E04979C7D36400AB0FB16B0 /* CDVWKWebViewUIDelegate.m */ = {isa = PBXFileReference; name = "CDVWKWebViewUIDelegate.m"; path = "cordova-plugin-ionic-webview/CDVWKWebViewUIDelegate.m"; sourceTree = "<group>"; fileEncoding = 4; lastKnownFileType = sourcecode.c.objc; explicitFileType = undefined; includeInIndex = 0; };
		AB0F57328D3545AD8A77C0BD /* CDVWKProcessPoolFactory.m */ = {isa = PBXFileReference; name = "CDVWKProcessPoolFactory.m"; path = "cordova-plugin-ionic-webview/CDVWKProcessPoolFactory.m"; sourceTree = "<group>"; fileEncoding = 4; lastKnownFileType = sourcecode.c.objc; explicitFileType = undefined; includeInIndex = 0; };
		4226BF2581784EE6B794A29F /* GCDWebServer.m */ = {isa = PBXFileReference; name = "GCDWebServer.m"; path = "cordova-plugin-ionic-webview/GCDWebServer.m"; sourceTree = "<group>"; fileEncoding = 4; lastKnownFileType = sourcecode.c.objc; explicitFileType = undefined; includeInIndex = 0; };
		C12BD172AEF24CCC80268C72 /* GCDWebServerConnection.m */ = {isa = PBXFileReference; name = "GCDWebServerConnection.m"; path = "cordova-plugin-ionic-webview/GCDWebServerConnection.m"; sourceTree = "<group>"; fileEncoding = 4; lastKnownFileType = sourcecode.c.objc; explicitFileType = undefined; includeInIndex = 0; };
		A17A352D85EE4856A55A3E27 /* GCDWebServerFunctions.m */ = {isa = PBXFileReference; name = "GCDWebServerFunctions.m"; path = "cordova-plugin-ionic-webview/GCDWebServerFunctions.m"; sourceTree = "<group>"; fileEncoding = 4; lastKnownFileType = sourcecode.c.objc; explicitFileType = undefined; includeInIndex = 0; };
		3A683DA82A4A4E579232E4A1 /* GCDWebServerRequest.m */ = {isa = PBXFileReference; name = "GCDWebServerRequest.m"; path = "cordova-plugin-ionic-webview/GCDWebServerRequest.m"; sourceTree = "<group>"; fileEncoding = 4; lastKnownFileType = sourcecode.c.objc; explicitFileType = undefined; includeInIndex = 0; };
		4F47A58291484BB9934ADE11 /* GCDWebServerResponse.m */ = {isa = PBXFileReference; name = "GCDWebServerResponse.m"; path = "cordova-plugin-ionic-webview/GCDWebServerResponse.m"; sourceTree = "<group>"; fileEncoding = 4; lastKnownFileType = sourcecode.c.objc; explicitFileType = undefined; includeInIndex = 0; };
		A85DDDC1A63E4C6982D47504 /* GCDWebServerDataRequest.m */ = {isa = PBXFileReference; name = "GCDWebServerDataRequest.m"; path = "cordova-plugin-ionic-webview/GCDWebServerDataRequest.m"; sourceTree = "<group>"; fileEncoding = 4; lastKnownFileType = sourcecode.c.objc; explicitFileType = undefined; includeInIndex = 0; };
		388A6A37B13547B2B0DA547B /* GCDWebServerFileRequest.m */ = {isa = PBXFileReference; name = "GCDWebServerFileRequest.m"; path = "cordova-plugin-ionic-webview/GCDWebServerFileRequest.m"; sourceTree = "<group>"; fileEncoding = 4; lastKnownFileType = sourcecode.c.objc; explicitFileType = undefined; includeInIndex = 0; };
		DFEF127D1F2D409390D0E089 /* GCDWebServerMultiPartFormRequest.m */ = {isa = PBXFileReference; name = "GCDWebServerMultiPartFormRequest.m"; path = "cordova-plugin-ionic-webview/GCDWebServerMultiPartFormRequest.m"; sourceTree = "<group>"; fileEncoding = 4; lastKnownFileType = sourcecode.c.objc; explicitFileType = undefined; includeInIndex = 0; };
		CADDF407476F4BC896199D71 /* GCDWebServerURLEncodedFormRequest.m */ = {isa = PBXFileReference; name = "GCDWebServerURLEncodedFormRequest.m"; path = "cordova-plugin-ionic-webview/GCDWebServerURLEncodedFormRequest.m"; sourceTree = "<group>"; fileEncoding = 4; lastKnownFileType = sourcecode.c.objc; explicitFileType = undefined; includeInIndex = 0; };
		4B8B04A025B34DEABDCABC90 /* GCDWebServerDataResponse.m */ = {isa = PBXFileReference; name = "GCDWebServerDataResponse.m"; path = "cordova-plugin-ionic-webview/GCDWebServerDataResponse.m"; sourceTree = "<group>"; fileEncoding = 4; lastKnownFileType = sourcecode.c.objc; explicitFileType = undefined; includeInIndex = 0; };
		2F0F46FC825B4FBBABC1DB70 /* GCDWebServerErrorResponse.m */ = {isa = PBXFileReference; name = "GCDWebServerErrorResponse.m"; path = "cordova-plugin-ionic-webview/GCDWebServerErrorResponse.m"; sourceTree = "<group>"; fileEncoding = 4; lastKnownFileType = sourcecode.c.objc; explicitFileType = undefined; includeInIndex = 0; };
		C328DEF461324EED978C6735 /* GCDWebServerFileResponse.m */ = {isa = PBXFileReference; name = "GCDWebServerFileResponse.m"; path = "cordova-plugin-ionic-webview/GCDWebServerFileResponse.m"; sourceTree = "<group>"; fileEncoding = 4; lastKnownFileType = sourcecode.c.objc; explicitFileType = undefined; includeInIndex = 0; };
		621CD7E440494131A1BFDFFD /* GCDWebServerStreamedResponse.m */ = {isa = PBXFileReference; name = "GCDWebServerStreamedResponse.m"; path = "cordova-plugin-ionic-webview/GCDWebServerStreamedResponse.m"; sourceTree = "<group>"; fileEncoding = 4; lastKnownFileType = sourcecode.c.objc; explicitFileType = undefined; includeInIndex = 0; };
		4996FF58787F454A94317FA5 /* CDVWKWebViewEngine.h */ = {isa = PBXFileReference; name = "CDVWKWebViewEngine.h"; path = "cordova-plugin-ionic-webview/CDVWKWebViewEngine.h"; sourceTree = "<group>"; fileEncoding = 4; lastKnownFileType = sourcecode.c.h; explicitFileType = undefined; includeInIndex = 0; };
		69CBD2EE77F34166B7804610 /* CDVWKWebViewUIDelegate.h */ = {isa = PBXFileReference; name = "CDVWKWebViewUIDelegate.h"; path = "cordova-plugin-ionic-webview/CDVWKWebViewUIDelegate.h"; sourceTree = "<group>"; fileEncoding = 4; lastKnownFileType = sourcecode.c.h; explicitFileType = undefined; includeInIndex = 0; };
		8E1FEEC9F6D44FF89A0CF7FF /* CDVWKProcessPoolFactory.h */ = {isa = PBXFileReference; name = "CDVWKProcessPoolFactory.h"; path = "cordova-plugin-ionic-webview/CDVWKProcessPoolFactory.h"; sourceTree = "<group>"; fileEncoding = 4; lastKnownFileType = sourcecode.c.h; explicitFileType = undefined; includeInIndex = 0; };
		FF1808BA4F704C56B520AB70 /* GCDWebServer.h */ = {isa = PBXFileReference; name = "GCDWebServer.h"; path = "cordova-plugin-ionic-webview/GCDWebServer.h"; sourceTree = "<group>"; fileEncoding = 4; lastKnownFileType = sourcecode.c.h; explicitFileType = undefined; includeInIndex = 0; };
		CA0A4AB817F9439EBE1B51A3 /* GCDWebServerConnection.h */ = {isa = PBXFileReference; name = "GCDWebServerConnection.h"; path = "cordova-plugin-ionic-webview/GCDWebServerConnection.h"; sourceTree = "<group>"; fileEncoding = 4; lastKnownFileType = sourcecode.c.h; explicitFileType = undefined; includeInIndex = 0; };
		47C394B40B804D0B89527F52 /* GCDWebServerFunctions.h */ = {isa = PBXFileReference; name = "GCDWebServerFunctions.h"; path = "cordova-plugin-ionic-webview/GCDWebServerFunctions.h"; sourceTree = "<group>"; fileEncoding = 4; lastKnownFileType = sourcecode.c.h; explicitFileType = undefined; includeInIndex = 0; };
		13847FDD3D174A80862540B4 /* GCDWebServerHTTPStatusCodes.h */ = {isa = PBXFileReference; name = "GCDWebServerHTTPStatusCodes.h"; path = "cordova-plugin-ionic-webview/GCDWebServerHTTPStatusCodes.h"; sourceTree = "<group>"; fileEncoding = 4; lastKnownFileType = sourcecode.c.h; explicitFileType = undefined; includeInIndex = 0; };
		CB2F1382FF7745C3884C243E /* GCDWebServerPrivate.h */ = {isa = PBXFileReference; name = "GCDWebServerPrivate.h"; path = "cordova-plugin-ionic-webview/GCDWebServerPrivate.h"; sourceTree = "<group>"; fileEncoding = 4; lastKnownFileType = sourcecode.c.h; explicitFileType = undefined; includeInIndex = 0; };
		637F2CA4862C492DBA2C19FB /* GCDWebServerRequest.h */ = {isa = PBXFileReference; name = "GCDWebServerRequest.h"; path = "cordova-plugin-ionic-webview/GCDWebServerRequest.h"; sourceTree = "<group>"; fileEncoding = 4; lastKnownFileType = sourcecode.c.h; explicitFileType = undefined; includeInIndex = 0; };
		22EAF13604794A57BB8871D1 /* GCDWebServerResponse.h */ = {isa = PBXFileReference; name = "GCDWebServerResponse.h"; path = "cordova-plugin-ionic-webview/GCDWebServerResponse.h"; sourceTree = "<group>"; fileEncoding = 4; lastKnownFileType = sourcecode.c.h; explicitFileType = undefined; includeInIndex = 0; };
		009F8C9A5F134C16A4652466 /* GCDWebServerDataRequest.h */ = {isa = PBXFileReference; name = "GCDWebServerDataRequest.h"; path = "cordova-plugin-ionic-webview/GCDWebServerDataRequest.h"; sourceTree = "<group>"; fileEncoding = 4; lastKnownFileType = sourcecode.c.h; explicitFileType = undefined; includeInIndex = 0; };
		8A93FB8F7AEF4D08B8A8C3D7 /* GCDWebServerFileRequest.h */ = {isa = PBXFileReference; name = "GCDWebServerFileRequest.h"; path = "cordova-plugin-ionic-webview/GCDWebServerFileRequest.h"; sourceTree = "<group>"; fileEncoding = 4; lastKnownFileType = sourcecode.c.h; explicitFileType = undefined; includeInIndex = 0; };
		06E1869CFBDB4773B20C586F /* GCDWebServerMultiPartFormRequest.h */ = {isa = PBXFileReference; name = "GCDWebServerMultiPartFormRequest.h"; path = "cordova-plugin-ionic-webview/GCDWebServerMultiPartFormRequest.h"; sourceTree = "<group>"; fileEncoding = 4; lastKnownFileType = sourcecode.c.h; explicitFileType = undefined; includeInIndex = 0; };
		A54150D961A2481B866F53B2 /* GCDWebServerURLEncodedFormRequest.h */ = {isa = PBXFileReference; name = "GCDWebServerURLEncodedFormRequest.h"; path = "cordova-plugin-ionic-webview/GCDWebServerURLEncodedFormRequest.h"; sourceTree = "<group>"; fileEncoding = 4; lastKnownFileType = sourcecode.c.h; explicitFileType = undefined; includeInIndex = 0; };
		FEEADE929FF14119A86C01DD /* GCDWebServerDataResponse.h */ = {isa = PBXFileReference; name = "GCDWebServerDataResponse.h"; path = "cordova-plugin-ionic-webview/GCDWebServerDataResponse.h"; sourceTree = "<group>"; fileEncoding = 4; lastKnownFileType = sourcecode.c.h; explicitFileType = undefined; includeInIndex = 0; };
		2F78D1683DEB426F9D1F6407 /* GCDWebServerErrorResponse.h */ = {isa = PBXFileReference; name = "GCDWebServerErrorResponse.h"; path = "cordova-plugin-ionic-webview/GCDWebServerErrorResponse.h"; sourceTree = "<group>"; fileEncoding = 4; lastKnownFileType = sourcecode.c.h; explicitFileType = undefined; includeInIndex = 0; };
		23FCCFB45D73429CA673E078 /* GCDWebServerFileResponse.h */ = {isa = PBXFileReference; name = "GCDWebServerFileResponse.h"; path = "cordova-plugin-ionic-webview/GCDWebServerFileResponse.h"; sourceTree = "<group>"; fileEncoding = 4; lastKnownFileType = sourcecode.c.h; explicitFileType = undefined; includeInIndex = 0; };
		8F204C4E451F424DB9AF5D66 /* GCDWebServerStreamedResponse.h */ = {isa = PBXFileReference; name = "GCDWebServerStreamedResponse.h"; path = "cordova-plugin-ionic-webview/GCDWebServerStreamedResponse.h"; sourceTree = "<group>"; fileEncoding = 4; lastKnownFileType = sourcecode.c.h; explicitFileType = undefined; includeInIndex = 0; };
		3F37157D154F4F08935AC1DA /* WebKit.framework */ = {isa = PBXFileReference; name = "WebKit.framework"; path = "System/Library/Frameworks/WebKit.framework"; sourceTree = SDKROOT; fileEncoding = undefined; lastKnownFileType = wrapper.framework; explicitFileType = undefined; includeInIndex = 0; };
		693422689FF543D2B5401DB0 /* NativeAudio.m */ = {isa = PBXFileReference; name = "NativeAudio.m"; path = "cordova-plugin-nativeaudio/NativeAudio.m"; sourceTree = "<group>"; fileEncoding = 4; lastKnownFileType = sourcecode.c.objc; explicitFileType = undefined; includeInIndex = 0; };
		D8B1376D950A4984A3C1F444 /* NativeAudioAsset.m */ = {isa = PBXFileReference; name = "NativeAudioAsset.m"; path = "cordova-plugin-nativeaudio/NativeAudioAsset.m"; sourceTree = "<group>"; fileEncoding = 4; lastKnownFileType = sourcecode.c.objc; explicitFileType = undefined; includeInIndex = 0; };
		0836E07AD72E4230A6C3D8CF /* NativeAudio.h */ = {isa = PBXFileReference; name = "NativeAudio.h"; path = "cordova-plugin-nativeaudio/NativeAudio.h"; sourceTree = "<group>"; fileEncoding = 4; lastKnownFileType = sourcecode.c.h; explicitFileType = undefined; includeInIndex = 0; };
		27BC5814CE0643B7961CBFE5 /* NativeAudioAsset.h */ = {isa = PBXFileReference; name = "NativeAudioAsset.h"; path = "cordova-plugin-nativeaudio/NativeAudioAsset.h"; sourceTree = "<group>"; fileEncoding = 4; lastKnownFileType = sourcecode.c.h; explicitFileType = undefined; includeInIndex = 0; };
		6986C6A49CB24D688110CCEE /* Foundation.framework */ = {isa = PBXFileReference; name = "Foundation.framework"; path = "System/Library/Frameworks/Foundation.framework"; sourceTree = SDKROOT; fileEncoding = undefined; lastKnownFileType = wrapper.framework; explicitFileType = undefined; includeInIndex = 0; };
		EB08010DB4934F659B7181B5 /* AVFoundation.framework */ = {isa = PBXFileReference; name = "AVFoundation.framework"; path = "System/Library/Frameworks/AVFoundation.framework"; sourceTree = SDKROOT; fileEncoding = undefined; lastKnownFileType = wrapper.framework; explicitFileType = undefined; includeInIndex = 0; };
		B54130AFEA2C47799C91325D /* AudioToolbox.framework */ = {isa = PBXFileReference; name = "AudioToolbox.framework"; path = "System/Library/Frameworks/AudioToolbox.framework"; sourceTree = SDKROOT; fileEncoding = undefined; lastKnownFileType = wrapper.framework; explicitFileType = undefined; includeInIndex = 0; };
		FE36A228581A431F8D970043 /* CDVSplashScreen.m */ = {isa = PBXFileReference; name = "CDVSplashScreen.m"; path = "cordova-plugin-splashscreen/CDVSplashScreen.m"; sourceTree = "<group>"; fileEncoding = 4; lastKnownFileType = sourcecode.c.objc; explicitFileType = undefined; includeInIndex = 0; };
		E362685C79574A89BB54D0D3 /* CDVViewController+SplashScreen.m */ = {isa = PBXFileReference; name = "CDVViewController+SplashScreen.m"; path = "cordova-plugin-splashscreen/CDVViewController+SplashScreen.m"; sourceTree = "<group>"; fileEncoding = 4; lastKnownFileType = sourcecode.c.objc; explicitFileType = undefined; includeInIndex = 0; };
		1A8022D1956B4803B7992E5C /* CDVSplashScreen.h */ = {isa = PBXFileReference; name = "CDVSplashScreen.h"; path = "cordova-plugin-splashscreen/CDVSplashScreen.h"; sourceTree = "<group>"; fileEncoding = 4; lastKnownFileType = sourcecode.c.h; explicitFileType = undefined; includeInIndex = 0; };
		B2CAE787B4154101A87AAC2F /* CDVViewController+SplashScreen.h */ = {isa = PBXFileReference; name = "CDVViewController+SplashScreen.h"; path = "cordova-plugin-splashscreen/CDVViewController+SplashScreen.h"; sourceTree = "<group>"; fileEncoding = 4; lastKnownFileType = sourcecode.c.h; explicitFileType = undefined; includeInIndex = 0; };
		70527285F6DA4A7CBCB3ADD6 /* CDVStatusBar.m */ = {isa = PBXFileReference; name = "CDVStatusBar.m"; path = "cordova-plugin-statusbar/CDVStatusBar.m"; sourceTree = "<group>"; fileEncoding = 4; lastKnownFileType = sourcecode.c.objc; explicitFileType = undefined; includeInIndex = 0; };
		337C1E73E9914FE88D8D3FC2 /* CDVStatusBar.h */ = {isa = PBXFileReference; name = "CDVStatusBar.h"; path = "cordova-plugin-statusbar/CDVStatusBar.h"; sourceTree = "<group>"; fileEncoding = 4; lastKnownFileType = sourcecode.c.h; explicitFileType = undefined; includeInIndex = 0; };
		6236ACB76ECF48A3B50E38F3 /* TwitterConnect.m */ = {isa = PBXFileReference; name = "TwitterConnect.m"; path = "twitter-connect-plugin/TwitterConnect.m"; sourceTree = "<group>"; fileEncoding = 4; lastKnownFileType = sourcecode.c.objc; explicitFileType = undefined; includeInIndex = 0; };
		FB464E1E27B444FAB7500A7E /* ListTimelineViewController.m */ = {isa = PBXFileReference; name = "ListTimelineViewController.m"; path = "twitter-connect-plugin/ListTimelineViewController.m"; sourceTree = "<group>"; fileEncoding = 4; lastKnownFileType = sourcecode.c.objc; explicitFileType = undefined; includeInIndex = 0; };
		DF24569C19EE43D4A97B4D85 /* TwitterConnect.h */ = {isa = PBXFileReference; name = "TwitterConnect.h"; path = "twitter-connect-plugin/TwitterConnect.h"; sourceTree = "<group>"; fileEncoding = 4; lastKnownFileType = sourcecode.c.h; explicitFileType = undefined; includeInIndex = 0; };
		7CAF85B9B665432194976195 /* ListTimelineViewController.h */ = {isa = PBXFileReference; name = "ListTimelineViewController.h"; path = "twitter-connect-plugin/ListTimelineViewController.h"; sourceTree = "<group>"; fileEncoding = 4; lastKnownFileType = sourcecode.c.h; explicitFileType = undefined; includeInIndex = 0; };
		DCEF8F974A0448969AF22549 /* TwitterKitResources.bundle */ = {isa = PBXFileReference; name = "TwitterKitResources.bundle"; path = "TwitterKitResources.bundle"; sourceTree = "<group>"; fileEncoding = undefined; lastKnownFileType = wrapper.plug-in; explicitFileType = undefined; includeInIndex = 0; };
		15E3C09BF34D4DF6839B4D7A /* Fabric.framework */ = {isa = PBXFileReference; name = "Fabric.framework"; path = "Isiko/Plugins/twitter-connect-plugin/Fabric.framework"; sourceTree = "<group>"; fileEncoding = undefined; lastKnownFileType = wrapper.framework; explicitFileType = undefined; includeInIndex = 0; };
		291F4D3FE4C14FAAAF90690A /* TwitterKit.framework */ = {isa = PBXFileReference; name = "TwitterKit.framework"; path = "Isiko/Plugins/twitter-connect-plugin/TwitterKit.framework"; sourceTree = "<group>"; fileEncoding = undefined; lastKnownFileType = wrapper.framework; explicitFileType = undefined; includeInIndex = 0; };
		A03DBFF5B9DA4D5B8A7C921A /* TwitterCore.framework */ = {isa = PBXFileReference; name = "TwitterCore.framework"; path = "Isiko/Plugins/twitter-connect-plugin/TwitterCore.framework"; sourceTree = "<group>"; fileEncoding = undefined; lastKnownFileType = wrapper.framework; explicitFileType = undefined; includeInIndex = 0; };
		B21E145C147C460496F9DE32 /* QuartzCore.framework */ = {isa = PBXFileReference; name = "QuartzCore.framework"; path = "System/Library/Frameworks/QuartzCore.framework"; sourceTree = SDKROOT; fileEncoding = undefined; lastKnownFileType = wrapper.framework; explicitFileType = undefined; includeInIndex = 0; };
		089E82A9299A4682AB7050E7 /* Accounts.framework */ = {isa = PBXFileReference; name = "Accounts.framework"; path = "System/Library/Frameworks/Accounts.framework"; sourceTree = SDKROOT; fileEncoding = undefined; lastKnownFileType = wrapper.framework; explicitFileType = undefined; includeInIndex = 0; };
		E5CD8E75536D41D3BE256374 /* Social.framework */ = {isa = PBXFileReference; name = "Social.framework"; path = "System/Library/Frameworks/Social.framework"; sourceTree = SDKROOT; fileEncoding = undefined; lastKnownFileType = wrapper.framework; explicitFileType = undefined; includeInIndex = 0; };
		822FB34EE778416CB9F30713 /* CoreData.framework */ = {isa = PBXFileReference; name = "CoreData.framework"; path = "System/Library/Frameworks/CoreData.framework"; sourceTree = SDKROOT; fileEncoding = undefined; lastKnownFileType = wrapper.framework; explicitFileType = undefined; includeInIndex = 0; };
/* End PBXFileReference section */

/* Begin PBXFrameworksBuildPhase section */
		1D60588F0D05DD3D006BFB54 /* Frameworks */ = {
			isa = PBXFrameworksBuildPhase;
			buildActionMask = 2147483647;
			files = (
				301BF552109A68D80062928A /* libCordova.a in Frameworks */,
				6316E4FDB5ED460981ADE092 /* Bolts.framework in Frameworks */,
				2D5B0C7C9E9A4D8FB4D56002 /* FBSDKCoreKit.framework in Frameworks */,
				3F066E1D7B97426C8C48DBAA /* FBSDKLoginKit.framework in Frameworks */,
				1F9C40FF07E2444E9ED6821A /* FBSDKShareKit.framework in Frameworks */,
				852CE618446B4C30A941DEEC /* GoogleAppUtilities.framework in Frameworks */,
				506AFEFBF135470186C940E6 /* GoogleAuthUtilities.framework in Frameworks */,
				37F743F67B58418487C169EF /* GoogleNetworkingUtilities.framework in Frameworks */,
				F4584D372DCC41DFBAE0A2CE /* GoogleSignIn.framework in Frameworks */,
				8BD9EFEEA30E4611A79D5CE4 /* GoogleSymbolUtilities.framework in Frameworks */,
				171F728C1D9F421098547C1B /* GoogleUtilities.framework in Frameworks */,
				25659A16ACD540B190F71663 /* AddressBook.framework in Frameworks */,
				7FC595A5B9BA4E5590FF1526 /* CoreText.framework in Frameworks */,
				7DBF2B2A5D304ACAAD2F5FF4 /* SafariServices.framework in Frameworks */,
				DE9C08CFFD184E6CAE61C174 /* Security.framework in Frameworks */,
				D36133CA7672452299F96343 /* SystemConfiguration.framework in Frameworks */,
				FE39BE02E3254F578A25D923 /* libz.tbd in Frameworks */,
				40F8138AD4A445C79778A247 /* libz.dylib in Frameworks */,
				2E8C57CEF6D4457E8E894C88 /* WebKit.framework in Frameworks */,
				CE4E4D4AF5F44B03A982E661 /* Foundation.framework in Frameworks */,
				68AFAA5573374418B2312A6F /* AVFoundation.framework in Frameworks */,
				B09BBE88FFBD4CFBAAC7D40E /* AudioToolbox.framework in Frameworks */,
				8A670823C8BC4B63A15017AE /* Fabric.framework in Frameworks */,
				F0C387D708C84A65AA34C750 /* TwitterKit.framework in Frameworks */,
				B3CAAA51866C42A589D858FF /* TwitterCore.framework in Frameworks */,
				9ED6B23A2F38427E87C8F1CD /* QuartzCore.framework in Frameworks */,
				8CD1B2334F4C42F795BDCDB3 /* Accounts.framework in Frameworks */,
				2CC5F9BFECE6437CAFEC5714 /* Social.framework in Frameworks */,
				4C5994848E954B11953D8EF6 /* CoreData.framework in Frameworks */,
			);
			runOnlyForDeploymentPostprocessing = 0;
		};
/* End PBXFrameworksBuildPhase section */

/* Begin PBXGroup section */
		080E96DDFE201D6D7F000001 /* Classes */ = {
			isa = PBXGroup;
			children = (
				302D95EE14D2391D003F00A1 /* MainViewController.h */,
				302D95EF14D2391D003F00A1 /* MainViewController.m */,
				302D95F014D2391D003F00A1 /* MainViewController.xib */,
				1D3623240D0F684500981E51 /* AppDelegate.h */,
				1D3623250D0F684500981E51 /* AppDelegate.m */,
			);
			name = Classes;
			path = "Isiko/Classes";
			sourceTree = SOURCE_ROOT;
		};
		19C28FACFE9D520D11CA2CBB /* Products */ = {
			isa = PBXGroup;
			children = (
				1D6058910D05DD3D006BFB54 /* Isiko.app */,
			);
			name = Products;
			sourceTree = "<group>";
		};
		29B97314FDCFA39411CA2CEA /* CustomTemplate */ = {
			isa = PBXGroup;
			children = (
				EB87FDF41871DAF40020F90C /* config.xml */,
				EB87FDF31871DA8E0020F90C /* www */,
				EB87FDF11871DA420020F90C /* Staging */,
				301BF52D109A57CC0062928A /* CordovaLib.xcodeproj */,
				080E96DDFE201D6D7F000001 /* Classes */,
				307C750510C5A3420062BCA9 /* Plugins */,
				29B97315FDCFA39411CA2CEA /* Other Sources */,
				29B97317FDCFA39411CA2CEA /* Resources */,
				29B97323FDCFA39411CA2CEA /* Frameworks */,
				19C28FACFE9D520D11CA2CBB /* Products */,
			);
			name = CustomTemplate;
			sourceTree = "<group>";
		};
		29B97315FDCFA39411CA2CEA /* Other Sources */ = {
			isa = PBXGroup;
			children = (
				32CA4F630368D1EE00C91783 /* Isiko-Prefix.pch */,
				29B97316FDCFA39411CA2CEA /* main.m */,
				ED33DF2A687741AEAF9F8254 /* Bridging-Header.h */,
			);
			name = "Other Sources";
			path = "Isiko";
			sourceTree = "<group>";
		};
		29B97317FDCFA39411CA2CEA /* Resources */ = {
			isa = PBXGroup;
			children = (
				0207DA571B56EA530066E2B4 /* Images.xcassets */,
				3047A50E1AB8057F00498E2A /* config */,
				8D1107310486CEB800E47090 /* Isiko-Info.plist */,
				6AFF5BF81D6E424B00AB3073 /* CDVLaunchScreen.storyboard */,
				DCEF8F974A0448969AF22549 /* TwitterKitResources.bundle */,
			);
			name = Resources;
			path = "Isiko/Resources";
			sourceTree = "<group>";
		};
		29B97323FDCFA39411CA2CEA /* Frameworks */ = {
			isa = PBXGroup;
			children = (
				C333DEDD987A42238C8B2B53 /* Bolts.framework */,
				E55AE4B18E964F24B94FD98D /* FBSDKCoreKit.framework */,
				012CFDC614EA4E948FE74889 /* FBSDKLoginKit.framework */,
				3B6A768248AB438A80F04C06 /* FBSDKShareKit.framework */,
				0167582F974347B792DBC6B8 /* GoogleAppUtilities.framework */,
				16E1CBC999BB4476A629AB4A /* GoogleAuthUtilities.framework */,
				C9350A67ECDC42B9B6ABF001 /* GoogleNetworkingUtilities.framework */,
				5DA5455A38B24798A8020C92 /* GoogleSignIn.framework */,
				9801B446092A4ABE8E506105 /* GoogleSymbolUtilities.framework */,
				75BBD9AADD154B23A75132BD /* GoogleUtilities.framework */,
				1DA1EC607D0C41938A0821DA /* AddressBook.framework */,
				4C5A032B6A0A490FB83AD278 /* CoreText.framework */,
				FD6CEF0CEBA9488B8C6CDEF6 /* SafariServices.framework */,
				9D823950810848309C5541AE /* Security.framework */,
				CEB418C1DA74420B8BD9BBCE /* SystemConfiguration.framework */,
				EB38CA0496A348AFA766CD3B /* libz.tbd */,
				DD89EED6BF274D2FBC818C2B /* libz.dylib */,
				3F37157D154F4F08935AC1DA /* WebKit.framework */,
				6986C6A49CB24D688110CCEE /* Foundation.framework */,
				EB08010DB4934F659B7181B5 /* AVFoundation.framework */,
				B54130AFEA2C47799C91325D /* AudioToolbox.framework */,
				15E3C09BF34D4DF6839B4D7A /* Fabric.framework */,
				291F4D3FE4C14FAAAF90690A /* TwitterKit.framework */,
				A03DBFF5B9DA4D5B8A7C921A /* TwitterCore.framework */,
				B21E145C147C460496F9DE32 /* QuartzCore.framework */,
				089E82A9299A4682AB7050E7 /* Accounts.framework */,
				E5CD8E75536D41D3BE256374 /* Social.framework */,
				822FB34EE778416CB9F30713 /* CoreData.framework */,
			);
			name = Frameworks;
			sourceTree = "<group>";
		};
		301BF52E109A57CC0062928A /* Products */ = {
			isa = PBXGroup;
			children = (
				301BF535109A57CC0062928A /* libCordova.a */,
			);
			name = Products;
			sourceTree = "<group>";
		};
		3047A50E1AB8057F00498E2A /* config */ = {
			isa = PBXGroup;
			children = (
				3047A50F1AB8059700498E2A /* build-debug.xcconfig */,
				3047A5101AB8059700498E2A /* build-release.xcconfig */,
				3047A5111AB8059700498E2A /* build.xcconfig */,
			);
			name = config;
			sourceTree = "<group>";
		};
		307C750510C5A3420062BCA9 /* Plugins */ = {
			isa = PBXGroup;
			children = (
				3561E2DDF8664B4AB020448E /* CDVDevice.m */,
				0514DBCAD78B4D9781A68099 /* CDVDevice.h */,
				29D5A6C7877143CD8822B6A9 /* FacebookConnectPlugin.m */,
				97A57920CE684002AABBC1F3 /* FacebookConnectPlugin.h */,
				A7587BDB2FF945919A5EDD7C /* GooglePlus.m */,
				9F0CC8B6961749B7A164C902 /* GooglePlus.h */,
				D1F61E39AD1D4ACBA4E0D89B /* CDVInAppBrowser.m */,
				39BF40ACF796436BA62F5CC6 /* CDVInAppBrowser.h */,
				6FC632E1253E47A2BD63D3F3 /* CDVIonicKeyboard.m */,
				54F91EB560C54386B39B3322 /* CDVIonicKeyboard.h */,
				9389E22B7CE04AC8B2016502 /* CDVWKWebViewEngine.m */,
				2E04979C7D36400AB0FB16B0 /* CDVWKWebViewUIDelegate.m */,
				AB0F57328D3545AD8A77C0BD /* CDVWKProcessPoolFactory.m */,
				4226BF2581784EE6B794A29F /* GCDWebServer.m */,
				C12BD172AEF24CCC80268C72 /* GCDWebServerConnection.m */,
				A17A352D85EE4856A55A3E27 /* GCDWebServerFunctions.m */,
				3A683DA82A4A4E579232E4A1 /* GCDWebServerRequest.m */,
				4F47A58291484BB9934ADE11 /* GCDWebServerResponse.m */,
				A85DDDC1A63E4C6982D47504 /* GCDWebServerDataRequest.m */,
				388A6A37B13547B2B0DA547B /* GCDWebServerFileRequest.m */,
				DFEF127D1F2D409390D0E089 /* GCDWebServerMultiPartFormRequest.m */,
				CADDF407476F4BC896199D71 /* GCDWebServerURLEncodedFormRequest.m */,
				4B8B04A025B34DEABDCABC90 /* GCDWebServerDataResponse.m */,
				2F0F46FC825B4FBBABC1DB70 /* GCDWebServerErrorResponse.m */,
				C328DEF461324EED978C6735 /* GCDWebServerFileResponse.m */,
				621CD7E440494131A1BFDFFD /* GCDWebServerStreamedResponse.m */,
				4996FF58787F454A94317FA5 /* CDVWKWebViewEngine.h */,
				69CBD2EE77F34166B7804610 /* CDVWKWebViewUIDelegate.h */,
				8E1FEEC9F6D44FF89A0CF7FF /* CDVWKProcessPoolFactory.h */,
				FF1808BA4F704C56B520AB70 /* GCDWebServer.h */,
				CA0A4AB817F9439EBE1B51A3 /* GCDWebServerConnection.h */,
				47C394B40B804D0B89527F52 /* GCDWebServerFunctions.h */,
				13847FDD3D174A80862540B4 /* GCDWebServerHTTPStatusCodes.h */,
				CB2F1382FF7745C3884C243E /* GCDWebServerPrivate.h */,
				637F2CA4862C492DBA2C19FB /* GCDWebServerRequest.h */,
				22EAF13604794A57BB8871D1 /* GCDWebServerResponse.h */,
				009F8C9A5F134C16A4652466 /* GCDWebServerDataRequest.h */,
				8A93FB8F7AEF4D08B8A8C3D7 /* GCDWebServerFileRequest.h */,
				06E1869CFBDB4773B20C586F /* GCDWebServerMultiPartFormRequest.h */,
				A54150D961A2481B866F53B2 /* GCDWebServerURLEncodedFormRequest.h */,
				FEEADE929FF14119A86C01DD /* GCDWebServerDataResponse.h */,
				2F78D1683DEB426F9D1F6407 /* GCDWebServerErrorResponse.h */,
				23FCCFB45D73429CA673E078 /* GCDWebServerFileResponse.h */,
				8F204C4E451F424DB9AF5D66 /* GCDWebServerStreamedResponse.h */,
				693422689FF543D2B5401DB0 /* NativeAudio.m */,
				D8B1376D950A4984A3C1F444 /* NativeAudioAsset.m */,
				0836E07AD72E4230A6C3D8CF /* NativeAudio.h */,
				27BC5814CE0643B7961CBFE5 /* NativeAudioAsset.h */,
				FE36A228581A431F8D970043 /* CDVSplashScreen.m */,
				E362685C79574A89BB54D0D3 /* CDVViewController+SplashScreen.m */,
				1A8022D1956B4803B7992E5C /* CDVSplashScreen.h */,
				B2CAE787B4154101A87AAC2F /* CDVViewController+SplashScreen.h */,
				70527285F6DA4A7CBCB3ADD6 /* CDVStatusBar.m */,
				337C1E73E9914FE88D8D3FC2 /* CDVStatusBar.h */,
				6236ACB76ECF48A3B50E38F3 /* TwitterConnect.m */,
				FB464E1E27B444FAB7500A7E /* ListTimelineViewController.m */,
				DF24569C19EE43D4A97B4D85 /* TwitterConnect.h */,
				7CAF85B9B665432194976195 /* ListTimelineViewController.h */,
			);
			name = Plugins;
			path = "Isiko/Plugins";
			sourceTree = SOURCE_ROOT;
		};
		EB87FDF11871DA420020F90C /* Staging */ = {
			isa = PBXGroup;
			children = (
				F840E1F0165FE0F500CFE078 /* config.xml */,
				301BF56E109A69640062928A /* www */,
			);
			name = Staging;
			sourceTree = "<group>";
		};
/* End PBXGroup section */

/* Begin PBXNativeTarget section */
		1D6058900D05DD3D006BFB54 /* Isiko */ = {
			isa = PBXNativeTarget;
			buildConfigurationList = 1D6058960D05DD3E006BFB54 /* Build configuration list for PBXNativeTarget "Isiko" */;
			buildPhases = (
				304B58A110DAC018002A0835 /* Copy www directory */,
				1D60588D0D05DD3D006BFB54 /* Resources */,
				1D60588E0D05DD3D006BFB54 /* Sources */,
				1D60588F0D05DD3D006BFB54 /* Frameworks */,
			);
			buildRules = (
			);
			dependencies = (
				301BF551109A68C00062928A /* PBXTargetDependency */,
			);
			name = "Isiko";
			productName = "Isiko";
			productReference = 1D6058910D05DD3D006BFB54 /* Isiko.app */;
			productType = "com.apple.product-type.application";
		};
/* End PBXNativeTarget section */

/* Begin PBXProject section */
		29B97313FDCFA39411CA2CEA /* Project object */ = {
			isa = PBXProject;
			attributes = {
				LastUpgradeCheck = 510;
			};
			buildConfigurationList = C01FCF4E08A954540054247B /* Build configuration list for PBXProject "__NON-CLI__" */;
			compatibilityVersion = "Xcode 3.2";
			developmentRegion = English;
			hasScannedForEncodings = 1;
			mainGroup = 29B97314FDCFA39411CA2CEA /* CustomTemplate */;
			projectDirPath = "";
			projectReferences = (
				{
					ProductGroup = 301BF52E109A57CC0062928A /* Products */;
					ProjectRef = 301BF52D109A57CC0062928A /* CordovaLib.xcodeproj */;
				},
			);
			projectRoot = "";
			targets = (
				1D6058900D05DD3D006BFB54 /* Isiko */,
			);
		};
/* End PBXProject section */

/* Begin PBXReferenceProxy section */
		301BF535109A57CC0062928A /* libCordova.a */ = {
			isa = PBXReferenceProxy;
			fileType = archive.ar;
			path = libCordova.a;
			remoteRef = 301BF534109A57CC0062928A /* PBXContainerItemProxy */;
			sourceTree = BUILT_PRODUCTS_DIR;
		};
/* End PBXReferenceProxy section */

/* Begin PBXResourcesBuildPhase section */
		1D60588D0D05DD3D006BFB54 /* Resources */ = {
			isa = PBXResourcesBuildPhase;
			buildActionMask = 2147483647;
			files = (
				302D95F214D2391D003F00A1 /* MainViewController.xib in Resources */,
				0207DA581B56EA530066E2B4 /* Images.xcassets in Resources */,
				6AFF5BF91D6E424B00AB3073 /* CDVLaunchScreen.storyboard in Resources */,
				81ACAD385CA447AF8762D3B6 /* TwitterKitResources.bundle in Resources */,
			);
			runOnlyForDeploymentPostprocessing = 0;
		};
/* End PBXResourcesBuildPhase section */

/* Begin PBXShellScriptBuildPhase section */
		304B58A110DAC018002A0835 /* Copy www directory */ = {
			isa = PBXShellScriptBuildPhase;
			buildActionMask = 2147483647;
			files = (
			);
			inputPaths = (
			);
			name = "Copy www directory";
			outputPaths = (
			);
			runOnlyForDeploymentPostprocessing = 0;
			shellPath = /bin/sh;
			shellScript = "NODEJS_PATH=/usr/local/bin; NVM_NODE_PATH=~/.nvm/versions/node/`nvm version 2>/dev/null`/bin; N_NODE_PATH=`find /usr/local/n/versions/node/* -maxdepth 0 -type d 2>/dev/null | tail -1`/bin; XCODE_NODE_PATH=`xcode-select --print-path`/usr/share/xcs/Node/bin; PATH=$NODEJS_PATH:$NVM_NODE_PATH:$N_NODE_PATH:$XCODE_NODE_PATH:$PATH && node cordova/lib/copy-www-build-step.js";
			showEnvVarsInLog = 0;
		};
/* End PBXShellScriptBuildPhase section */

/* Begin PBXSourcesBuildPhase section */
		1D60588E0D05DD3D006BFB54 /* Sources */ = {
			isa = PBXSourcesBuildPhase;
			buildActionMask = 2147483647;
			files = (
				1D60589B0D05DD56006BFB54 /* main.m in Sources */,
				1D3623260D0F684500981E51 /* AppDelegate.m in Sources */,
				302D95F114D2391D003F00A1 /* MainViewController.m in Sources */,
				84C5E665444941689B26DDD5 /* CDVDevice.m in Sources */,
				8F219EE321A04C20BC28539D /* FacebookConnectPlugin.m in Sources */,
				61FDB36637AC4C288BEAE5C5 /* GooglePlus.m in Sources */,
				1FD3788BCA0947399ED78788 /* CDVInAppBrowser.m in Sources */,
				072E7D65E73A4A488E6EB1B8 /* CDVIonicKeyboard.m in Sources */,
				CFF3CDEFCA334F0B851CDD39 /* CDVWKWebViewEngine.m in Sources */,
				1244C4E10E824CF4A95A4D50 /* CDVWKWebViewUIDelegate.m in Sources */,
				805B68C84BAD44FAA9D8553E /* CDVWKProcessPoolFactory.m in Sources */,
				6132E6EF863745479D9C2FAD /* GCDWebServer.m in Sources */,
				CE50C216F9EF44418966A453 /* GCDWebServerConnection.m in Sources */,
				6AC29BD4A93B4F7980D3A9C5 /* GCDWebServerFunctions.m in Sources */,
				C1D2B1D6ABFD404D83A8DAC1 /* GCDWebServerRequest.m in Sources */,
				21DD6B412BC54447BA43D49C /* GCDWebServerResponse.m in Sources */,
				61BCF122D82F4CE2ACAF5F22 /* GCDWebServerDataRequest.m in Sources */,
				AE462C35DB5849DAB647543A /* GCDWebServerFileRequest.m in Sources */,
				06266A890608459AB66BEBCF /* GCDWebServerMultiPartFormRequest.m in Sources */,
				316E5D1FA0434301A1C57B93 /* GCDWebServerURLEncodedFormRequest.m in Sources */,
				F1CFF861CCB6492E9354EBD1 /* GCDWebServerDataResponse.m in Sources */,
				C3508187624D4356858F545A /* GCDWebServerErrorResponse.m in Sources */,
				7DA87F47E2A84CC79E6D39CC /* GCDWebServerFileResponse.m in Sources */,
				25B8A243E32C4E1B9E9F977F /* GCDWebServerStreamedResponse.m in Sources */,
				1FB9E65E403D48E487CA7AD2 /* NativeAudio.m in Sources */,
				43B8E71391C54DEB9E3E5B26 /* NativeAudioAsset.m in Sources */,
				8758824F51FC4B7CB29BAE07 /* CDVSplashScreen.m in Sources */,
				4CC01F7C0857459A804DB4FE /* CDVViewController+SplashScreen.m in Sources */,
				BCC51095D8F74E1C92CE5FD2 /* CDVStatusBar.m in Sources */,
				7C08466F320D493D8CC7BA93 /* TwitterConnect.m in Sources */,
				5D001197D33E4714A5B036CF /* ListTimelineViewController.m in Sources */,
			);
			runOnlyForDeploymentPostprocessing = 0;
		};
/* End PBXSourcesBuildPhase section */

/* Begin PBXTargetDependency section */
		301BF551109A68C00062928A /* PBXTargetDependency */ = {
			isa = PBXTargetDependency;
			name = CordovaLib;
			targetProxy = 301BF550109A68C00062928A /* PBXContainerItemProxy */;
		};
/* End PBXTargetDependency section */

/* Begin XCBuildConfiguration section */
		1D6058940D05DD3E006BFB54 /* Debug */ = {
			isa = XCBuildConfiguration;
			baseConfigurationReference = 3047A50F1AB8059700498E2A /* build-debug.xcconfig */;
			buildSettings = {
				ALWAYS_SEARCH_USER_PATHS = NO;
				ASSETCATALOG_COMPILER_APPICON_NAME = AppIcon;
				ASSETCATALOG_COMPILER_LAUNCHIMAGE_NAME = LaunchImage;
				CLANG_ENABLE_MODULES = YES;
				CLANG_ENABLE_OBJC_ARC = YES;
				COPY_PHASE_STRIP = NO;
				GCC_DYNAMIC_NO_PIC = NO;
				GCC_OPTIMIZATION_LEVEL = 0;
				GCC_PRECOMPILE_PREFIX_HEADER = YES;
				GCC_PREFIX_HEADER = "Isiko/Isiko-Prefix.pch";
				GCC_THUMB_SUPPORT = NO;
				GCC_VERSION = "";
				INFOPLIST_FILE = "Isiko/Isiko-Info.plist";
				IPHONEOS_DEPLOYMENT_TARGET = 9.0;
				LD_RUNPATH_SEARCH_PATHS = "@executable_path/Frameworks";
				TARGETED_DEVICE_FAMILY = "1,2";
				PRODUCT_NAME = "Isiko";
				FRAMEWORK_SEARCH_PATHS = (
					"$(inherited)",
					"\"Isiko/Plugins/cordova-plugin-facebook4\"",
					"\"Isiko/Plugins/cordova-plugin-facebook4\"",
					"\"Isiko/Plugins/cordova-plugin-facebook4\"",
					"\"Isiko/Plugins/cordova-plugin-facebook4\"",
					"\"Isiko/Plugins/cordova-plugin-googleplus\"",
					"\"Isiko/Plugins/cordova-plugin-googleplus\"",
					"\"Isiko/Plugins/cordova-plugin-googleplus\"",
					"\"Isiko/Plugins/cordova-plugin-googleplus\"",
					"\"Isiko/Plugins/cordova-plugin-googleplus\"",
					"\"Isiko/Plugins/cordova-plugin-googleplus\"",
					"\"Isiko/Plugins/twitter-connect-plugin\"",
					"\"Isiko/Plugins/twitter-connect-plugin\"",
					"\"Isiko/Plugins/twitter-connect-plugin\"",
				);
			};
			name = Debug;
		};
		1D6058950D05DD3E006BFB54 /* Release */ = {
			isa = XCBuildConfiguration;
			baseConfigurationReference = 3047A5101AB8059700498E2A /* build-release.xcconfig */;
			buildSettings = {
				ALWAYS_SEARCH_USER_PATHS = NO;
				ASSETCATALOG_COMPILER_APPICON_NAME = AppIcon;
				ASSETCATALOG_COMPILER_LAUNCHIMAGE_NAME = LaunchImage;
				CLANG_ENABLE_MODULES = YES;
				CLANG_ENABLE_OBJC_ARC = YES;
				COPY_PHASE_STRIP = YES;
				GCC_PRECOMPILE_PREFIX_HEADER = YES;
				GCC_PREFIX_HEADER = "Isiko/Isiko-Prefix.pch";
				GCC_THUMB_SUPPORT = NO;
				GCC_VERSION = "";
				INFOPLIST_FILE = "Isiko/Isiko-Info.plist";
				IPHONEOS_DEPLOYMENT_TARGET = 9.0;
				LD_RUNPATH_SEARCH_PATHS = "@executable_path/Frameworks";
				TARGETED_DEVICE_FAMILY = "1,2";
				PRODUCT_NAME = "Isiko";
				FRAMEWORK_SEARCH_PATHS = (
					"$(inherited)",
					"\"Isiko/Plugins/cordova-plugin-facebook4\"",
					"\"Isiko/Plugins/cordova-plugin-facebook4\"",
					"\"Isiko/Plugins/cordova-plugin-facebook4\"",
					"\"Isiko/Plugins/cordova-plugin-facebook4\"",
					"\"Isiko/Plugins/cordova-plugin-googleplus\"",
					"\"Isiko/Plugins/cordova-plugin-googleplus\"",
					"\"Isiko/Plugins/cordova-plugin-googleplus\"",
					"\"Isiko/Plugins/cordova-plugin-googleplus\"",
					"\"Isiko/Plugins/cordova-plugin-googleplus\"",
					"\"Isiko/Plugins/cordova-plugin-googleplus\"",
					"\"Isiko/Plugins/twitter-connect-plugin\"",
					"\"Isiko/Plugins/twitter-connect-plugin\"",
					"\"Isiko/Plugins/twitter-connect-plugin\"",
				);
			};
			name = Release;
		};
		C01FCF4F08A954540054247B /* Debug */ = {
			isa = XCBuildConfiguration;
			baseConfigurationReference = 3047A5111AB8059700498E2A /* build.xcconfig */;
			buildSettings = {
				CLANG_ENABLE_MODULES = YES;
				CLANG_ENABLE_OBJC_ARC = YES;
				CLANG_WARN_BOOL_CONVERSION = YES;
				CLANG_WARN_CONSTANT_CONVERSION = YES;
				CLANG_WARN_EMPTY_BODY = YES;
				CLANG_WARN_ENUM_CONVERSION = YES;
				CLANG_WARN_INT_CONVERSION = YES;
				CLANG_WARN__DUPLICATE_METHOD_MATCH = YES;
				GCC_C_LANGUAGE_STANDARD = c99;
				GCC_THUMB_SUPPORT = NO;
				GCC_VERSION = "";
				GCC_WARN_ABOUT_RETURN_TYPE = YES;
				GCC_WARN_UNDECLARED_SELECTOR = YES;
				GCC_WARN_UNINITIALIZED_AUTOS = YES;
				GCC_WARN_UNUSED_FUNCTION = YES;
				GCC_WARN_UNUSED_VARIABLE = YES;
				ONLY_ACTIVE_ARCH = YES;
				SDKROOT = iphoneos;
				SKIP_INSTALL = NO;
			};
			name = Debug;
		};
		C01FCF5008A954540054247B /* Release */ = {
			isa = XCBuildConfiguration;
			baseConfigurationReference = 3047A5111AB8059700498E2A /* build.xcconfig */;
			buildSettings = {
				CLANG_ENABLE_MODULES = YES;
				CLANG_ENABLE_OBJC_ARC = YES;
				CLANG_WARN_BOOL_CONVERSION = YES;
				CLANG_WARN_CONSTANT_CONVERSION = YES;
				CLANG_WARN_EMPTY_BODY = YES;
				CLANG_WARN_ENUM_CONVERSION = YES;
				CLANG_WARN_INT_CONVERSION = YES;
				CLANG_WARN__DUPLICATE_METHOD_MATCH = YES;
				GCC_C_LANGUAGE_STANDARD = c99;
				GCC_THUMB_SUPPORT = NO;
				GCC_VERSION = "";
				GCC_WARN_ABOUT_RETURN_TYPE = YES;
				GCC_WARN_UNDECLARED_SELECTOR = YES;
				GCC_WARN_UNINITIALIZED_AUTOS = YES;
				GCC_WARN_UNUSED_FUNCTION = YES;
				GCC_WARN_UNUSED_VARIABLE = YES;
				SDKROOT = iphoneos;
				SKIP_INSTALL = NO;
			};
			name = Release;
		};
/* End XCBuildConfiguration section */

/* Begin XCConfigurationList section */
		1D6058960D05DD3E006BFB54 /* Build configuration list for PBXNativeTarget "Isiko" */ = {
			isa = XCConfigurationList;
			buildConfigurations = (
				1D6058940D05DD3E006BFB54 /* Debug */,
				1D6058950D05DD3E006BFB54 /* Release */,
			);
			defaultConfigurationIsVisible = 0;
			defaultConfigurationName = Release;
		};
		C01FCF4E08A954540054247B /* Build configuration list for PBXProject "__NON-CLI__" */ = {
			isa = XCConfigurationList;
			buildConfigurations = (
				C01FCF4F08A954540054247B /* Debug */,
				C01FCF5008A954540054247B /* Release */,
			);
			defaultConfigurationIsVisible = 0;
			defaultConfigurationName = Release;
		};
/* End XCConfigurationList section */
	};
	rootObject = 29B97313FDCFA39411CA2CEA /* Project object */;
}
