// !$*UTF8*$!
{
	archiveVersion = 1;
	classes = {
	};
	objectVersion = 46;
	objects = {
/* Begin PBXBuildFile section */
		0207DA581B56EA530066E2B4 /* Images.xcassets in Resources */ = {isa = PBXBuildFile; fileRef = 0207DA571B56EA530066E2B4 /* Images.xcassets */; };
		1D3623260D0F684500981E51 /* AppDelegate.m in Sources */ = {isa = PBXBuildFile; fileRef = 1D3623250D0F684500981E51 /* AppDelegate.m */; };
		1D60589B0D05DD56006BFB54 /* main.m in Sources */ = {isa = PBXBuildFile; fileRef = 29B97316FDCFA39411CA2CEA /* main.m */; };
		301BF552109A68D80062928A /* libCordova.a in Frameworks */ = {isa = PBXBuildFile; fileRef = 301BF535109A57CC0062928A /* libCordova.a */; };
		302D95F114D2391D003F00A1 /* MainViewController.m in Sources */ = {isa = PBXBuildFile; fileRef = 302D95EF14D2391D003F00A1 /* MainViewController.m */; };
		302D95F214D2391D003F00A1 /* MainViewController.xib in Resources */ = {isa = PBXBuildFile; fileRef = 302D95F014D2391D003F00A1 /* MainViewController.xib */; };
		3047A5121AB8059700498E2A /* build-debug.xcconfig in Resources */ = {isa = PBXBuildFile; fileRef = 3047A50F1AB8059700498E2A /* build-debug.xcconfig */; };
		3047A5131AB8059700498E2A /* build-release.xcconfig in Resources */ = {isa = PBXBuildFile; fileRef = 3047A5101AB8059700498E2A /* build-release.xcconfig */; };
		3047A5141AB8059700498E2A /* build.xcconfig in Resources */ = {isa = PBXBuildFile; fileRef = 3047A5111AB8059700498E2A /* build.xcconfig */; };
		6AFF5BF91D6E424B00AB3073 /* CDVLaunchScreen.storyboard in Resources */ = {isa = PBXBuildFile; fileRef = 6AFF5BF81D6E424B00AB3073 /* CDVLaunchScreen.storyboard */; };
		D5049425898447CD83210529 /* CDVDevice.m in Sources */ = {isa = PBXBuildFile; fileRef = 0BFAD65C045D438EA2F19627 /* CDVDevice.m */; };
		F152EF7EFFD34A168C47B995 /* FacebookConnectPlugin.m in Sources */ = {isa = PBXBuildFile; fileRef = E78E58DA82E443C1A7C7481A /* FacebookConnectPlugin.m */; };
		D34708D4A50B4AC2BC758C41 /* Bolts.framework in Frameworks */ = {isa = PBXBuildFile; fileRef = 241057E96ABA410CADBA8DAC /* Bolts.framework */; };
		4AADF48B4D9F40D68F0FF7BB /* FBSDKCoreKit.framework in Frameworks */ = {isa = PBXBuildFile; fileRef = 212F8AF61D5847A7901C2100 /* FBSDKCoreKit.framework */; };
		617D09B295264EA9A11AC94E /* FBSDKLoginKit.framework in Frameworks */ = {isa = PBXBuildFile; fileRef = 60A9F82B59174193B9A28DF5 /* FBSDKLoginKit.framework */; };
		0FAC08E26E714AE79E5F655A /* FBSDKShareKit.framework in Frameworks */ = {isa = PBXBuildFile; fileRef = E0391705D60046858F073356 /* FBSDKShareKit.framework */; };
		3BE3D27871954E628A9801CB /* GooglePlus.m in Sources */ = {isa = PBXBuildFile; fileRef = 2553985A52AE4C499D2F7C30 /* GooglePlus.m */; };
		E364C848512D4066B14ED250 /* GoogleAppUtilities.framework in Frameworks */ = {isa = PBXBuildFile; fileRef = 852FF0FA412E4382A68E922C /* GoogleAppUtilities.framework */; };
		463AD283FE2D4EA888391523 /* GoogleAuthUtilities.framework in Frameworks */ = {isa = PBXBuildFile; fileRef = 2FC3C1E4A59B4F7A8F492305 /* GoogleAuthUtilities.framework */; };
		C3B84FEAE45F411C8B3FA012 /* GoogleNetworkingUtilities.framework in Frameworks */ = {isa = PBXBuildFile; fileRef = 2F6F3EFA2937427D94989B13 /* GoogleNetworkingUtilities.framework */; };
		7C7938E2B4044CBEA4A0E6B4 /* GoogleSignIn.framework in Frameworks */ = {isa = PBXBuildFile; fileRef = 56883F3CAB7749AF812AF267 /* GoogleSignIn.framework */; };
		9BFBF6036D4345A18F661783 /* GoogleSymbolUtilities.framework in Frameworks */ = {isa = PBXBuildFile; fileRef = 3059CDEEDF2647CAA0476F3F /* GoogleSymbolUtilities.framework */; };
		C05BBAD8B13E4E3E8CB84D90 /* GoogleUtilities.framework in Frameworks */ = {isa = PBXBuildFile; fileRef = B61A2F379D2D4EBF9C8E0A76 /* GoogleUtilities.framework */; };
		B1870222661D499780A84E05 /* AddressBook.framework in Frameworks */ = {isa = PBXBuildFile; fileRef = 04E0C410D2D94E12B4BD8EE9 /* AddressBook.framework */; settings = {ATTRIBUTES = (Weak, ); }; };
		38195206E32044029178711F /* CoreText.framework in Frameworks */ = {isa = PBXBuildFile; fileRef = 197A05DB192942EE9F8F6D69 /* CoreText.framework */; settings = {ATTRIBUTES = (Weak, ); }; };
		5C953B2241224BA5B4AAC15B /* SafariServices.framework in Frameworks */ = {isa = PBXBuildFile; fileRef = 0CCFF97428D643E7BDFB2B76 /* SafariServices.framework */; settings = {ATTRIBUTES = (Weak, ); }; };
		74C8B507F7374058B3A11A0B /* Security.framework in Frameworks */ = {isa = PBXBuildFile; fileRef = 78730D565428458885AA39EA /* Security.framework */; settings = {ATTRIBUTES = (Weak, ); }; };
		EF7D64D86B4041A2B95F87EB /* SystemConfiguration.framework in Frameworks */ = {isa = PBXBuildFile; fileRef = D7EE55C8B68E42C792E3483C /* SystemConfiguration.framework */; settings = {ATTRIBUTES = (Weak, ); }; };
		87D44381EAE145858B4EF475 /* libz.tbd in Frameworks */ = {isa = PBXBuildFile; fileRef = 476207CA26364B9CAD1F913A /* libz.tbd */; settings = {ATTRIBUTES = (Weak, ); }; };
		C0D72ACCB6B24B92A9B2F053 /* libz.dylib in Frameworks */ = {isa = PBXBuildFile; fileRef = 578F9F3F3DBC4011BEB6678B /* libz.dylib */; settings = {ATTRIBUTES = (Weak, ); }; };
		3C0477F83B5F43D7BA6FE7A2 /* CDVInAppBrowser.m in Sources */ = {isa = PBXBuildFile; fileRef = 6E8AABF4A87848BB95FEB491 /* CDVInAppBrowser.m */; };
		D8280DDB80A04CA5AEDC3601 /* CDVIonicKeyboard.m in Sources */ = {isa = PBXBuildFile; fileRef = 6099E4C9A24B463DB2897587 /* CDVIonicKeyboard.m */; };
		51D7CDCCCE0949E7B66C973A /* CDVWKWebViewEngine.m in Sources */ = {isa = PBXBuildFile; fileRef = 6FF5B58A08B24C83A50BCCD9 /* CDVWKWebViewEngine.m */; };
		C6F9F2B6461C46AFB3BEA7C2 /* CDVWKWebViewUIDelegate.m in Sources */ = {isa = PBXBuildFile; fileRef = C8993CE3C7D949549B21DB36 /* CDVWKWebViewUIDelegate.m */; };
		9064F090F26E48CA962CB79A /* CDVWKProcessPoolFactory.m in Sources */ = {isa = PBXBuildFile; fileRef = 5EC55F7CB80447DDADC4A970 /* CDVWKProcessPoolFactory.m */; };
		DB4CF9A28C554474A5D6D679 /* GCDWebServer.m in Sources */ = {isa = PBXBuildFile; fileRef = E2C7C32C736E41E1A8AAE8D8 /* GCDWebServer.m */; };
		C2394E886EA64E4493A56778 /* GCDWebServerConnection.m in Sources */ = {isa = PBXBuildFile; fileRef = 646884911FE44B8E96E392F8 /* GCDWebServerConnection.m */; };
		D5F0DE09A65249BFB88222FE /* GCDWebServerFunctions.m in Sources */ = {isa = PBXBuildFile; fileRef = 1D34383387CB4555B31A5E0E /* GCDWebServerFunctions.m */; };
		869BEA6DDF4D473BAF5828DB /* GCDWebServerRequest.m in Sources */ = {isa = PBXBuildFile; fileRef = 3BA263F94BFE4F9F9954A1C5 /* GCDWebServerRequest.m */; };
		5AE0808591BF421DAD676DE7 /* GCDWebServerResponse.m in Sources */ = {isa = PBXBuildFile; fileRef = 834F2C55176542E3A1C52C11 /* GCDWebServerResponse.m */; };
		6B40280FA3F64928982A9664 /* GCDWebServerDataRequest.m in Sources */ = {isa = PBXBuildFile; fileRef = B4BE2BA3604F4536B6691228 /* GCDWebServerDataRequest.m */; };
		AEAEFE620DC44C39A0551C6B /* GCDWebServerFileRequest.m in Sources */ = {isa = PBXBuildFile; fileRef = 7FFD0BF36F6A46F89A0CB14C /* GCDWebServerFileRequest.m */; };
		7BDFEAAEFBB944E4A293D23B /* GCDWebServerMultiPartFormRequest.m in Sources */ = {isa = PBXBuildFile; fileRef = 3818BDBEEB544339BD866045 /* GCDWebServerMultiPartFormRequest.m */; };
		44EDB05BD41347B1BB50629C /* GCDWebServerURLEncodedFormRequest.m in Sources */ = {isa = PBXBuildFile; fileRef = 306BC5F1651449FEAD6E5CEF /* GCDWebServerURLEncodedFormRequest.m */; };
		CC35FACC47F745FE82F731C4 /* GCDWebServerDataResponse.m in Sources */ = {isa = PBXBuildFile; fileRef = 44A04A2B51F944D3A4220D15 /* GCDWebServerDataResponse.m */; };
		EA3C69C393614747B53F14FE /* GCDWebServerErrorResponse.m in Sources */ = {isa = PBXBuildFile; fileRef = D7B1E21E65C747639B3580EA /* GCDWebServerErrorResponse.m */; };
		70E448DFBF2D4AE783DFC946 /* GCDWebServerFileResponse.m in Sources */ = {isa = PBXBuildFile; fileRef = 1A8EA32FD14E40F0A26B82FA /* GCDWebServerFileResponse.m */; };
		FBD382D2D978443EA091D70F /* GCDWebServerStreamedResponse.m in Sources */ = {isa = PBXBuildFile; fileRef = 446E1A7267684804AE189F1E /* GCDWebServerStreamedResponse.m */; };
		65B86E25A6014BFA9E834F05 /* WebKit.framework in Frameworks */ = {isa = PBXBuildFile; fileRef = 0A616A7AA0694C2BBC24BEDE /* WebKit.framework */; settings = {ATTRIBUTES = (Weak, ); }; };
		CBF15E7E31544983AAEBB013 /* NativeAudio.m in Sources */ = {isa = PBXBuildFile; fileRef = 6502870571564AE3A2E2390B /* NativeAudio.m */; };
		BF89C0781F9A41A79B302D8F /* NativeAudioAsset.m in Sources */ = {isa = PBXBuildFile; fileRef = 194E7522A62E45E28A169A0D /* NativeAudioAsset.m */; };
		514C465E902C41D39CDE23DD /* Foundation.framework in Frameworks */ = {isa = PBXBuildFile; fileRef = 363D950006E349B880E46573 /* Foundation.framework */; };
		7BF43C877E11420EB745FD99 /* AVFoundation.framework in Frameworks */ = {isa = PBXBuildFile; fileRef = D97E1A8E47C4404DB7812B92 /* AVFoundation.framework */; };
		B6199E7455964454A7B5C373 /* AudioToolbox.framework in Frameworks */ = {isa = PBXBuildFile; fileRef = 9AB2A1B1E1FB4676AB4A369B /* AudioToolbox.framework */; };
		88D8BC77CC85490A9CEBE7A8 /* CDVSplashScreen.m in Sources */ = {isa = PBXBuildFile; fileRef = 250388A589C949CE9DBD08EA /* CDVSplashScreen.m */; };
		5CC4589AE27942A18764AACC /* CDVViewController+SplashScreen.m in Sources */ = {isa = PBXBuildFile; fileRef = 531C017E5228491188850815 /* CDVViewController+SplashScreen.m */; };
		961A11FB87C246A19CAA50C8 /* CDVStatusBar.m in Sources */ = {isa = PBXBuildFile; fileRef = 6F83F7F7191B42F5982094F0 /* CDVStatusBar.m */; };
		7F65FE3CCA244836B9D4EFE8 /* TwitterConnect.m in Sources */ = {isa = PBXBuildFile; fileRef = D675E715DEDA499C810B1B2B /* TwitterConnect.m */; };
		722774B0A7D14A2D910B6507 /* ListTimelineViewController.m in Sources */ = {isa = PBXBuildFile; fileRef = 8FA2819BD11843EB9C750842 /* ListTimelineViewController.m */; };
		7061C5AA214B4691888A4805 /* TwitterKitResources.bundle in Resources */ = {isa = PBXBuildFile; fileRef = 10DB6065175446BA83BB2809 /* TwitterKitResources.bundle */; };
		F072D5040F7C4B2EBB151863 /* Fabric.framework in Frameworks */ = {isa = PBXBuildFile; fileRef = 9D58E64970614986B8DD0FB3 /* Fabric.framework */; };
		8F0995681C9F4E82808A8868 /* TwitterKit.framework in Frameworks */ = {isa = PBXBuildFile; fileRef = 64540869C44846A6B52B167C /* TwitterKit.framework */; };
		EE4C72759BA94B8D9EF951C5 /* TwitterCore.framework in Frameworks */ = {isa = PBXBuildFile; fileRef = DC8A8A95330A4CFA90F7BAF6 /* TwitterCore.framework */; };
		CDC6C75982BD49569C69DB5B /* QuartzCore.framework in Frameworks */ = {isa = PBXBuildFile; fileRef = 96C293BC58794E60949DD5E9 /* QuartzCore.framework */; };
		0D643E44FBE34AD6A0D29B05 /* Accounts.framework in Frameworks */ = {isa = PBXBuildFile; fileRef = 4604C49C18E54A47A5B9FF88 /* Accounts.framework */; };
		93E209E02A614E7E9E4FAE11 /* Social.framework in Frameworks */ = {isa = PBXBuildFile; fileRef = D96DA8F0535341868907017D /* Social.framework */; };
		31BCBF23FA5A47D180982349 /* CoreData.framework in Frameworks */ = {isa = PBXBuildFile; fileRef = F06A94CCF91E48AF8EA46BA2 /* CoreData.framework */; };
/* End PBXBuildFile section */

/* Begin PBXContainerItemProxy section */
		301BF534109A57CC0062928A /* PBXContainerItemProxy */ = {
			isa = PBXContainerItemProxy;
			containerPortal = 301BF52D109A57CC0062928A /* CordovaLib.xcodeproj */;
			proxyType = 2;
			remoteGlobalIDString = D2AAC07E0554694100DB518D;
			remoteInfo = CordovaLib;
		};
		301BF550109A68C00062928A /* PBXContainerItemProxy */ = {
			isa = PBXContainerItemProxy;
			containerPortal = 301BF52D109A57CC0062928A /* CordovaLib.xcodeproj */;
			proxyType = 1;
			remoteGlobalIDString = D2AAC07D0554694100DB518D;
			remoteInfo = CordovaLib;
		};
/* End PBXContainerItemProxy section */

/* Begin PBXFileReference section */
		0207DA571B56EA530066E2B4 /* Images.xcassets */ = {isa = PBXFileReference; lastKnownFileType = folder.assetcatalog; name = Images.xcassets; path = "Isiko/Images.xcassets"; sourceTree = SOURCE_ROOT; };
		1D3623240D0F684500981E51 /* AppDelegate.h */ = {isa = PBXFileReference; fileEncoding = 4; lastKnownFileType = sourcecode.c.h; path = AppDelegate.h; sourceTree = "<group>"; };
		1D3623250D0F684500981E51 /* AppDelegate.m */ = {isa = PBXFileReference; fileEncoding = 4; lastKnownFileType = sourcecode.c.objc; path = AppDelegate.m; sourceTree = "<group>"; };
		1D6058910D05DD3D006BFB54 /* Isiko.app */ = {isa = PBXFileReference; explicitFileType = wrapper.application; includeInIndex = 0; path = "Isiko.app"; sourceTree = BUILT_PRODUCTS_DIR; };
		29B97316FDCFA39411CA2CEA /* main.m */ = {isa = PBXFileReference; fileEncoding = 4; lastKnownFileType = sourcecode.c.objc; path = main.m; sourceTree = "<group>"; };
		301BF52D109A57CC0062928A /* CordovaLib.xcodeproj */ = {isa = PBXFileReference; lastKnownFileType = "wrapper.pb-project"; path = CordovaLib/CordovaLib.xcodeproj; sourceTree = "<group>"; };
		301BF56E109A69640062928A /* www */ = {isa = PBXFileReference; lastKnownFileType = folder; path = www; sourceTree = SOURCE_ROOT; };
		302D95EE14D2391D003F00A1 /* MainViewController.h */ = {isa = PBXFileReference; fileEncoding = 4; lastKnownFileType = sourcecode.c.h; path = MainViewController.h; sourceTree = "<group>"; };
		302D95EF14D2391D003F00A1 /* MainViewController.m */ = {isa = PBXFileReference; fileEncoding = 4; lastKnownFileType = sourcecode.c.objc; path = MainViewController.m; sourceTree = "<group>"; };
		302D95F014D2391D003F00A1 /* MainViewController.xib */ = {isa = PBXFileReference; fileEncoding = 4; lastKnownFileType = file.xib; path = MainViewController.xib; sourceTree = "<group>"; };
		3047A50F1AB8059700498E2A /* build-debug.xcconfig */ = {isa = PBXFileReference; fileEncoding = 4; lastKnownFileType = text.xcconfig; name = "build-debug.xcconfig"; path = cordova/build-debug.xcconfig; sourceTree = SOURCE_ROOT; };
		3047A5101AB8059700498E2A /* build-release.xcconfig */ = {isa = PBXFileReference; fileEncoding = 4; lastKnownFileType = text.xcconfig; name = "build-release.xcconfig"; path = cordova/build-release.xcconfig; sourceTree = SOURCE_ROOT; };
		3047A5111AB8059700498E2A /* build.xcconfig */ = {isa = PBXFileReference; fileEncoding = 4; lastKnownFileType = text.xcconfig; name = build.xcconfig; path = cordova/build.xcconfig; sourceTree = SOURCE_ROOT; };
		32CA4F630368D1EE00C91783 /* Isiko-Prefix.pch */ = {isa = PBXFileReference; fileEncoding = 4; lastKnownFileType = sourcecode.c.h; path = "Isiko-Prefix.pch"; sourceTree = "<group>"; };
		6AFF5BF81D6E424B00AB3073 /* CDVLaunchScreen.storyboard */ = {isa = PBXFileReference; fileEncoding = 4; lastKnownFileType = file.storyboard; name = CDVLaunchScreen.storyboard; path = "Isiko/CDVLaunchScreen.storyboard"; sourceTree = SOURCE_ROOT; };
		8D1107310486CEB800E47090 /* Isiko-Info.plist */ = {isa = PBXFileReference; fileEncoding = 4; lastKnownFileType = text.plist.xml; name = "Isiko-Info.plist"; path = "Isiko/Isiko-Info.plist"; plistStructureDefinitionIdentifier = "com.apple.xcode.plist.structure-definition.iphone.info-plist"; sourceTree = SOURCE_ROOT; };
		EB87FDF31871DA8E0020F90C /* www */ = {isa = PBXFileReference; lastKnownFileType = folder; name = www; path = ../../www; sourceTree = "<group>"; };
		EB87FDF41871DAF40020F90C /* config.xml */ = {isa = PBXFileReference; lastKnownFileType = text.xml; name = config.xml; path = ../../config.xml; sourceTree = "<group>"; };
		F840E1F0165FE0F500CFE078 /* config.xml */ = {isa = PBXFileReference; lastKnownFileType = text.xml; name = config.xml; path = "Isiko/config.xml"; sourceTree = "<group>"; };
		ED33DF2A687741AEAF9F8254 /* Bridging-Header.h */ = {isa = PBXFileReference; fileEncoding = 4; lastKnownFileType = sourcecode.c.h; name = "Bridging-Header.h"; path = "Bridging-Header.h"; sourceTree = "<group>"; };
		0BFAD65C045D438EA2F19627 /* CDVDevice.m */ = {isa = PBXFileReference; name = "CDVDevice.m"; path = "cordova-plugin-device/CDVDevice.m"; sourceTree = "<group>"; fileEncoding = 4; lastKnownFileType = sourcecode.c.objc; explicitFileType = undefined; includeInIndex = 0; };
		5F46943E4E614CB3880A671C /* CDVDevice.h */ = {isa = PBXFileReference; name = "CDVDevice.h"; path = "cordova-plugin-device/CDVDevice.h"; sourceTree = "<group>"; fileEncoding = 4; lastKnownFileType = sourcecode.c.h; explicitFileType = undefined; includeInIndex = 0; };
		E78E58DA82E443C1A7C7481A /* FacebookConnectPlugin.m */ = {isa = PBXFileReference; name = "FacebookConnectPlugin.m"; path = "cordova-plugin-facebook4/FacebookConnectPlugin.m"; sourceTree = "<group>"; fileEncoding = 4; lastKnownFileType = sourcecode.c.objc; explicitFileType = undefined; includeInIndex = 0; };
		3A64EC80918E4BAA8D93D57D /* FacebookConnectPlugin.h */ = {isa = PBXFileReference; name = "FacebookConnectPlugin.h"; path = "cordova-plugin-facebook4/FacebookConnectPlugin.h"; sourceTree = "<group>"; fileEncoding = 4; lastKnownFileType = sourcecode.c.h; explicitFileType = undefined; includeInIndex = 0; };
		241057E96ABA410CADBA8DAC /* Bolts.framework */ = {isa = PBXFileReference; name = "Bolts.framework"; path = "Isiko/Plugins/cordova-plugin-facebook4/Bolts.framework"; sourceTree = "<group>"; fileEncoding = undefined; lastKnownFileType = wrapper.framework; explicitFileType = undefined; includeInIndex = 0; };
		212F8AF61D5847A7901C2100 /* FBSDKCoreKit.framework */ = {isa = PBXFileReference; name = "FBSDKCoreKit.framework"; path = "Isiko/Plugins/cordova-plugin-facebook4/FBSDKCoreKit.framework"; sourceTree = "<group>"; fileEncoding = undefined; lastKnownFileType = wrapper.framework; explicitFileType = undefined; includeInIndex = 0; };
		60A9F82B59174193B9A28DF5 /* FBSDKLoginKit.framework */ = {isa = PBXFileReference; name = "FBSDKLoginKit.framework"; path = "Isiko/Plugins/cordova-plugin-facebook4/FBSDKLoginKit.framework"; sourceTree = "<group>"; fileEncoding = undefined; lastKnownFileType = wrapper.framework; explicitFileType = undefined; includeInIndex = 0; };
		E0391705D60046858F073356 /* FBSDKShareKit.framework */ = {isa = PBXFileReference; name = "FBSDKShareKit.framework"; path = "Isiko/Plugins/cordova-plugin-facebook4/FBSDKShareKit.framework"; sourceTree = "<group>"; fileEncoding = undefined; lastKnownFileType = wrapper.framework; explicitFileType = undefined; includeInIndex = 0; };
		2553985A52AE4C499D2F7C30 /* GooglePlus.m */ = {isa = PBXFileReference; name = "GooglePlus.m"; path = "cordova-plugin-googleplus/GooglePlus.m"; sourceTree = "<group>"; fileEncoding = 4; lastKnownFileType = sourcecode.c.objc; explicitFileType = undefined; includeInIndex = 0; };
		C6C0CECE74B94F0994C601E0 /* GooglePlus.h */ = {isa = PBXFileReference; name = "GooglePlus.h"; path = "cordova-plugin-googleplus/GooglePlus.h"; sourceTree = "<group>"; fileEncoding = 4; lastKnownFileType = sourcecode.c.h; explicitFileType = undefined; includeInIndex = 0; };
		852FF0FA412E4382A68E922C /* GoogleAppUtilities.framework */ = {isa = PBXFileReference; name = "GoogleAppUtilities.framework"; path = "Isiko/Plugins/cordova-plugin-googleplus/GoogleAppUtilities.framework"; sourceTree = "<group>"; fileEncoding = undefined; lastKnownFileType = wrapper.framework; explicitFileType = undefined; includeInIndex = 0; };
		2FC3C1E4A59B4F7A8F492305 /* GoogleAuthUtilities.framework */ = {isa = PBXFileReference; name = "GoogleAuthUtilities.framework"; path = "Isiko/Plugins/cordova-plugin-googleplus/GoogleAuthUtilities.framework"; sourceTree = "<group>"; fileEncoding = undefined; lastKnownFileType = wrapper.framework; explicitFileType = undefined; includeInIndex = 0; };
		2F6F3EFA2937427D94989B13 /* GoogleNetworkingUtilities.framework */ = {isa = PBXFileReference; name = "GoogleNetworkingUtilities.framework"; path = "Isiko/Plugins/cordova-plugin-googleplus/GoogleNetworkingUtilities.framework"; sourceTree = "<group>"; fileEncoding = undefined; lastKnownFileType = wrapper.framework; explicitFileType = undefined; includeInIndex = 0; };
		56883F3CAB7749AF812AF267 /* GoogleSignIn.framework */ = {isa = PBXFileReference; name = "GoogleSignIn.framework"; path = "Isiko/Plugins/cordova-plugin-googleplus/GoogleSignIn.framework"; sourceTree = "<group>"; fileEncoding = undefined; lastKnownFileType = wrapper.framework; explicitFileType = undefined; includeInIndex = 0; };
		3059CDEEDF2647CAA0476F3F /* GoogleSymbolUtilities.framework */ = {isa = PBXFileReference; name = "GoogleSymbolUtilities.framework"; path = "Isiko/Plugins/cordova-plugin-googleplus/GoogleSymbolUtilities.framework"; sourceTree = "<group>"; fileEncoding = undefined; lastKnownFileType = wrapper.framework; explicitFileType = undefined; includeInIndex = 0; };
		B61A2F379D2D4EBF9C8E0A76 /* GoogleUtilities.framework */ = {isa = PBXFileReference; name = "GoogleUtilities.framework"; path = "Isiko/Plugins/cordova-plugin-googleplus/GoogleUtilities.framework"; sourceTree = "<group>"; fileEncoding = undefined; lastKnownFileType = wrapper.framework; explicitFileType = undefined; includeInIndex = 0; };
		04E0C410D2D94E12B4BD8EE9 /* AddressBook.framework */ = {isa = PBXFileReference; name = "AddressBook.framework"; path = "System/Library/Frameworks/AddressBook.framework"; sourceTree = SDKROOT; fileEncoding = undefined; lastKnownFileType = wrapper.framework; explicitFileType = undefined; includeInIndex = 0; };
		197A05DB192942EE9F8F6D69 /* CoreText.framework */ = {isa = PBXFileReference; name = "CoreText.framework"; path = "System/Library/Frameworks/CoreText.framework"; sourceTree = SDKROOT; fileEncoding = undefined; lastKnownFileType = wrapper.framework; explicitFileType = undefined; includeInIndex = 0; };
		0CCFF97428D643E7BDFB2B76 /* SafariServices.framework */ = {isa = PBXFileReference; name = "SafariServices.framework"; path = "System/Library/Frameworks/SafariServices.framework"; sourceTree = SDKROOT; fileEncoding = undefined; lastKnownFileType = wrapper.framework; explicitFileType = undefined; includeInIndex = 0; };
		78730D565428458885AA39EA /* Security.framework */ = {isa = PBXFileReference; name = "Security.framework"; path = "System/Library/Frameworks/Security.framework"; sourceTree = SDKROOT; fileEncoding = undefined; lastKnownFileType = wrapper.framework; explicitFileType = undefined; includeInIndex = 0; };
		D7EE55C8B68E42C792E3483C /* SystemConfiguration.framework */ = {isa = PBXFileReference; name = "SystemConfiguration.framework"; path = "System/Library/Frameworks/SystemConfiguration.framework"; sourceTree = SDKROOT; fileEncoding = undefined; lastKnownFileType = wrapper.framework; explicitFileType = undefined; includeInIndex = 0; };
		476207CA26364B9CAD1F913A /* libz.tbd */ = {isa = PBXFileReference; name = "libz.tbd"; path = "usr/lib/libz.tbd"; sourceTree = SDKROOT; fileEncoding = undefined; lastKnownFileType = sourcecode.text-based-dylib-definition; explicitFileType = undefined; includeInIndex = 0; };
		578F9F3F3DBC4011BEB6678B /* libz.dylib */ = {isa = PBXFileReference; name = "libz.dylib"; path = "usr/lib/libz.dylib"; sourceTree = SDKROOT; fileEncoding = undefined; lastKnownFileType = compiled.mach-o.dylib; explicitFileType = undefined; includeInIndex = 0; };
		6E8AABF4A87848BB95FEB491 /* CDVInAppBrowser.m */ = {isa = PBXFileReference; name = "CDVInAppBrowser.m"; path = "cordova-plugin-inappbrowser/CDVInAppBrowser.m"; sourceTree = "<group>"; fileEncoding = 4; lastKnownFileType = sourcecode.c.objc; explicitFileType = undefined; includeInIndex = 0; };
		5ECD5AE1A0DF41C89515B1C2 /* CDVInAppBrowser.h */ = {isa = PBXFileReference; name = "CDVInAppBrowser.h"; path = "cordova-plugin-inappbrowser/CDVInAppBrowser.h"; sourceTree = "<group>"; fileEncoding = 4; lastKnownFileType = sourcecode.c.h; explicitFileType = undefined; includeInIndex = 0; };
		6099E4C9A24B463DB2897587 /* CDVIonicKeyboard.m */ = {isa = PBXFileReference; name = "CDVIonicKeyboard.m"; path = "cordova-plugin-ionic-keyboard/CDVIonicKeyboard.m"; sourceTree = "<group>"; fileEncoding = 4; lastKnownFileType = sourcecode.c.objc; explicitFileType = undefined; includeInIndex = 0; };
		975DD36E382B4B4B91490542 /* CDVIonicKeyboard.h */ = {isa = PBXFileReference; name = "CDVIonicKeyboard.h"; path = "cordova-plugin-ionic-keyboard/CDVIonicKeyboard.h"; sourceTree = "<group>"; fileEncoding = 4; lastKnownFileType = sourcecode.c.h; explicitFileType = undefined; includeInIndex = 0; };
		6FF5B58A08B24C83A50BCCD9 /* CDVWKWebViewEngine.m */ = {isa = PBXFileReference; name = "CDVWKWebViewEngine.m"; path = "cordova-plugin-ionic-webview/CDVWKWebViewEngine.m"; sourceTree = "<group>"; fileEncoding = 4; lastKnownFileType = sourcecode.c.objc; explicitFileType = undefined; includeInIndex = 0; };
		C8993CE3C7D949549B21DB36 /* CDVWKWebViewUIDelegate.m */ = {isa = PBXFileReference; name = "CDVWKWebViewUIDelegate.m"; path = "cordova-plugin-ionic-webview/CDVWKWebViewUIDelegate.m"; sourceTree = "<group>"; fileEncoding = 4; lastKnownFileType = sourcecode.c.objc; explicitFileType = undefined; includeInIndex = 0; };
		5EC55F7CB80447DDADC4A970 /* CDVWKProcessPoolFactory.m */ = {isa = PBXFileReference; name = "CDVWKProcessPoolFactory.m"; path = "cordova-plugin-ionic-webview/CDVWKProcessPoolFactory.m"; sourceTree = "<group>"; fileEncoding = 4; lastKnownFileType = sourcecode.c.objc; explicitFileType = undefined; includeInIndex = 0; };
		E2C7C32C736E41E1A8AAE8D8 /* GCDWebServer.m */ = {isa = PBXFileReference; name = "GCDWebServer.m"; path = "cordova-plugin-ionic-webview/GCDWebServer.m"; sourceTree = "<group>"; fileEncoding = 4; lastKnownFileType = sourcecode.c.objc; explicitFileType = undefined; includeInIndex = 0; };
		646884911FE44B8E96E392F8 /* GCDWebServerConnection.m */ = {isa = PBXFileReference; name = "GCDWebServerConnection.m"; path = "cordova-plugin-ionic-webview/GCDWebServerConnection.m"; sourceTree = "<group>"; fileEncoding = 4; lastKnownFileType = sourcecode.c.objc; explicitFileType = undefined; includeInIndex = 0; };
		1D34383387CB4555B31A5E0E /* GCDWebServerFunctions.m */ = {isa = PBXFileReference; name = "GCDWebServerFunctions.m"; path = "cordova-plugin-ionic-webview/GCDWebServerFunctions.m"; sourceTree = "<group>"; fileEncoding = 4; lastKnownFileType = sourcecode.c.objc; explicitFileType = undefined; includeInIndex = 0; };
		3BA263F94BFE4F9F9954A1C5 /* GCDWebServerRequest.m */ = {isa = PBXFileReference; name = "GCDWebServerRequest.m"; path = "cordova-plugin-ionic-webview/GCDWebServerRequest.m"; sourceTree = "<group>"; fileEncoding = 4; lastKnownFileType = sourcecode.c.objc; explicitFileType = undefined; includeInIndex = 0; };
		834F2C55176542E3A1C52C11 /* GCDWebServerResponse.m */ = {isa = PBXFileReference; name = "GCDWebServerResponse.m"; path = "cordova-plugin-ionic-webview/GCDWebServerResponse.m"; sourceTree = "<group>"; fileEncoding = 4; lastKnownFileType = sourcecode.c.objc; explicitFileType = undefined; includeInIndex = 0; };
		B4BE2BA3604F4536B6691228 /* GCDWebServerDataRequest.m */ = {isa = PBXFileReference; name = "GCDWebServerDataRequest.m"; path = "cordova-plugin-ionic-webview/GCDWebServerDataRequest.m"; sourceTree = "<group>"; fileEncoding = 4; lastKnownFileType = sourcecode.c.objc; explicitFileType = undefined; includeInIndex = 0; };
		7FFD0BF36F6A46F89A0CB14C /* GCDWebServerFileRequest.m */ = {isa = PBXFileReference; name = "GCDWebServerFileRequest.m"; path = "cordova-plugin-ionic-webview/GCDWebServerFileRequest.m"; sourceTree = "<group>"; fileEncoding = 4; lastKnownFileType = sourcecode.c.objc; explicitFileType = undefined; includeInIndex = 0; };
		3818BDBEEB544339BD866045 /* GCDWebServerMultiPartFormRequest.m */ = {isa = PBXFileReference; name = "GCDWebServerMultiPartFormRequest.m"; path = "cordova-plugin-ionic-webview/GCDWebServerMultiPartFormRequest.m"; sourceTree = "<group>"; fileEncoding = 4; lastKnownFileType = sourcecode.c.objc; explicitFileType = undefined; includeInIndex = 0; };
		306BC5F1651449FEAD6E5CEF /* GCDWebServerURLEncodedFormRequest.m */ = {isa = PBXFileReference; name = "GCDWebServerURLEncodedFormRequest.m"; path = "cordova-plugin-ionic-webview/GCDWebServerURLEncodedFormRequest.m"; sourceTree = "<group>"; fileEncoding = 4; lastKnownFileType = sourcecode.c.objc; explicitFileType = undefined; includeInIndex = 0; };
		44A04A2B51F944D3A4220D15 /* GCDWebServerDataResponse.m */ = {isa = PBXFileReference; name = "GCDWebServerDataResponse.m"; path = "cordova-plugin-ionic-webview/GCDWebServerDataResponse.m"; sourceTree = "<group>"; fileEncoding = 4; lastKnownFileType = sourcecode.c.objc; explicitFileType = undefined; includeInIndex = 0; };
		D7B1E21E65C747639B3580EA /* GCDWebServerErrorResponse.m */ = {isa = PBXFileReference; name = "GCDWebServerErrorResponse.m"; path = "cordova-plugin-ionic-webview/GCDWebServerErrorResponse.m"; sourceTree = "<group>"; fileEncoding = 4; lastKnownFileType = sourcecode.c.objc; explicitFileType = undefined; includeInIndex = 0; };
		1A8EA32FD14E40F0A26B82FA /* GCDWebServerFileResponse.m */ = {isa = PBXFileReference; name = "GCDWebServerFileResponse.m"; path = "cordova-plugin-ionic-webview/GCDWebServerFileResponse.m"; sourceTree = "<group>"; fileEncoding = 4; lastKnownFileType = sourcecode.c.objc; explicitFileType = undefined; includeInIndex = 0; };
		446E1A7267684804AE189F1E /* GCDWebServerStreamedResponse.m */ = {isa = PBXFileReference; name = "GCDWebServerStreamedResponse.m"; path = "cordova-plugin-ionic-webview/GCDWebServerStreamedResponse.m"; sourceTree = "<group>"; fileEncoding = 4; lastKnownFileType = sourcecode.c.objc; explicitFileType = undefined; includeInIndex = 0; };
		4748D7A4871748549DF4B729 /* CDVWKWebViewEngine.h */ = {isa = PBXFileReference; name = "CDVWKWebViewEngine.h"; path = "cordova-plugin-ionic-webview/CDVWKWebViewEngine.h"; sourceTree = "<group>"; fileEncoding = 4; lastKnownFileType = sourcecode.c.h; explicitFileType = undefined; includeInIndex = 0; };
		1338EA869BA6495690FEB95F /* CDVWKWebViewUIDelegate.h */ = {isa = PBXFileReference; name = "CDVWKWebViewUIDelegate.h"; path = "cordova-plugin-ionic-webview/CDVWKWebViewUIDelegate.h"; sourceTree = "<group>"; fileEncoding = 4; lastKnownFileType = sourcecode.c.h; explicitFileType = undefined; includeInIndex = 0; };
		27AEBF3CA8314E24A833CA53 /* CDVWKProcessPoolFactory.h */ = {isa = PBXFileReference; name = "CDVWKProcessPoolFactory.h"; path = "cordova-plugin-ionic-webview/CDVWKProcessPoolFactory.h"; sourceTree = "<group>"; fileEncoding = 4; lastKnownFileType = sourcecode.c.h; explicitFileType = undefined; includeInIndex = 0; };
		5BA0171F390C4EC2B8131CCF /* GCDWebServer.h */ = {isa = PBXFileReference; name = "GCDWebServer.h"; path = "cordova-plugin-ionic-webview/GCDWebServer.h"; sourceTree = "<group>"; fileEncoding = 4; lastKnownFileType = sourcecode.c.h; explicitFileType = undefined; includeInIndex = 0; };
		1DAF0F38F05342A683DEEF4E /* GCDWebServerConnection.h */ = {isa = PBXFileReference; name = "GCDWebServerConnection.h"; path = "cordova-plugin-ionic-webview/GCDWebServerConnection.h"; sourceTree = "<group>"; fileEncoding = 4; lastKnownFileType = sourcecode.c.h; explicitFileType = undefined; includeInIndex = 0; };
		B1716F924D754AB99A64F468 /* GCDWebServerFunctions.h */ = {isa = PBXFileReference; name = "GCDWebServerFunctions.h"; path = "cordova-plugin-ionic-webview/GCDWebServerFunctions.h"; sourceTree = "<group>"; fileEncoding = 4; lastKnownFileType = sourcecode.c.h; explicitFileType = undefined; includeInIndex = 0; };
		A6E212062F4F4B0392E21AAC /* GCDWebServerHTTPStatusCodes.h */ = {isa = PBXFileReference; name = "GCDWebServerHTTPStatusCodes.h"; path = "cordova-plugin-ionic-webview/GCDWebServerHTTPStatusCodes.h"; sourceTree = "<group>"; fileEncoding = 4; lastKnownFileType = sourcecode.c.h; explicitFileType = undefined; includeInIndex = 0; };
		9AD1F9976D154D5EBAD479F4 /* GCDWebServerPrivate.h */ = {isa = PBXFileReference; name = "GCDWebServerPrivate.h"; path = "cordova-plugin-ionic-webview/GCDWebServerPrivate.h"; sourceTree = "<group>"; fileEncoding = 4; lastKnownFileType = sourcecode.c.h; explicitFileType = undefined; includeInIndex = 0; };
		0D1A8C10CA4A44478D0B75B9 /* GCDWebServerRequest.h */ = {isa = PBXFileReference; name = "GCDWebServerRequest.h"; path = "cordova-plugin-ionic-webview/GCDWebServerRequest.h"; sourceTree = "<group>"; fileEncoding = 4; lastKnownFileType = sourcecode.c.h; explicitFileType = undefined; includeInIndex = 0; };
		8125715747E042F987CB81E9 /* GCDWebServerResponse.h */ = {isa = PBXFileReference; name = "GCDWebServerResponse.h"; path = "cordova-plugin-ionic-webview/GCDWebServerResponse.h"; sourceTree = "<group>"; fileEncoding = 4; lastKnownFileType = sourcecode.c.h; explicitFileType = undefined; includeInIndex = 0; };
		B2913A6A02BE44D3B3154347 /* GCDWebServerDataRequest.h */ = {isa = PBXFileReference; name = "GCDWebServerDataRequest.h"; path = "cordova-plugin-ionic-webview/GCDWebServerDataRequest.h"; sourceTree = "<group>"; fileEncoding = 4; lastKnownFileType = sourcecode.c.h; explicitFileType = undefined; includeInIndex = 0; };
		02C0B4E4ACE54D9FADB47731 /* GCDWebServerFileRequest.h */ = {isa = PBXFileReference; name = "GCDWebServerFileRequest.h"; path = "cordova-plugin-ionic-webview/GCDWebServerFileRequest.h"; sourceTree = "<group>"; fileEncoding = 4; lastKnownFileType = sourcecode.c.h; explicitFileType = undefined; includeInIndex = 0; };
		AC296D8416164E689EC0C9F0 /* GCDWebServerMultiPartFormRequest.h */ = {isa = PBXFileReference; name = "GCDWebServerMultiPartFormRequest.h"; path = "cordova-plugin-ionic-webview/GCDWebServerMultiPartFormRequest.h"; sourceTree = "<group>"; fileEncoding = 4; lastKnownFileType = sourcecode.c.h; explicitFileType = undefined; includeInIndex = 0; };
		2CD4A5B08AC14D44A143321E /* GCDWebServerURLEncodedFormRequest.h */ = {isa = PBXFileReference; name = "GCDWebServerURLEncodedFormRequest.h"; path = "cordova-plugin-ionic-webview/GCDWebServerURLEncodedFormRequest.h"; sourceTree = "<group>"; fileEncoding = 4; lastKnownFileType = sourcecode.c.h; explicitFileType = undefined; includeInIndex = 0; };
		6A28A643D9F643148E31D576 /* GCDWebServerDataResponse.h */ = {isa = PBXFileReference; name = "GCDWebServerDataResponse.h"; path = "cordova-plugin-ionic-webview/GCDWebServerDataResponse.h"; sourceTree = "<group>"; fileEncoding = 4; lastKnownFileType = sourcecode.c.h; explicitFileType = undefined; includeInIndex = 0; };
		5B7AF5096F4D478FB3E06E15 /* GCDWebServerErrorResponse.h */ = {isa = PBXFileReference; name = "GCDWebServerErrorResponse.h"; path = "cordova-plugin-ionic-webview/GCDWebServerErrorResponse.h"; sourceTree = "<group>"; fileEncoding = 4; lastKnownFileType = sourcecode.c.h; explicitFileType = undefined; includeInIndex = 0; };
		FF93F86269D54498AD0B64F8 /* GCDWebServerFileResponse.h */ = {isa = PBXFileReference; name = "GCDWebServerFileResponse.h"; path = "cordova-plugin-ionic-webview/GCDWebServerFileResponse.h"; sourceTree = "<group>"; fileEncoding = 4; lastKnownFileType = sourcecode.c.h; explicitFileType = undefined; includeInIndex = 0; };
		36D758EC7BF54D2DAF153B1E /* GCDWebServerStreamedResponse.h */ = {isa = PBXFileReference; name = "GCDWebServerStreamedResponse.h"; path = "cordova-plugin-ionic-webview/GCDWebServerStreamedResponse.h"; sourceTree = "<group>"; fileEncoding = 4; lastKnownFileType = sourcecode.c.h; explicitFileType = undefined; includeInIndex = 0; };
		0A616A7AA0694C2BBC24BEDE /* WebKit.framework */ = {isa = PBXFileReference; name = "WebKit.framework"; path = "System/Library/Frameworks/WebKit.framework"; sourceTree = SDKROOT; fileEncoding = undefined; lastKnownFileType = wrapper.framework; explicitFileType = undefined; includeInIndex = 0; };
		6502870571564AE3A2E2390B /* NativeAudio.m */ = {isa = PBXFileReference; name = "NativeAudio.m"; path = "cordova-plugin-nativeaudio/NativeAudio.m"; sourceTree = "<group>"; fileEncoding = 4; lastKnownFileType = sourcecode.c.objc; explicitFileType = undefined; includeInIndex = 0; };
		194E7522A62E45E28A169A0D /* NativeAudioAsset.m */ = {isa = PBXFileReference; name = "NativeAudioAsset.m"; path = "cordova-plugin-nativeaudio/NativeAudioAsset.m"; sourceTree = "<group>"; fileEncoding = 4; lastKnownFileType = sourcecode.c.objc; explicitFileType = undefined; includeInIndex = 0; };
		E170C0E9EA7B410E8CFF94D7 /* NativeAudio.h */ = {isa = PBXFileReference; name = "NativeAudio.h"; path = "cordova-plugin-nativeaudio/NativeAudio.h"; sourceTree = "<group>"; fileEncoding = 4; lastKnownFileType = sourcecode.c.h; explicitFileType = undefined; includeInIndex = 0; };
		CF4686774E0A462BB368C3CF /* NativeAudioAsset.h */ = {isa = PBXFileReference; name = "NativeAudioAsset.h"; path = "cordova-plugin-nativeaudio/NativeAudioAsset.h"; sourceTree = "<group>"; fileEncoding = 4; lastKnownFileType = sourcecode.c.h; explicitFileType = undefined; includeInIndex = 0; };
		363D950006E349B880E46573 /* Foundation.framework */ = {isa = PBXFileReference; name = "Foundation.framework"; path = "System/Library/Frameworks/Foundation.framework"; sourceTree = SDKROOT; fileEncoding = undefined; lastKnownFileType = wrapper.framework; explicitFileType = undefined; includeInIndex = 0; };
		D97E1A8E47C4404DB7812B92 /* AVFoundation.framework */ = {isa = PBXFileReference; name = "AVFoundation.framework"; path = "System/Library/Frameworks/AVFoundation.framework"; sourceTree = SDKROOT; fileEncoding = undefined; lastKnownFileType = wrapper.framework; explicitFileType = undefined; includeInIndex = 0; };
		9AB2A1B1E1FB4676AB4A369B /* AudioToolbox.framework */ = {isa = PBXFileReference; name = "AudioToolbox.framework"; path = "System/Library/Frameworks/AudioToolbox.framework"; sourceTree = SDKROOT; fileEncoding = undefined; lastKnownFileType = wrapper.framework; explicitFileType = undefined; includeInIndex = 0; };
		250388A589C949CE9DBD08EA /* CDVSplashScreen.m */ = {isa = PBXFileReference; name = "CDVSplashScreen.m"; path = "cordova-plugin-splashscreen/CDVSplashScreen.m"; sourceTree = "<group>"; fileEncoding = 4; lastKnownFileType = sourcecode.c.objc; explicitFileType = undefined; includeInIndex = 0; };
		531C017E5228491188850815 /* CDVViewController+SplashScreen.m */ = {isa = PBXFileReference; name = "CDVViewController+SplashScreen.m"; path = "cordova-plugin-splashscreen/CDVViewController+SplashScreen.m"; sourceTree = "<group>"; fileEncoding = 4; lastKnownFileType = sourcecode.c.objc; explicitFileType = undefined; includeInIndex = 0; };
		173E0FD7C0444A4B9D314D35 /* CDVSplashScreen.h */ = {isa = PBXFileReference; name = "CDVSplashScreen.h"; path = "cordova-plugin-splashscreen/CDVSplashScreen.h"; sourceTree = "<group>"; fileEncoding = 4; lastKnownFileType = sourcecode.c.h; explicitFileType = undefined; includeInIndex = 0; };
		3756E0CD4A6C46B991B8C145 /* CDVViewController+SplashScreen.h */ = {isa = PBXFileReference; name = "CDVViewController+SplashScreen.h"; path = "cordova-plugin-splashscreen/CDVViewController+SplashScreen.h"; sourceTree = "<group>"; fileEncoding = 4; lastKnownFileType = sourcecode.c.h; explicitFileType = undefined; includeInIndex = 0; };
		6F83F7F7191B42F5982094F0 /* CDVStatusBar.m */ = {isa = PBXFileReference; name = "CDVStatusBar.m"; path = "cordova-plugin-statusbar/CDVStatusBar.m"; sourceTree = "<group>"; fileEncoding = 4; lastKnownFileType = sourcecode.c.objc; explicitFileType = undefined; includeInIndex = 0; };
		F89C7CF76EA74E2FABE546E7 /* CDVStatusBar.h */ = {isa = PBXFileReference; name = "CDVStatusBar.h"; path = "cordova-plugin-statusbar/CDVStatusBar.h"; sourceTree = "<group>"; fileEncoding = 4; lastKnownFileType = sourcecode.c.h; explicitFileType = undefined; includeInIndex = 0; };
		D675E715DEDA499C810B1B2B /* TwitterConnect.m */ = {isa = PBXFileReference; name = "TwitterConnect.m"; path = "twitter-connect-plugin/TwitterConnect.m"; sourceTree = "<group>"; fileEncoding = 4; lastKnownFileType = sourcecode.c.objc; explicitFileType = undefined; includeInIndex = 0; };
		8FA2819BD11843EB9C750842 /* ListTimelineViewController.m */ = {isa = PBXFileReference; name = "ListTimelineViewController.m"; path = "twitter-connect-plugin/ListTimelineViewController.m"; sourceTree = "<group>"; fileEncoding = 4; lastKnownFileType = sourcecode.c.objc; explicitFileType = undefined; includeInIndex = 0; };
		E5AA4BBE716C4F4586D2793A /* TwitterConnect.h */ = {isa = PBXFileReference; name = "TwitterConnect.h"; path = "twitter-connect-plugin/TwitterConnect.h"; sourceTree = "<group>"; fileEncoding = 4; lastKnownFileType = sourcecode.c.h; explicitFileType = undefined; includeInIndex = 0; };
		8FE457259A5F402A89F4DABA /* ListTimelineViewController.h */ = {isa = PBXFileReference; name = "ListTimelineViewController.h"; path = "twitter-connect-plugin/ListTimelineViewController.h"; sourceTree = "<group>"; fileEncoding = 4; lastKnownFileType = sourcecode.c.h; explicitFileType = undefined; includeInIndex = 0; };
		10DB6065175446BA83BB2809 /* TwitterKitResources.bundle */ = {isa = PBXFileReference; name = "TwitterKitResources.bundle"; path = "TwitterKitResources.bundle"; sourceTree = "<group>"; fileEncoding = undefined; lastKnownFileType = wrapper.plug-in; explicitFileType = undefined; includeInIndex = 0; };
		9D58E64970614986B8DD0FB3 /* Fabric.framework */ = {isa = PBXFileReference; name = "Fabric.framework"; path = "Isiko/Plugins/twitter-connect-plugin/Fabric.framework"; sourceTree = "<group>"; fileEncoding = undefined; lastKnownFileType = wrapper.framework; explicitFileType = undefined; includeInIndex = 0; };
		64540869C44846A6B52B167C /* TwitterKit.framework */ = {isa = PBXFileReference; name = "TwitterKit.framework"; path = "Isiko/Plugins/twitter-connect-plugin/TwitterKit.framework"; sourceTree = "<group>"; fileEncoding = undefined; lastKnownFileType = wrapper.framework; explicitFileType = undefined; includeInIndex = 0; };
		DC8A8A95330A4CFA90F7BAF6 /* TwitterCore.framework */ = {isa = PBXFileReference; name = "TwitterCore.framework"; path = "Isiko/Plugins/twitter-connect-plugin/TwitterCore.framework"; sourceTree = "<group>"; fileEncoding = undefined; lastKnownFileType = wrapper.framework; explicitFileType = undefined; includeInIndex = 0; };
		96C293BC58794E60949DD5E9 /* QuartzCore.framework */ = {isa = PBXFileReference; name = "QuartzCore.framework"; path = "System/Library/Frameworks/QuartzCore.framework"; sourceTree = SDKROOT; fileEncoding = undefined; lastKnownFileType = wrapper.framework; explicitFileType = undefined; includeInIndex = 0; };
		4604C49C18E54A47A5B9FF88 /* Accounts.framework */ = {isa = PBXFileReference; name = "Accounts.framework"; path = "System/Library/Frameworks/Accounts.framework"; sourceTree = SDKROOT; fileEncoding = undefined; lastKnownFileType = wrapper.framework; explicitFileType = undefined; includeInIndex = 0; };
		D96DA8F0535341868907017D /* Social.framework */ = {isa = PBXFileReference; name = "Social.framework"; path = "System/Library/Frameworks/Social.framework"; sourceTree = SDKROOT; fileEncoding = undefined; lastKnownFileType = wrapper.framework; explicitFileType = undefined; includeInIndex = 0; };
		F06A94CCF91E48AF8EA46BA2 /* CoreData.framework */ = {isa = PBXFileReference; name = "CoreData.framework"; path = "System/Library/Frameworks/CoreData.framework"; sourceTree = SDKROOT; fileEncoding = undefined; lastKnownFileType = wrapper.framework; explicitFileType = undefined; includeInIndex = 0; };
/* End PBXFileReference section */

/* Begin PBXFrameworksBuildPhase section */
		1D60588F0D05DD3D006BFB54 /* Frameworks */ = {
			isa = PBXFrameworksBuildPhase;
			buildActionMask = 2147483647;
			files = (
				301BF552109A68D80062928A /* libCordova.a in Frameworks */,
				D34708D4A50B4AC2BC758C41 /* Bolts.framework in Frameworks */,
				4AADF48B4D9F40D68F0FF7BB /* FBSDKCoreKit.framework in Frameworks */,
				617D09B295264EA9A11AC94E /* FBSDKLoginKit.framework in Frameworks */,
				0FAC08E26E714AE79E5F655A /* FBSDKShareKit.framework in Frameworks */,
				E364C848512D4066B14ED250 /* GoogleAppUtilities.framework in Frameworks */,
				463AD283FE2D4EA888391523 /* GoogleAuthUtilities.framework in Frameworks */,
				C3B84FEAE45F411C8B3FA012 /* GoogleNetworkingUtilities.framework in Frameworks */,
				7C7938E2B4044CBEA4A0E6B4 /* GoogleSignIn.framework in Frameworks */,
				9BFBF6036D4345A18F661783 /* GoogleSymbolUtilities.framework in Frameworks */,
				C05BBAD8B13E4E3E8CB84D90 /* GoogleUtilities.framework in Frameworks */,
				B1870222661D499780A84E05 /* AddressBook.framework in Frameworks */,
				38195206E32044029178711F /* CoreText.framework in Frameworks */,
				5C953B2241224BA5B4AAC15B /* SafariServices.framework in Frameworks */,
				74C8B507F7374058B3A11A0B /* Security.framework in Frameworks */,
				EF7D64D86B4041A2B95F87EB /* SystemConfiguration.framework in Frameworks */,
				87D44381EAE145858B4EF475 /* libz.tbd in Frameworks */,
				C0D72ACCB6B24B92A9B2F053 /* libz.dylib in Frameworks */,
				65B86E25A6014BFA9E834F05 /* WebKit.framework in Frameworks */,
				514C465E902C41D39CDE23DD /* Foundation.framework in Frameworks */,
				7BF43C877E11420EB745FD99 /* AVFoundation.framework in Frameworks */,
				B6199E7455964454A7B5C373 /* AudioToolbox.framework in Frameworks */,
				F072D5040F7C4B2EBB151863 /* Fabric.framework in Frameworks */,
				8F0995681C9F4E82808A8868 /* TwitterKit.framework in Frameworks */,
				EE4C72759BA94B8D9EF951C5 /* TwitterCore.framework in Frameworks */,
				CDC6C75982BD49569C69DB5B /* QuartzCore.framework in Frameworks */,
				0D643E44FBE34AD6A0D29B05 /* Accounts.framework in Frameworks */,
				93E209E02A614E7E9E4FAE11 /* Social.framework in Frameworks */,
				31BCBF23FA5A47D180982349 /* CoreData.framework in Frameworks */,
			);
			runOnlyForDeploymentPostprocessing = 0;
		};
/* End PBXFrameworksBuildPhase section */

/* Begin PBXGroup section */
		080E96DDFE201D6D7F000001 /* Classes */ = {
			isa = PBXGroup;
			children = (
				302D95EE14D2391D003F00A1 /* MainViewController.h */,
				302D95EF14D2391D003F00A1 /* MainViewController.m */,
				302D95F014D2391D003F00A1 /* MainViewController.xib */,
				1D3623240D0F684500981E51 /* AppDelegate.h */,
				1D3623250D0F684500981E51 /* AppDelegate.m */,
			);
			name = Classes;
			path = "Isiko/Classes";
			sourceTree = SOURCE_ROOT;
		};
		19C28FACFE9D520D11CA2CBB /* Products */ = {
			isa = PBXGroup;
			children = (
				1D6058910D05DD3D006BFB54 /* Isiko.app */,
			);
			name = Products;
			sourceTree = "<group>";
		};
		29B97314FDCFA39411CA2CEA /* CustomTemplate */ = {
			isa = PBXGroup;
			children = (
				EB87FDF41871DAF40020F90C /* config.xml */,
				EB87FDF31871DA8E0020F90C /* www */,
				EB87FDF11871DA420020F90C /* Staging */,
				301BF52D109A57CC0062928A /* CordovaLib.xcodeproj */,
				080E96DDFE201D6D7F000001 /* Classes */,
				307C750510C5A3420062BCA9 /* Plugins */,
				29B97315FDCFA39411CA2CEA /* Other Sources */,
				29B97317FDCFA39411CA2CEA /* Resources */,
				29B97323FDCFA39411CA2CEA /* Frameworks */,
				19C28FACFE9D520D11CA2CBB /* Products */,
			);
			name = CustomTemplate;
			sourceTree = "<group>";
		};
		29B97315FDCFA39411CA2CEA /* Other Sources */ = {
			isa = PBXGroup;
			children = (
				32CA4F630368D1EE00C91783 /* Isiko-Prefix.pch */,
				29B97316FDCFA39411CA2CEA /* main.m */,
				ED33DF2A687741AEAF9F8254 /* Bridging-Header.h */,
			);
			name = "Other Sources";
			path = "Isiko";
			sourceTree = "<group>";
		};
		29B97317FDCFA39411CA2CEA /* Resources */ = {
			isa = PBXGroup;
			children = (
				0207DA571B56EA530066E2B4 /* Images.xcassets */,
				3047A50E1AB8057F00498E2A /* config */,
				8D1107310486CEB800E47090 /* Isiko-Info.plist */,
				6AFF5BF81D6E424B00AB3073 /* CDVLaunchScreen.storyboard */,
				10DB6065175446BA83BB2809 /* TwitterKitResources.bundle */,
			);
			name = Resources;
			path = "Isiko/Resources";
			sourceTree = "<group>";
		};
		29B97323FDCFA39411CA2CEA /* Frameworks */ = {
			isa = PBXGroup;
			children = (
				241057E96ABA410CADBA8DAC /* Bolts.framework */,
				212F8AF61D5847A7901C2100 /* FBSDKCoreKit.framework */,
				60A9F82B59174193B9A28DF5 /* FBSDKLoginKit.framework */,
				E0391705D60046858F073356 /* FBSDKShareKit.framework */,
				852FF0FA412E4382A68E922C /* GoogleAppUtilities.framework */,
				2FC3C1E4A59B4F7A8F492305 /* GoogleAuthUtilities.framework */,
				2F6F3EFA2937427D94989B13 /* GoogleNetworkingUtilities.framework */,
				56883F3CAB7749AF812AF267 /* GoogleSignIn.framework */,
				3059CDEEDF2647CAA0476F3F /* GoogleSymbolUtilities.framework */,
				B61A2F379D2D4EBF9C8E0A76 /* GoogleUtilities.framework */,
				04E0C410D2D94E12B4BD8EE9 /* AddressBook.framework */,
				197A05DB192942EE9F8F6D69 /* CoreText.framework */,
				0CCFF97428D643E7BDFB2B76 /* SafariServices.framework */,
				78730D565428458885AA39EA /* Security.framework */,
				D7EE55C8B68E42C792E3483C /* SystemConfiguration.framework */,
				476207CA26364B9CAD1F913A /* libz.tbd */,
				578F9F3F3DBC4011BEB6678B /* libz.dylib */,
				0A616A7AA0694C2BBC24BEDE /* WebKit.framework */,
				363D950006E349B880E46573 /* Foundation.framework */,
				D97E1A8E47C4404DB7812B92 /* AVFoundation.framework */,
				9AB2A1B1E1FB4676AB4A369B /* AudioToolbox.framework */,
				9D58E64970614986B8DD0FB3 /* Fabric.framework */,
				64540869C44846A6B52B167C /* TwitterKit.framework */,
				DC8A8A95330A4CFA90F7BAF6 /* TwitterCore.framework */,
				96C293BC58794E60949DD5E9 /* QuartzCore.framework */,
				4604C49C18E54A47A5B9FF88 /* Accounts.framework */,
				D96DA8F0535341868907017D /* Social.framework */,
				F06A94CCF91E48AF8EA46BA2 /* CoreData.framework */,
			);
			name = Frameworks;
			sourceTree = "<group>";
		};
		301BF52E109A57CC0062928A /* Products */ = {
			isa = PBXGroup;
			children = (
				301BF535109A57CC0062928A /* libCordova.a */,
			);
			name = Products;
			sourceTree = "<group>";
		};
		3047A50E1AB8057F00498E2A /* config */ = {
			isa = PBXGroup;
			children = (
				3047A50F1AB8059700498E2A /* build-debug.xcconfig */,
				3047A5101AB8059700498E2A /* build-release.xcconfig */,
				3047A5111AB8059700498E2A /* build.xcconfig */,
			);
			name = config;
			sourceTree = "<group>";
		};
		307C750510C5A3420062BCA9 /* Plugins */ = {
			isa = PBXGroup;
			children = (
				0BFAD65C045D438EA2F19627 /* CDVDevice.m */,
				5F46943E4E614CB3880A671C /* CDVDevice.h */,
				E78E58DA82E443C1A7C7481A /* FacebookConnectPlugin.m */,
				3A64EC80918E4BAA8D93D57D /* FacebookConnectPlugin.h */,
				2553985A52AE4C499D2F7C30 /* GooglePlus.m */,
				C6C0CECE74B94F0994C601E0 /* GooglePlus.h */,
				6E8AABF4A87848BB95FEB491 /* CDVInAppBrowser.m */,
				5ECD5AE1A0DF41C89515B1C2 /* CDVInAppBrowser.h */,
				6099E4C9A24B463DB2897587 /* CDVIonicKeyboard.m */,
				975DD36E382B4B4B91490542 /* CDVIonicKeyboard.h */,
				6FF5B58A08B24C83A50BCCD9 /* CDVWKWebViewEngine.m */,
				C8993CE3C7D949549B21DB36 /* CDVWKWebViewUIDelegate.m */,
				5EC55F7CB80447DDADC4A970 /* CDVWKProcessPoolFactory.m */,
				E2C7C32C736E41E1A8AAE8D8 /* GCDWebServer.m */,
				646884911FE44B8E96E392F8 /* GCDWebServerConnection.m */,
				1D34383387CB4555B31A5E0E /* GCDWebServerFunctions.m */,
				3BA263F94BFE4F9F9954A1C5 /* GCDWebServerRequest.m */,
				834F2C55176542E3A1C52C11 /* GCDWebServerResponse.m */,
				B4BE2BA3604F4536B6691228 /* GCDWebServerDataRequest.m */,
				7FFD0BF36F6A46F89A0CB14C /* GCDWebServerFileRequest.m */,
				3818BDBEEB544339BD866045 /* GCDWebServerMultiPartFormRequest.m */,
				306BC5F1651449FEAD6E5CEF /* GCDWebServerURLEncodedFormRequest.m */,
				44A04A2B51F944D3A4220D15 /* GCDWebServerDataResponse.m */,
				D7B1E21E65C747639B3580EA /* GCDWebServerErrorResponse.m */,
				1A8EA32FD14E40F0A26B82FA /* GCDWebServerFileResponse.m */,
				446E1A7267684804AE189F1E /* GCDWebServerStreamedResponse.m */,
				4748D7A4871748549DF4B729 /* CDVWKWebViewEngine.h */,
				1338EA869BA6495690FEB95F /* CDVWKWebViewUIDelegate.h */,
				27AEBF3CA8314E24A833CA53 /* CDVWKProcessPoolFactory.h */,
				5BA0171F390C4EC2B8131CCF /* GCDWebServer.h */,
				1DAF0F38F05342A683DEEF4E /* GCDWebServerConnection.h */,
				B1716F924D754AB99A64F468 /* GCDWebServerFunctions.h */,
				A6E212062F4F4B0392E21AAC /* GCDWebServerHTTPStatusCodes.h */,
				9AD1F9976D154D5EBAD479F4 /* GCDWebServerPrivate.h */,
				0D1A8C10CA4A44478D0B75B9 /* GCDWebServerRequest.h */,
				8125715747E042F987CB81E9 /* GCDWebServerResponse.h */,
				B2913A6A02BE44D3B3154347 /* GCDWebServerDataRequest.h */,
				02C0B4E4ACE54D9FADB47731 /* GCDWebServerFileRequest.h */,
				AC296D8416164E689EC0C9F0 /* GCDWebServerMultiPartFormRequest.h */,
				2CD4A5B08AC14D44A143321E /* GCDWebServerURLEncodedFormRequest.h */,
				6A28A643D9F643148E31D576 /* GCDWebServerDataResponse.h */,
				5B7AF5096F4D478FB3E06E15 /* GCDWebServerErrorResponse.h */,
				FF93F86269D54498AD0B64F8 /* GCDWebServerFileResponse.h */,
				36D758EC7BF54D2DAF153B1E /* GCDWebServerStreamedResponse.h */,
				6502870571564AE3A2E2390B /* NativeAudio.m */,
				194E7522A62E45E28A169A0D /* NativeAudioAsset.m */,
				E170C0E9EA7B410E8CFF94D7 /* NativeAudio.h */,
				CF4686774E0A462BB368C3CF /* NativeAudioAsset.h */,
				250388A589C949CE9DBD08EA /* CDVSplashScreen.m */,
				531C017E5228491188850815 /* CDVViewController+SplashScreen.m */,
				173E0FD7C0444A4B9D314D35 /* CDVSplashScreen.h */,
				3756E0CD4A6C46B991B8C145 /* CDVViewController+SplashScreen.h */,
				6F83F7F7191B42F5982094F0 /* CDVStatusBar.m */,
				F89C7CF76EA74E2FABE546E7 /* CDVStatusBar.h */,
				D675E715DEDA499C810B1B2B /* TwitterConnect.m */,
				8FA2819BD11843EB9C750842 /* ListTimelineViewController.m */,
				E5AA4BBE716C4F4586D2793A /* TwitterConnect.h */,
				8FE457259A5F402A89F4DABA /* ListTimelineViewController.h */,
			);
			name = Plugins;
			path = "Isiko/Plugins";
			sourceTree = SOURCE_ROOT;
		};
		EB87FDF11871DA420020F90C /* Staging */ = {
			isa = PBXGroup;
			children = (
				F840E1F0165FE0F500CFE078 /* config.xml */,
				301BF56E109A69640062928A /* www */,
			);
			name = Staging;
			sourceTree = "<group>";
		};
/* End PBXGroup section */

/* Begin PBXNativeTarget section */
		1D6058900D05DD3D006BFB54 /* Isiko */ = {
			isa = PBXNativeTarget;
			buildConfigurationList = 1D6058960D05DD3E006BFB54 /* Build configuration list for PBXNativeTarget "Isiko" */;
			buildPhases = (
				304B58A110DAC018002A0835 /* Copy www directory */,
				1D60588D0D05DD3D006BFB54 /* Resources */,
				1D60588E0D05DD3D006BFB54 /* Sources */,
				1D60588F0D05DD3D006BFB54 /* Frameworks */,
			);
			buildRules = (
			);
			dependencies = (
				301BF551109A68C00062928A /* PBXTargetDependency */,
			);
			name = "Isiko";
			productName = "Isiko";
			productReference = 1D6058910D05DD3D006BFB54 /* Isiko.app */;
			productType = "com.apple.product-type.application";
		};
/* End PBXNativeTarget section */

/* Begin PBXProject section */
		29B97313FDCFA39411CA2CEA /* Project object */ = {
			isa = PBXProject;
			attributes = {
				LastUpgradeCheck = 510;
			};
			buildConfigurationList = C01FCF4E08A954540054247B /* Build configuration list for PBXProject "__NON-CLI__" */;
			compatibilityVersion = "Xcode 3.2";
			developmentRegion = English;
			hasScannedForEncodings = 1;
			mainGroup = 29B97314FDCFA39411CA2CEA /* CustomTemplate */;
			projectDirPath = "";
			projectReferences = (
				{
					ProductGroup = 301BF52E109A57CC0062928A /* Products */;
					ProjectRef = 301BF52D109A57CC0062928A /* CordovaLib.xcodeproj */;
				},
			);
			projectRoot = "";
			targets = (
				1D6058900D05DD3D006BFB54 /* Isiko */,
			);
		};
/* End PBXProject section */

/* Begin PBXReferenceProxy section */
		301BF535109A57CC0062928A /* libCordova.a */ = {
			isa = PBXReferenceProxy;
			fileType = archive.ar;
			path = libCordova.a;
			remoteRef = 301BF534109A57CC0062928A /* PBXContainerItemProxy */;
			sourceTree = BUILT_PRODUCTS_DIR;
		};
/* End PBXReferenceProxy section */

/* Begin PBXResourcesBuildPhase section */
		1D60588D0D05DD3D006BFB54 /* Resources */ = {
			isa = PBXResourcesBuildPhase;
			buildActionMask = 2147483647;
			files = (
				302D95F214D2391D003F00A1 /* MainViewController.xib in Resources */,
				0207DA581B56EA530066E2B4 /* Images.xcassets in Resources */,
				6AFF5BF91D6E424B00AB3073 /* CDVLaunchScreen.storyboard in Resources */,
				7061C5AA214B4691888A4805 /* TwitterKitResources.bundle in Resources */,
			);
			runOnlyForDeploymentPostprocessing = 0;
		};
/* End PBXResourcesBuildPhase section */

/* Begin PBXShellScriptBuildPhase section */
		304B58A110DAC018002A0835 /* Copy www directory */ = {
			isa = PBXShellScriptBuildPhase;
			buildActionMask = 2147483647;
			files = (
			);
			inputPaths = (
			);
			name = "Copy www directory";
			outputPaths = (
			);
			runOnlyForDeploymentPostprocessing = 0;
			shellPath = /bin/sh;
			shellScript = "NODEJS_PATH=/usr/local/bin; NVM_NODE_PATH=~/.nvm/versions/node/`nvm version 2>/dev/null`/bin; N_NODE_PATH=`find /usr/local/n/versions/node/* -maxdepth 0 -type d 2>/dev/null | tail -1`/bin; XCODE_NODE_PATH=`xcode-select --print-path`/usr/share/xcs/Node/bin; PATH=$NODEJS_PATH:$NVM_NODE_PATH:$N_NODE_PATH:$XCODE_NODE_PATH:$PATH && node cordova/lib/copy-www-build-step.js";
			showEnvVarsInLog = 0;
		};
/* End PBXShellScriptBuildPhase section */

/* Begin PBXSourcesBuildPhase section */
		1D60588E0D05DD3D006BFB54 /* Sources */ = {
			isa = PBXSourcesBuildPhase;
			buildActionMask = 2147483647;
			files = (
				1D60589B0D05DD56006BFB54 /* main.m in Sources */,
				1D3623260D0F684500981E51 /* AppDelegate.m in Sources */,
				302D95F114D2391D003F00A1 /* MainViewController.m in Sources */,
				D5049425898447CD83210529 /* CDVDevice.m in Sources */,
				F152EF7EFFD34A168C47B995 /* FacebookConnectPlugin.m in Sources */,
				3BE3D27871954E628A9801CB /* GooglePlus.m in Sources */,
				3C0477F83B5F43D7BA6FE7A2 /* CDVInAppBrowser.m in Sources */,
				D8280DDB80A04CA5AEDC3601 /* CDVIonicKeyboard.m in Sources */,
				51D7CDCCCE0949E7B66C973A /* CDVWKWebViewEngine.m in Sources */,
				C6F9F2B6461C46AFB3BEA7C2 /* CDVWKWebViewUIDelegate.m in Sources */,
				9064F090F26E48CA962CB79A /* CDVWKProcessPoolFactory.m in Sources */,
				DB4CF9A28C554474A5D6D679 /* GCDWebServer.m in Sources */,
				C2394E886EA64E4493A56778 /* GCDWebServerConnection.m in Sources */,
				D5F0DE09A65249BFB88222FE /* GCDWebServerFunctions.m in Sources */,
				869BEA6DDF4D473BAF5828DB /* GCDWebServerRequest.m in Sources */,
				5AE0808591BF421DAD676DE7 /* GCDWebServerResponse.m in Sources */,
				6B40280FA3F64928982A9664 /* GCDWebServerDataRequest.m in Sources */,
				AEAEFE620DC44C39A0551C6B /* GCDWebServerFileRequest.m in Sources */,
				7BDFEAAEFBB944E4A293D23B /* GCDWebServerMultiPartFormRequest.m in Sources */,
				44EDB05BD41347B1BB50629C /* GCDWebServerURLEncodedFormRequest.m in Sources */,
				CC35FACC47F745FE82F731C4 /* GCDWebServerDataResponse.m in Sources */,
				EA3C69C393614747B53F14FE /* GCDWebServerErrorResponse.m in Sources */,
				70E448DFBF2D4AE783DFC946 /* GCDWebServerFileResponse.m in Sources */,
				FBD382D2D978443EA091D70F /* GCDWebServerStreamedResponse.m in Sources */,
				CBF15E7E31544983AAEBB013 /* NativeAudio.m in Sources */,
				BF89C0781F9A41A79B302D8F /* NativeAudioAsset.m in Sources */,
				88D8BC77CC85490A9CEBE7A8 /* CDVSplashScreen.m in Sources */,
				5CC4589AE27942A18764AACC /* CDVViewController+SplashScreen.m in Sources */,
				961A11FB87C246A19CAA50C8 /* CDVStatusBar.m in Sources */,
				7F65FE3CCA244836B9D4EFE8 /* TwitterConnect.m in Sources */,
				722774B0A7D14A2D910B6507 /* ListTimelineViewController.m in Sources */,
			);
			runOnlyForDeploymentPostprocessing = 0;
		};
/* End PBXSourcesBuildPhase section */

/* Begin PBXTargetDependency section */
		301BF551109A68C00062928A /* PBXTargetDependency */ = {
			isa = PBXTargetDependency;
			name = CordovaLib;
			targetProxy = 301BF550109A68C00062928A /* PBXContainerItemProxy */;
		};
/* End PBXTargetDependency section */

/* Begin XCBuildConfiguration section */
		1D6058940D05DD3E006BFB54 /* Debug */ = {
			isa = XCBuildConfiguration;
			baseConfigurationReference = 3047A50F1AB8059700498E2A /* build-debug.xcconfig */;
			buildSettings = {
				ALWAYS_SEARCH_USER_PATHS = NO;
				ASSETCATALOG_COMPILER_APPICON_NAME = AppIcon;
				ASSETCATALOG_COMPILER_LAUNCHIMAGE_NAME = LaunchImage;
				CLANG_ENABLE_MODULES = YES;
				CLANG_ENABLE_OBJC_ARC = YES;
				COPY_PHASE_STRIP = NO;
				GCC_DYNAMIC_NO_PIC = NO;
				GCC_OPTIMIZATION_LEVEL = 0;
				GCC_PRECOMPILE_PREFIX_HEADER = YES;
				GCC_PREFIX_HEADER = "Isiko/Isiko-Prefix.pch";
				GCC_THUMB_SUPPORT = NO;
				GCC_VERSION = "";
				INFOPLIST_FILE = "Isiko/Isiko-Info.plist";
				IPHONEOS_DEPLOYMENT_TARGET = 9.0;
				LD_RUNPATH_SEARCH_PATHS = "@executable_path/Frameworks";
				TARGETED_DEVICE_FAMILY = "1,2";
				PRODUCT_NAME = "Isiko";
				FRAMEWORK_SEARCH_PATHS = (
					"$(inherited)",
					"\"Isiko/Plugins/cordova-plugin-facebook4\"",
					"\"Isiko/Plugins/cordova-plugin-facebook4\"",
					"\"Isiko/Plugins/cordova-plugin-facebook4\"",
					"\"Isiko/Plugins/cordova-plugin-facebook4\"",
					"\"Isiko/Plugins/cordova-plugin-googleplus\"",
					"\"Isiko/Plugins/cordova-plugin-googleplus\"",
					"\"Isiko/Plugins/cordova-plugin-googleplus\"",
					"\"Isiko/Plugins/cordova-plugin-googleplus\"",
					"\"Isiko/Plugins/cordova-plugin-googleplus\"",
					"\"Isiko/Plugins/cordova-plugin-googleplus\"",
					"\"Isiko/Plugins/twitter-connect-plugin\"",
					"\"Isiko/Plugins/twitter-connect-plugin\"",
					"\"Isiko/Plugins/twitter-connect-plugin\"",
				);
			};
			name = Debug;
		};
		1D6058950D05DD3E006BFB54 /* Release */ = {
			isa = XCBuildConfiguration;
			baseConfigurationReference = 3047A5101AB8059700498E2A /* build-release.xcconfig */;
			buildSettings = {
				ALWAYS_SEARCH_USER_PATHS = NO;
				ASSETCATALOG_COMPILER_APPICON_NAME = AppIcon;
				ASSETCATALOG_COMPILER_LAUNCHIMAGE_NAME = LaunchImage;
				CLANG_ENABLE_MODULES = YES;
				CLANG_ENABLE_OBJC_ARC = YES;
				COPY_PHASE_STRIP = YES;
				GCC_PRECOMPILE_PREFIX_HEADER = YES;
				GCC_PREFIX_HEADER = "Isiko/Isiko-Prefix.pch";
				GCC_THUMB_SUPPORT = NO;
				GCC_VERSION = "";
				INFOPLIST_FILE = "Isiko/Isiko-Info.plist";
				IPHONEOS_DEPLOYMENT_TARGET = 9.0;
				LD_RUNPATH_SEARCH_PATHS = "@executable_path/Frameworks";
				TARGETED_DEVICE_FAMILY = "1,2";
				PRODUCT_NAME = "Isiko";
				FRAMEWORK_SEARCH_PATHS = (
					"$(inherited)",
					"\"Isiko/Plugins/cordova-plugin-facebook4\"",
					"\"Isiko/Plugins/cordova-plugin-facebook4\"",
					"\"Isiko/Plugins/cordova-plugin-facebook4\"",
					"\"Isiko/Plugins/cordova-plugin-facebook4\"",
					"\"Isiko/Plugins/cordova-plugin-googleplus\"",
					"\"Isiko/Plugins/cordova-plugin-googleplus\"",
					"\"Isiko/Plugins/cordova-plugin-googleplus\"",
					"\"Isiko/Plugins/cordova-plugin-googleplus\"",
					"\"Isiko/Plugins/cordova-plugin-googleplus\"",
					"\"Isiko/Plugins/cordova-plugin-googleplus\"",
					"\"Isiko/Plugins/twitter-connect-plugin\"",
					"\"Isiko/Plugins/twitter-connect-plugin\"",
					"\"Isiko/Plugins/twitter-connect-plugin\"",
				);
			};
			name = Release;
		};
		C01FCF4F08A954540054247B /* Debug */ = {
			isa = XCBuildConfiguration;
			baseConfigurationReference = 3047A5111AB8059700498E2A /* build.xcconfig */;
			buildSettings = {
				CLANG_ENABLE_MODULES = YES;
				CLANG_ENABLE_OBJC_ARC = YES;
				CLANG_WARN_BOOL_CONVERSION = YES;
				CLANG_WARN_CONSTANT_CONVERSION = YES;
				CLANG_WARN_EMPTY_BODY = YES;
				CLANG_WARN_ENUM_CONVERSION = YES;
				CLANG_WARN_INT_CONVERSION = YES;
				CLANG_WARN__DUPLICATE_METHOD_MATCH = YES;
				GCC_C_LANGUAGE_STANDARD = c99;
				GCC_THUMB_SUPPORT = NO;
				GCC_VERSION = "";
				GCC_WARN_ABOUT_RETURN_TYPE = YES;
				GCC_WARN_UNDECLARED_SELECTOR = YES;
				GCC_WARN_UNINITIALIZED_AUTOS = YES;
				GCC_WARN_UNUSED_FUNCTION = YES;
				GCC_WARN_UNUSED_VARIABLE = YES;
				ONLY_ACTIVE_ARCH = YES;
				SDKROOT = iphoneos;
				SKIP_INSTALL = NO;
			};
			name = Debug;
		};
		C01FCF5008A954540054247B /* Release */ = {
			isa = XCBuildConfiguration;
			baseConfigurationReference = 3047A5111AB8059700498E2A /* build.xcconfig */;
			buildSettings = {
				CLANG_ENABLE_MODULES = YES;
				CLANG_ENABLE_OBJC_ARC = YES;
				CLANG_WARN_BOOL_CONVERSION = YES;
				CLANG_WARN_CONSTANT_CONVERSION = YES;
				CLANG_WARN_EMPTY_BODY = YES;
				CLANG_WARN_ENUM_CONVERSION = YES;
				CLANG_WARN_INT_CONVERSION = YES;
				CLANG_WARN__DUPLICATE_METHOD_MATCH = YES;
				GCC_C_LANGUAGE_STANDARD = c99;
				GCC_THUMB_SUPPORT = NO;
				GCC_VERSION = "";
				GCC_WARN_ABOUT_RETURN_TYPE = YES;
				GCC_WARN_UNDECLARED_SELECTOR = YES;
				GCC_WARN_UNINITIALIZED_AUTOS = YES;
				GCC_WARN_UNUSED_FUNCTION = YES;
				GCC_WARN_UNUSED_VARIABLE = YES;
				SDKROOT = iphoneos;
				SKIP_INSTALL = NO;
			};
			name = Release;
		};
/* End XCBuildConfiguration section */

/* Begin XCConfigurationList section */
		1D6058960D05DD3E006BFB54 /* Build configuration list for PBXNativeTarget "Isiko" */ = {
			isa = XCConfigurationList;
			buildConfigurations = (
				1D6058940D05DD3E006BFB54 /* Debug */,
				1D6058950D05DD3E006BFB54 /* Release */,
			);
			defaultConfigurationIsVisible = 0;
			defaultConfigurationName = Release;
		};
		C01FCF4E08A954540054247B /* Build configuration list for PBXProject "__NON-CLI__" */ = {
			isa = XCConfigurationList;
			buildConfigurations = (
				C01FCF4F08A954540054247B /* Debug */,
				C01FCF5008A954540054247B /* Release */,
			);
			defaultConfigurationIsVisible = 0;
			defaultConfigurationName = Release;
		};
/* End XCConfigurationList section */
	};
	rootObject = 29B97313FDCFA39411CA2CEA /* Project object */;
}
